{"format_version":"1.0","provider_schemas":{"registry.terraform.io/infisical/infisical":{"provider":{"version":0,"block":{"attributes":{"auth":{"nested_type":{"attributes":{"oidc":{"nested_type":{"attributes":{"identity_id":{"type":"string","description":"Machine identity ID. Used to fetch/modify secrets for a given project. This attribute can also be set using the `INFISICAL_MACHINE_IDENTITY_ID` environment variable","description_kind":"plain","optional":true,"sensitive":true},"token_environment_variable_name":{"type":"string","description":"The environment variable name for the OIDC JWT token. This attribute can also be set using the `INFISICAL_OIDC_AUTH_TOKEN_KEY_NAME` environment variable. Default is `INFISICAL_AUTH_JWT`.","description_kind":"plain","optional":true}},"nesting_mode":"single"},"description":"The configuration values for OIDC Auth","description_kind":"plain","optional":true},"token":{"type":"string","description":"The authentication token for Machine Identity Token Auth. This attribute can also be set using the `INFISICAL_TOKEN` environment variable","description_kind":"plain","optional":true,"sensitive":true},"universal":{"nested_type":{"attributes":{"client_id":{"type":"string","description":"Machine identity client ID. Used to fetch/modify secrets for a given project. This attribute can also be set using the `INFISICAL_UNIVERSAL_AUTH_CLIENT_ID` environment variable","description_kind":"plain","optional":true,"sensitive":true},"client_secret":{"type":"string","description":"Machine identity client secret. Used to fetch/modify secrets for a given project. This attribute can also be set using the `INFISICAL_UNIVERSAL_AUTH_CLIENT_SECRET` environment variable","description_kind":"plain","optional":true,"sensitive":true}},"nesting_mode":"single"},"description":"The configuration values for Universal Auth","description_kind":"plain","optional":true}},"nesting_mode":"single"},"description":"The configuration values for authentication","description_kind":"plain","optional":true},"client_id":{"type":"string","description":"(DEPRECATED, Use the `auth` attribute), Machine identity client ID. Used to fetch/modify secrets for a given project.","description_kind":"plain","optional":true,"sensitive":true},"client_secret":{"type":"string","description":"(DEPRECATED, use `auth` attribute), Machine identity client secret. Used to fetch/modify secrets for a given project","description_kind":"plain","optional":true,"sensitive":true},"host":{"type":"string","description":"Used to point the client to fetch secrets from your self hosted instance of Infisical. If not host is provided, https://app.infisical.com is the default host. This attribute can also be set using the `INFISICAL_HOST` environment variable","description_kind":"plain","optional":true},"service_token":{"type":"string","description":" (DEPRECATED, Use machine identity auth), Used to fetch/modify secrets for a given project","description_kind":"plain","optional":true,"sensitive":true}},"description":"This provider allows you to interact with Infisical","description_kind":"plain"}},"resource_schemas":{"infisical_access_approval_policy":{"version":0,"block":{"attributes":{"approvers":{"nested_type":{"attributes":{"id":{"type":"string","description":"The ID of the approver","description_kind":"plain","optional":true},"type":{"type":"string","description":"The type of approver. Either group or user","description_kind":"plain","required":true},"username":{"type":"string","description":"The username of the approver. By default, this is the email","description_kind":"plain","optional":true}},"nesting_mode":"set"},"description":"The required approvers","description_kind":"plain","required":true},"enforcement_level":{"type":"string","description":"The enforcement level of the policy. This can either be hard or soft","description_kind":"plain","optional":true,"computed":true},"environment_slug":{"type":"string","description":"The environment to apply the access approval policy to","description_kind":"plain","required":true},"id":{"type":"string","description":"The ID of the access approval policy","description_kind":"plain","computed":true},"name":{"type":"string","description":"The name of the access approval policy","description_kind":"plain","optional":true,"computed":true},"project_id":{"type":"string","description":"The ID of the project to add the access approval policy","description_kind":"plain","required":true},"required_approvals":{"type":"number","description":"The number of required approvers","description_kind":"plain","required":true},"secret_path":{"type":"string","description":"The secret path to apply the access approval policy to","description_kind":"plain","required":true}},"description":"Create access approval policy for your projects","description_kind":"plain"}},"infisical_app_connection_gcp":{"version":0,"block":{"attributes":{"credentials":{"nested_type":{"attributes":{"service_account_email":{"type":"string","description":"The service account email to connect with GCP. The service account ID (the part of the email before '@') must be suffixed with the first two sections of your organization ID e.g. service-account-df92581a-0fe9@my-project.iam.gserviceaccount.com. For more details, refer to the documentation here https://infisical.com/docs/integrations/app-connections/gcp#configure-service-account-for-infisical","description_kind":"plain","optional":true,"sensitive":true}},"nesting_mode":"single"},"description":"The credentials for the GCP App Connection","description_kind":"plain","required":true},"credentials_hash":{"type":"string","description":"The hash of the GCP App Connection credentials","description_kind":"plain","computed":true},"description":{"type":"string","description":"An optional description for the GCP App Connection.","description_kind":"plain","optional":true},"id":{"type":"string","description":"The ID of the app connection","description_kind":"plain","computed":true},"method":{"type":"string","description":"The method used to authenticate with GCP. Possible values are: service-account-impersonation","description_kind":"plain","required":true},"name":{"type":"string","description":"The name of the GCP App Connection to create. Must be slug-friendly","description_kind":"plain","required":true}},"description":"Create and manage GCP App Connection","description_kind":"plain"}},"infisical_identity":{"version":0,"block":{"attributes":{"auth_modes":{"type":["list","string"],"description":"The authentication types of the identity","description_kind":"plain","computed":true},"id":{"type":"string","description":"The ID of the identity","description_kind":"plain","computed":true},"name":{"type":"string","description":"The name for the identity","description_kind":"plain","required":true},"org_id":{"type":"string","description":"The ID of the organization for the identity","description_kind":"plain","required":true},"role":{"type":"string","description":"The role for the identity. Available default role options are 'admin', 'member', and 'no-access'. If you've created custom roles, you can use their slugs as well.","description_kind":"plain","required":true}},"description":"Create and manage identity in Infisical.","description_kind":"plain"}},"infisical_identity_aws_auth":{"version":0,"block":{"attributes":{"access_token_max_ttl":{"type":"number","description":"The maximum lifetime for an access token in seconds. This value will be referenced at renewal time. Default: 2592000","description_kind":"plain","optional":true,"computed":true},"access_token_num_uses_limit":{"type":"number","description":"The maximum number of times that an access token can be used; a value of 0 implies infinite number of uses. Default:0","description_kind":"plain","optional":true,"computed":true},"access_token_trusted_ips":{"nested_type":{"attributes":{"ip_address":{"type":"string","description_kind":"plain","optional":true,"computed":true}},"nesting_mode":"list"},"description":"A list of IPs or CIDR ranges that access tokens can be used from. You can use 0.0.0.0/0, to allow usage from any network address..","description_kind":"plain","optional":true,"computed":true},"access_token_ttl":{"type":"number","description":"The lifetime for an access token in seconds. This value will be referenced at renewal time. Default: 2592000","description_kind":"plain","optional":true,"computed":true},"allowed_account_ids":{"type":["list","string"],"description":"List of trusted AWS account IDs that are allowed to authenticate with Infisical.","description_kind":"plain","optional":true,"computed":true},"allowed_principal_arns":{"type":["list","string"],"description":"List of trusted IAM principal ARNs that are allowed to authenticate with Infisical. The values should take one of three forms: `arn:aws:iam::123456789012:user/MyUserName`, `arn:aws:iam::123456789012:role/MyRoleName`, or `arn:aws:iam::123456789012:*`. Using a wildcard in this case allows any IAM principal in the account `123456789012` to authenticate with Infisical under the identity","description_kind":"plain","optional":true,"computed":true},"id":{"type":"string","description":"The ID of the aws auth","description_kind":"plain","computed":true},"identity_id":{"type":"string","description":"The ID of the identity to attach the configuration onto.","description_kind":"plain","required":true},"sts_endpoint":{"type":"string","description":" The endpoint URL for the AWS STS API. This value should be adjusted based on the AWS region you are operating in (e.g. `https://sts.us-east-1.amazonaws.com/`); refer to the list of regional STS endpoints [here](https://docs.aws.amazon.com/general/latest/gr/sts.html).","description_kind":"markdown","optional":true,"computed":true}},"description":"Create and manage identity aws auth in Infisical.","description_kind":"plain"}},"infisical_identity_azure_auth":{"version":0,"block":{"attributes":{"access_token_max_ttl":{"type":"number","description":"The maximum lifetime for an access token in seconds. This value will be referenced at renewal time. Default: 2592000","description_kind":"plain","optional":true,"computed":true},"access_token_num_uses_limit":{"type":"number","description":"The maximum number of times that an access token can be used; a value of 0 implies infinite number of uses. Default:0","description_kind":"plain","optional":true,"computed":true},"access_token_trusted_ips":{"nested_type":{"attributes":{"ip_address":{"type":"string","description_kind":"plain","optional":true,"computed":true}},"nesting_mode":"list"},"description":"A list of IPs or CIDR ranges that access tokens can be used from. You can use 0.0.0.0/0, to allow usage from any network address..","description_kind":"plain","optional":true,"computed":true},"access_token_ttl":{"type":"number","description":"The lifetime for an access token in seconds. This value will be referenced at renewal time. Default: 2592000","description_kind":"plain","optional":true,"computed":true},"allowed_service_principal_ids":{"type":["list","string"],"description":"List of Azure AD service principal IDs that are allowed to authenticate with Infisical","description_kind":"plain","optional":true,"computed":true},"id":{"type":"string","description":"The ID of the azure auth","description_kind":"plain","computed":true},"identity_id":{"type":"string","description":"The ID of the identity to attach the configuration onto.","description_kind":"plain","required":true},"resource_url":{"type":"string","description":"The resource URL for the application registered in Azure AD. The value is expected to match the `aud` claim of the access token JWT later used in the login operation against Infisical. See the [resource](https://learn.microsoft.com/en-us/entra/identity/managed-identities-azure-resources/how-to-use-vm-token#get-a-token-using-http) parameter for how the audience is set when requesting a JWT access token from the Azure Instance Metadata Service (IMDS) endpoint. In most cases, this value should be `https://management.azure.com/` which is the default","description_kind":"markdown","optional":true,"computed":true},"tenant_id":{"type":"string","description":" The [tenant ID](https://learn.microsoft.com/en-us/entra/fundamentals/how-to-find-tenant) for the Azure AD organization.","description_kind":"markdown","required":true}},"description":"Create and manage identity azure auth in Infisical.","description_kind":"plain"}},"infisical_identity_gcp_auth":{"version":0,"block":{"attributes":{"access_token_max_ttl":{"type":"number","description":"The maximum lifetime for an access token in seconds. This value will be referenced at renewal time. Default: 2592000","description_kind":"plain","optional":true,"computed":true},"access_token_num_uses_limit":{"type":"number","description":"The maximum number of times that an access token can be used; a value of 0 implies infinite number of uses. Default:0","description_kind":"plain","optional":true,"computed":true},"access_token_trusted_ips":{"nested_type":{"attributes":{"ip_address":{"type":"string","description_kind":"plain","optional":true,"computed":true}},"nesting_mode":"list"},"description":"A list of IPs or CIDR ranges that access tokens can be used from. You can use 0.0.0.0/0, to allow usage from any network address..","description_kind":"plain","optional":true,"computed":true},"access_token_ttl":{"type":"number","description":"The lifetime for an access token in seconds. This value will be referenced at renewal time. Default: 2592000","description_kind":"plain","optional":true,"computed":true},"allowed_projects":{"type":["list","string"],"description":"List of trusted GCP projects that the GCE instance must belong to authenticate with Infisical. Note that this validation property will only work for GCE instances","description_kind":"plain","optional":true,"computed":true},"allowed_service_account_emails":{"type":["list","string"],"description":"List of trusted service account emails corresponding to the GCE resource(s) allowed to authenticate with Infisical; this could be something like `test@project.iam.gserviceaccount.com`, `12345-compute@developer.gserviceaccount.com`, etc.","description_kind":"markdown","optional":true,"computed":true},"allowed_zones":{"type":["list","string"],"description":"List of trusted zones that the GCE instances must belong to authenticate with Infisical; this should be the fully-qualified zone name in the format `\u003cregion\u003e-\u003czone\u003e`like `us-central1-a`, `us-west1-b`, etc. Note that this validation property will only work for GCE instances.","description_kind":"plain","optional":true,"computed":true},"id":{"type":"string","description":"The ID of the gcp auth","description_kind":"plain","computed":true},"identity_id":{"type":"string","description":"The ID of the identity to attach the configuration onto.","description_kind":"plain","required":true},"type":{"type":"string","description":"The Type of GCP Auth Method to use: Options are gce, iam. Default:gce","description_kind":"plain","optional":true,"computed":true}},"description":"Create and manage identity gcp auth in Infisical.","description_kind":"plain"}},"infisical_identity_kubernetes_auth":{"version":0,"block":{"attributes":{"access_token_max_ttl":{"type":"number","description":"The maximum lifetime for an access token in seconds. This value will be referenced at renewal time. Default: 2592000","description_kind":"plain","optional":true,"computed":true},"access_token_num_uses_limit":{"type":"number","description":"The maximum number of times that an access token can be used; a value of 0 implies infinite number of uses. Default:0","description_kind":"plain","optional":true,"computed":true},"access_token_trusted_ips":{"nested_type":{"attributes":{"ip_address":{"type":"string","description_kind":"plain","optional":true,"computed":true}},"nesting_mode":"list"},"description":"A list of IPs or CIDR ranges that access tokens can be used from. You can use 0.0.0.0/0, to allow usage from any network address..","description_kind":"plain","optional":true,"computed":true},"access_token_ttl":{"type":"number","description":"The lifetime for an access token in seconds. This value will be referenced at renewal time. Default: 2592000","description_kind":"plain","optional":true,"computed":true},"allowed_audience":{"type":"string","description":"An optional audience claim that the service account JWT token must have to authenticate with Infisical.","description_kind":"plain","optional":true,"computed":true},"allowed_namespaces":{"type":["list","string"],"description":"List of trusted namespaces that service accounts must belong to authenticate with Infisical.","description_kind":"plain","optional":true,"computed":true},"allowed_service_account_names":{"type":["list","string"],"description":"List of trusted service account names that are allowed to authenticate with Infisical.","description_kind":"plain","optional":true,"computed":true},"id":{"type":"string","description":"The ID of the kubernetes auth","description_kind":"plain","computed":true},"identity_id":{"type":"string","description":"The ID of the identity to attach the configuration onto.","description_kind":"plain","required":true},"kubernetes_ca_certificate":{"type":"string","description":"The PEM-encoded CA cert for the Kubernetes API server. This is used by the TLS client for secure communication with the Kubernetes API server.","description_kind":"markdown","optional":true,"computed":true},"kubernetes_host":{"type":"string","description":"The host string, host:port pair, or URL to the base of the Kubernetes API server. This can usually be obtained by running `kubectl cluster-info`.","description_kind":"plain","required":true},"token_reviewer_jwt":{"type":"string","description":"A long-lived service account JWT token for Infisical to access the [TokenReview API](https://kubernetes.io/docs/reference/kubernetes-api/authentication-resources/token-review-v1/) to validate other service account JWT tokens submitted by applications/pods. This is the JWT token obtained from step 1.5.","description_kind":"markdown","required":true}},"description":"Create and manage identity kubernetes auth in Infisical.","description_kind":"plain"}},"infisical_identity_oidc_auth":{"version":0,"block":{"attributes":{"access_token_max_ttl":{"type":"number","description":"The maximum lifetime for an access token in seconds. This value will be referenced at renewal time. Default: 2592000","description_kind":"plain","optional":true,"computed":true},"access_token_num_uses_limit":{"type":"number","description":"The maximum number of times that an access token can be used; a value of 0 implies infinite number of uses. Default:0","description_kind":"plain","optional":true,"computed":true},"access_token_trusted_ips":{"nested_type":{"attributes":{"ip_address":{"type":"string","description_kind":"plain","optional":true,"computed":true}},"nesting_mode":"list"},"description":"A list of IPs or CIDR ranges that access tokens can be used from. You can use 0.0.0.0/0, to allow usage from any network address...","description_kind":"plain","optional":true,"computed":true},"access_token_ttl":{"type":"number","description":"The lifetime for an access token in seconds. This value will be referenced at renewal time. Default: 2592000","description_kind":"plain","optional":true,"computed":true},"bound_audiences":{"type":["list","string"],"description":"The comma-separated list of intended recipients.","description_kind":"plain","optional":true,"computed":true},"bound_claims":{"type":["map","string"],"description":"The attributes that should be present in the JWT for it to be valid. The provided values can be a glob pattern.","description_kind":"plain","optional":true,"computed":true},"bound_issuer":{"type":"string","description":"The unique identifier of the identity provider issuing the OIDC tokens.","description_kind":"plain","required":true},"bound_subject":{"type":"string","description":"The expected principal that is the subject of the JWT.","description_kind":"plain","optional":true,"computed":true},"claim_metadata_mapping":{"type":["map","string"],"description":"Map OIDC token claims to metadata fields. Example: {\"role\": \"token.groups\"}, this would become identity.metadata.oidc.claims.role","description_kind":"plain","optional":true,"computed":true},"id":{"type":"string","description":"The ID of the oidc auth.","description_kind":"plain","computed":true},"identity_id":{"type":"string","description":"The ID of the identity to attach the configuration onto.","description_kind":"plain","required":true},"oidc_ca_certificate":{"type":"string","description":"The PEM-encoded CA cert for establishing secure communication with the Identity Provider endpoints","description_kind":"markdown","optional":true,"computed":true},"oidc_discovery_url":{"type":"string","description":"The URL used to retrieve the OpenID Connect configuration from the identity provider.","description_kind":"plain","required":true}},"description":"Create and manage identity oidc auth in Infisical.","description_kind":"plain"}},"infisical_identity_universal_auth":{"version":0,"block":{"attributes":{"access_token_max_ttl":{"type":"number","description":"The maximum lifetime for an access token in seconds. This value will be referenced at renewal time. Default: 2592000","description_kind":"plain","optional":true,"computed":true},"access_token_num_uses_limit":{"type":"number","description":"The maximum number of times that an access token can be used; a value of 0 implies infinite number of uses. Default:0","description_kind":"plain","optional":true,"computed":true},"access_token_trusted_ips":{"nested_type":{"attributes":{"ip_address":{"type":"string","description_kind":"plain","optional":true,"computed":true}},"nesting_mode":"list"},"description":"A list of IPs or CIDR ranges that access tokens can be used from. You can use 0.0.0.0/0, to allow usage from any network address..","description_kind":"plain","optional":true,"computed":true},"access_token_ttl":{"type":"number","description":"The lifetime for an access token in seconds. This value will be referenced at renewal time. Default: 2592000","description_kind":"plain","optional":true,"computed":true},"client_secret_trusted_ips":{"nested_type":{"attributes":{"ip_address":{"type":"string","description_kind":"plain","optional":true,"computed":true}},"nesting_mode":"list"},"description":"A list of IPs or CIDR ranges that the Client Secret can be used from together with the Client ID to get back an access token. You can use 0.0.0.0/0, to allow usage from any network address.","description_kind":"plain","optional":true,"computed":true},"id":{"type":"string","description":"The ID of the universal auth","description_kind":"plain","computed":true},"identity_id":{"type":"string","description":"The ID of the identity to attach the configuration onto.","description_kind":"plain","required":true}},"description":"Create and manage identity universal auth in Infisical.","description_kind":"plain"}},"infisical_identity_universal_auth_client_secret":{"version":0,"block":{"attributes":{"client_id":{"type":"string","description":"The client ID of the secret.","description_kind":"plain","computed":true},"client_secret":{"type":"string","description":"The client secret.","description_kind":"plain","computed":true,"sensitive":true},"created_at":{"type":"string","description":"The UTC timestamp of the created at.","description_kind":"plain","computed":true},"description":{"type":"string","description":"The description of the client secret.","description_kind":"plain","optional":true},"id":{"type":"string","description":"The ID of the universal auth client secret","description_kind":"plain","computed":true},"identity_id":{"type":"string","description":"The ID of the identity to create a client secret for","description_kind":"plain","required":true},"is_revoked":{"type":"bool","description":"A flag indicating token has been revoked","description_kind":"plain","computed":true},"number_of_uses":{"type":"number","description":"The number of times that the client secret is used","description_kind":"plain","computed":true},"number_of_uses_limit":{"type":"number","description":"The maximum number of times that the client secret can be used; a value of 0 implies infinite number of uses. Default: 0","description_kind":"plain","optional":true,"computed":true},"ttl":{"type":"number","description":"The lifetime for the client secret in seconds. Default: 0 - not expiring","description_kind":"plain","optional":true,"computed":true}},"description":"Create and manage identity universal auth client secret in Infisical.","description_kind":"plain"}},"infisical_integration_aws_parameter_store":{"version":0,"block":{"attributes":{"access_key_id":{"type":"string","description":"The AWS access key ID. Used to authenticate with AWS Parameter Store. You must either set secret_access_key and access_key_id, or set assume_role_arn to assume a role.","description_kind":"plain","optional":true,"sensitive":true},"assume_role_arn":{"type":"string","description":"The ARN of the role to assume when syncing secrets to AWS Parameter Store. You must either set secret_access_key and access_key_id, or set assume_role_arn to assume a role.","description_kind":"plain","optional":true},"aws_region":{"type":"string","description":"The AWS region to sync secrets to. (us-east-1, us-east-2, etc)","description_kind":"plain","required":true},"environment":{"type":"string","description":"The slug of the environment to sync to AWS Parameter Store (prod, dev, staging, etc).","description_kind":"plain","required":true},"integration_auth_id":{"type":"string","description":"The ID of the integration auth, used internally by Infisical.","description_kind":"plain","computed":true},"integration_id":{"type":"string","description":"The ID of the integration, used internally by Infisical.","description_kind":"plain","computed":true},"options":{"nested_type":{"attributes":{"aws_tags":{"nested_type":{"attributes":{"key":{"type":"string","description":"The key of the tag.","description_kind":"plain","optional":true},"value":{"type":"string","description":"The value of the tag.","description_kind":"plain","optional":true}},"nesting_mode":"set"},"description":"Tags to attach to the AWS parameter store secrets.","description_kind":"plain","optional":true},"should_disable_delete":{"type":"bool","description":"Whether to disable deletion of existing secrets in AWS Parameter Store.","description_kind":"plain","optional":true,"computed":true}},"nesting_mode":"single"},"description":"Integration options","description_kind":"plain","optional":true,"computed":true},"parameter_store_path":{"type":"string","description":"The path in AWS Parameter Store to sync secrets to.","description_kind":"plain","required":true},"project_id":{"type":"string","description":"The ID of your Infisical project.","description_kind":"plain","required":true},"secret_access_key":{"type":"string","description":"The AWS secret access key. Used to authenticate with AWS Parameter Store. You must either set secret_access_key and access_key_id, or set assume_role_arn to assume a role.","description_kind":"plain","optional":true,"sensitive":true},"secret_path":{"type":"string","description":"The secret path in Infisical to sync secrets from.","description_kind":"plain","required":true}},"description":"Create AWS Parameter Store integration \u0026 save to Infisical. Only Machine Identity authentication is supported for this data source","description_kind":"plain"}},"infisical_integration_aws_secrets_manager":{"version":0,"block":{"attributes":{"access_key_id":{"type":"string","description":"The AWS access key ID. Used to authenticate with AWS Secrets Manager. You must either set secret_access_key and access_key_id, or set assume_role_arn to assume a role.","description_kind":"plain","optional":true,"sensitive":true},"assume_role_arn":{"type":"string","description":"The ARN of the role to assume when syncing secrets to AWS Secrets Manager. You must either set secret_access_key and access_key_id, or set assume_role_arn to assume a role.","description_kind":"plain","optional":true},"aws_region":{"type":"string","description":"The AWS region to sync secrets to. (us-east-1, us-east-2, etc)","description_kind":"plain","required":true},"environment":{"type":"string","description":"The slug of the environment to sync to AWS Secrets Manager (prod, dev, staging, etc).","description_kind":"plain","required":true},"integration_auth_id":{"type":"string","description":"The ID of the integration auth, used internally by Infisical.","description_kind":"plain","computed":true},"integration_id":{"type":"string","description":"The ID of the integration, used internally by Infisical.","description_kind":"plain","computed":true},"mapping_behavior":{"type":"string","description":"The behavior of the mapping. Can be 'many-to-one' or 'one-to-one'. Many to One: All Infisical secrets will be mapped to a single AWS secret. One to One: Each Infisical secret will be mapped to its own AWS secret.","description_kind":"plain","optional":true,"computed":true},"options":{"nested_type":{"attributes":{"aws_tags":{"nested_type":{"attributes":{"key":{"type":"string","description":"The key of the tag.","description_kind":"plain","optional":true},"value":{"type":"string","description":"The value of the tag.","description_kind":"plain","optional":true}},"nesting_mode":"set"},"description":"Tags to attach to the AWS Secrets Manager secrets.","description_kind":"plain","optional":true},"metadata_sync_mode":{"type":"string","description":"The sync mode for AWS tags. The supported options are `secret-metadata` and `custom`. If `secret-metadata` is selected, the metadata of the Infisical secrets are used as tags in AWS (only supported for one-to-one integrations). If `custom` is selected, then the key/value pairs in the `aws_tags` field is used.","description_kind":"plain","optional":true},"secret_prefix":{"type":"string","description":"The prefix to add to the secret name in AWS Secrets Manager.","description_kind":"plain","optional":true}},"nesting_mode":"single"},"description":"Integration options","description_kind":"plain","optional":true,"computed":true},"project_id":{"type":"string","description":"The ID of your Infisical project.","description_kind":"plain","required":true},"secret_access_key":{"type":"string","description":"The AWS secret access key. Used to authenticate with AWS Secrets Manager. You must either set secret_access_key and access_key_id, or set assume_role_arn to assume a role.","description_kind":"plain","optional":true,"sensitive":true},"secret_path":{"type":"string","description":"The secret path in Infisical to sync secrets from.","description_kind":"plain","required":true},"secrets_manager_path":{"type":"string","description":"The path in AWS Secrets Manager to sync secrets to. This is required if mapping_behavior is 'many-to-one'.","description_kind":"plain","optional":true}},"description":"Create AWS Secrets Manager integration \u0026 save to Infisical. Only Machine Identity authentication is supported for this data source","description_kind":"plain"}},"infisical_integration_circleci":{"version":0,"block":{"attributes":{"circleci_org_slug":{"type":"string","description":"The organization slug of your CircleCI organization.","description_kind":"plain","required":true},"circleci_project_id":{"type":"string","description":"The project ID of your CircleCI project.","description_kind":"plain","required":true},"circleci_token":{"type":"string","description":"Your personal CircleCI token to authenticate with.","description_kind":"plain","required":true,"sensitive":true},"environment":{"type":"string","description":"The slug of the environment to sync to CircleCI (prod, dev, staging, etc).","description_kind":"plain","required":true},"integration_auth_id":{"type":"string","description":"The ID of the integration auth, used internally by Infisical.","description_kind":"plain","computed":true},"integration_id":{"type":"string","description":"The ID of the integration, used internally by Infisical.","description_kind":"plain","computed":true},"project_id":{"type":"string","description":"The ID of your Infisical project.","description_kind":"plain","required":true},"secret_path":{"type":"string","description":"The secret path in Infisical to sync secrets from.","description_kind":"plain","required":true}},"description":"Create CircleCI integration \u0026 save to Infisical. Only Machine Identity authentication is supported for this data source","description_kind":"plain"}},"infisical_integration_databricks":{"version":0,"block":{"attributes":{"databricks_host":{"type":"string","description":"The Databricks host URL.","description_kind":"plain","required":true},"databricks_secret_scope":{"type":"string","description":"The Databricks secret scope. Example: your-secret-scope","description_kind":"plain","required":true},"databricks_token":{"type":"string","description":"The Databricks access token.","description_kind":"plain","required":true,"sensitive":true},"environment":{"type":"string","description":"The slug of the environment to sync to Databricks (prod, dev, staging, etc).","description_kind":"plain","required":true},"integration_auth_id":{"type":"string","description":"The ID of the integration auth, used internally by Infisical.","description_kind":"plain","computed":true},"integration_id":{"type":"string","description":"The ID of the integration, used internally by Infisical.","description_kind":"plain","computed":true},"project_id":{"type":"string","description":"The ID of your Infisical project.","description_kind":"plain","required":true},"secret_path":{"type":"string","description":"The secret path in Infisical to sync secrets from.","description_kind":"plain","required":true}},"description":"Create Databricks integration \u0026 save to Infisical. Only Machine Identity authentication is supported for this data source","description_kind":"plain"}},"infisical_integration_gcp_secret_manager":{"version":0,"block":{"attributes":{"environment":{"type":"string","description":"The slug of the environment to sync to GCP Secret Manager (prod, dev, staging, etc).","description_kind":"plain","required":true},"gcp_project_id":{"type":"string","description":"The ID of the GCP project.","description_kind":"plain","required":true},"integration_auth_id":{"type":"string","description":"The ID of the integration auth, used internally by Infisical.","description_kind":"plain","computed":true},"integration_id":{"type":"string","description":"The ID of the integration, used internally by Infisical.","description_kind":"plain","computed":true},"options":{"nested_type":{"attributes":{"secret_prefix":{"type":"string","description":"The prefix to add to the secret name in GCP Secret Manager.","description_kind":"plain","optional":true},"secret_suffix":{"type":"string","description":"The suffix to add to the secret name in GCP Secret Manager.","description_kind":"plain","optional":true}},"nesting_mode":"single"},"description":"Integration options","description_kind":"plain","optional":true,"computed":true},"project_id":{"type":"string","description":"The ID of your Infisical project.","description_kind":"plain","required":true},"secret_path":{"type":"string","description":"The secret path in Infisical to sync secrets from.","description_kind":"plain","required":true},"service_account_json":{"type":"string","description":"Service account json for the GCP project.","description_kind":"plain","required":true,"sensitive":true}},"description":"Create GCP Secret Manager integration \u0026 save to Infisical. Only Machine Identity authentication is supported for this data source","description_kind":"plain"}},"infisical_project":{"version":0,"block":{"attributes":{"description":{"type":"string","description":"The description of the project","description_kind":"plain","optional":true},"id":{"type":"string","description":"The ID of the project","description_kind":"plain","computed":true},"last_updated":{"type":"string","description_kind":"plain","computed":true},"name":{"type":"string","description":"The name of the project","description_kind":"plain","required":true},"slug":{"type":"string","description":"The slug of the project","description_kind":"plain","required":true},"template_name":{"type":"string","description":"The name of the template to use for the project","description_kind":"plain","optional":true}},"description":"Create projects \u0026 save to Infisical. Only Machine Identity authentication is supported for this data source.","description_kind":"plain"}},"infisical_project_environment":{"version":0,"block":{"attributes":{"id":{"type":"string","description":"The ID of the environment","description_kind":"plain","computed":true},"name":{"type":"string","description":"The name of the environment","description_kind":"plain","required":true},"position":{"type":"number","description":"The position of the environment","description_kind":"plain","optional":true,"computed":true},"project_id":{"type":"string","description":"The Infisical project ID (Required for Machine Identity auth, and service tokens with multiple scopes)","description_kind":"plain","required":true},"slug":{"type":"string","description":"The slug of the environment","description_kind":"plain","required":true}},"description":"Create project environment","description_kind":"plain"}},"infisical_project_group":{"version":0,"block":{"attributes":{"group_id":{"type":"string","description":"The id of the group.","description_kind":"plain","optional":true,"computed":true},"group_name":{"type":"string","description":"The name of the group.","description_kind":"plain","optional":true},"membership_id":{"type":"string","description":"The membership Id of the project group","description_kind":"plain","computed":true},"project_id":{"type":"string","description":"The id of the project.","description_kind":"plain","required":true},"roles":{"nested_type":{"attributes":{"is_temporary":{"type":"bool","description":"Flag to indicate the assigned role is temporary or not. When is_temporary is true fields temporary_mode, temporary_range and temporary_access_start_time is required.","description_kind":"plain","optional":true},"role_slug":{"type":"string","description":"The slug of the role","description_kind":"plain","required":true},"temporary_access_start_time":{"type":"string","description":"ISO time for which temporary access should begin. This is in the format YYYY-MM-DDTHH:MM:SSZ e.g. 2024-09-19T12:43:13Z","description_kind":"plain","optional":true},"temporary_range":{"type":"string","description":"TTL for the temporary time. Eg: 1m, 1h, 1d. Default: 1h","description_kind":"plain","optional":true}},"nesting_mode":"set"},"description":"The roles assigned to the project group","description_kind":"plain","required":true}},"description":"Create project groups \u0026 save to Infisical. Only Machine Identity authentication is supported for this data source","description_kind":"plain"}},"infisical_project_identity":{"version":0,"block":{"attributes":{"identity_id":{"type":"string","description":"The id of the identity.","description_kind":"plain","required":true},"membership_id":{"type":"string","description":"The membership Id of the project identity","description_kind":"plain","computed":true},"project_id":{"type":"string","description":"The id of the project","description_kind":"plain","required":true},"roles":{"type":"string","description":"JSON array of role assignments for this identity. Each role object must include a `role_slug` field. Example: `[{\"role_slug\":\"admin\"},{\"role_slug\":\"member\"}]`.","description_kind":"plain","optional":true}},"description":"Create project identities \u0026 save to Infisical. Only Machine Identity authentication is supported for this data source","description_kind":"plain"}},"infisical_project_identity_specific_privilege":{"version":0,"block":{"attributes":{"id":{"type":"string","description":"The ID of the privilege","description_kind":"plain","computed":true},"identity_id":{"type":"string","description":"The identity id to create identity specific privilege","description_kind":"plain","required":true},"is_temporary":{"type":"bool","description":"Flag to indicate the assigned specific privilege is temporary or not. When is_temporary is true fields temporary_mode, temporary_range and temporary_access_start_time is required.","description_kind":"plain","optional":true,"computed":true},"permission":{"nested_type":{"attributes":{"actions":{"type":["list","string"],"description":"Describe what action an entity can take. Enum: create,edit,delete,read","description_kind":"plain","required":true},"conditions":{"nested_type":{"attributes":{"environment":{"type":"string","description":"The environment slug this permission should allow.","description_kind":"plain","required":true},"secret_path":{"type":"string","description":"The secret path this permission should be scoped to","description_kind":"plain","optional":true}},"nesting_mode":"single"},"description":"The conditions to scope permissions","description_kind":"plain","required":true},"subject":{"type":"string","description":"Describe what action an entity can take. Enum: role,member,groups,settings,integrations,webhooks,service-tokens,environments,tags,audit-logs,ip-allowlist,workspace,secrets,secret-rollback,secret-approval,secret-rotation,identity,certificate-authorities,certificates,certificate-templates,kms,pki-alerts,pki-collections","description_kind":"plain","required":true}},"nesting_mode":"single"},"description":"(DEPRECATED, USE permissions_v2. Refer to the migration guide in https://infisical.com/docs/internals/permissions#migrating-from-permission-v1-to-permission-v2) The permissions assigned to the project identity specific privilege","description_kind":"plain","optional":true},"permissions_v2":{"nested_type":{"attributes":{"action":{"type":["set","string"],"description":"Describe what actions an entity can take.","description_kind":"plain","required":true},"conditions":{"type":"string","description":"When specified, only matching conditions will be allowed to access given resource. Refer to the documentation in https://infisical.com/docs/internals/permissions#conditions for the complete list of supported properties and operators.","description_kind":"plain","optional":true},"inverted":{"type":"bool","description":"Whether rule forbids. Set this to true if permission forbids.","description_kind":"plain","optional":true,"computed":true},"subject":{"type":"string","description":"Describe the entity the permission pertains to.","description_kind":"plain","required":true}},"nesting_mode":"list"},"description":"The permissions assigned to the project identity specific privilege. Refer to the documentation here https://infisical.com/docs/internals/permissions for its usage.","description_kind":"plain","optional":true},"project_slug":{"type":"string","description":"The slug of the project to create identity specific privilege","description_kind":"plain","required":true},"slug":{"type":"string","description":"The slug for the new privilege","description_kind":"plain","optional":true,"computed":true},"temporary_access_end_time":{"type":"string","description":"ISO time for which temporary access will end. Computed based on temporary_range and temporary_access_start_time","description_kind":"plain","optional":true,"computed":true},"temporary_access_start_time":{"type":"string","description":"ISO time for which temporary access should begin. The current time is used by default.","description_kind":"plain","optional":true,"computed":true},"temporary_mode":{"type":"string","description":"Type of temporary access given. Types: relative. Default: relative","description_kind":"plain","optional":true,"computed":true},"temporary_range":{"type":"string","description":"TTL for the temporary time. Eg: 1m, 1h, 1d. Default: 1h","description_kind":"plain","optional":true,"computed":true}},"description":"Create additional privileges for identities \u0026 save to Infisical. Only Machine Identity authentication is supported for this data source.","description_kind":"plain"}},"infisical_project_role":{"version":0,"block":{"attributes":{"description":{"type":"string","description":"The description for the new role. Defaults to an empty string.","description_kind":"plain","optional":true,"computed":true},"id":{"type":"string","description":"The ID of the role","description_kind":"plain","computed":true},"name":{"type":"string","description":"The name for the new role","description_kind":"plain","required":true},"permissions":{"nested_type":{"attributes":{"action":{"type":"string","description":"Describe what action an entity can take. Enum: create,edit,delete,read","description_kind":"plain","required":true},"conditions":{"nested_type":{"attributes":{"environment":{"type":"string","description":"The environment slug this permission should allow.","description_kind":"plain","optional":true},"secret_path":{"type":"string","description":"The secret path this permission should be scoped to","description_kind":"plain","optional":true}},"nesting_mode":"single"},"description":"The conditions to scope permissions","description_kind":"plain","optional":true},"subject":{"type":"string","description":"Describe what action an entity can take. Enum: role,member,groups,settings,integrations,webhooks,service-tokens,environments,tags,audit-logs,ip-allowlist,workspace,secrets,secret-rollback,secret-approval,secret-rotation,identity,certificate-authorities,certificates,certificate-templates,kms,pki-alerts,pki-collections","description_kind":"plain","required":true}},"nesting_mode":"list"},"description":"(DEPRECATED, USE permissions_v2. Refer to the migration guide in https://infisical.com/docs/internals/permissions#migrating-from-permission-v1-to-permission-v2) The permissions assigned to the project role","description_kind":"plain","optional":true},"permissions_v2":{"nested_type":{"attributes":{"action":{"type":["set","string"],"description":"Describe what actions an entity can take.","description_kind":"plain","required":true},"conditions":{"type":"string","description":"When specified, only matching conditions will be allowed to access given resource. Refer to the documentation in https://infisical.com/docs/internals/permissions#conditions for the complete list of supported properties and operators.","description_kind":"plain","optional":true},"inverted":{"type":"bool","description":"Whether rule forbids. Set this to true if permission forbids.","description_kind":"plain","optional":true,"computed":true},"subject":{"type":"string","description":"Describe the entity the permission pertains to.","description_kind":"plain","required":true}},"nesting_mode":"list"},"description":"The permissions assigned to the project role. Refer to the documentation here https://infisical.com/docs/internals/permissions for its usage.","description_kind":"plain","optional":true},"project_slug":{"type":"string","description":"The slug of the project to create role","description_kind":"plain","required":true},"slug":{"type":"string","description":"The slug for the new role","description_kind":"plain","required":true}},"description":"Create custom project roles \u0026 save to Infisical. Only Machine Identity authentication is supported for this data source.","description_kind":"plain"}},"infisical_project_user":{"version":0,"block":{"attributes":{"membership_id":{"type":"string","description":"The membershipId of the project user","description_kind":"plain","computed":true},"project_id":{"type":"string","description":"The id of the project","description_kind":"plain","required":true},"roles":{"nested_type":{"attributes":{"custom_role_id":{"type":"string","description":"The id of the custom role slug","description_kind":"plain","optional":true,"computed":true},"id":{"type":"string","description":"The ID of the project user role.","description_kind":"plain","computed":true},"is_temporary":{"type":"bool","description":"Flag to indicate the assigned role is temporary or not. When is_temporary is true fields temporary_mode, temporary_range and temporary_access_start_time is required.","description_kind":"plain","optional":true,"computed":true},"role_slug":{"type":"string","description":"The slug of the role","description_kind":"plain","required":true},"temporary_access_end_time":{"type":"string","description":"ISO time for which temporary access will end. Computed based on temporary_range and temporary_access_start_time","description_kind":"plain","optional":true,"computed":true},"temporary_access_start_time":{"type":"string","description":"ISO time for which temporary access should begin. The current time is used by default.","description_kind":"plain","optional":true,"computed":true},"temporary_mode":{"type":"string","description":"Type of temporary access given. Types: relative. Default: relative","description_kind":"plain","optional":true,"computed":true},"temporary_range":{"type":"string","description":"TTL for the temporary time. Eg: 1m, 1h, 1d. Default: 1h","description_kind":"plain","optional":true,"computed":true}},"nesting_mode":"list"},"description":"The roles assigned to the project user","description_kind":"plain","required":true},"user":{"nested_type":{"attributes":{"email":{"type":"string","description":"The email of the user","description_kind":"plain","computed":true},"first_name":{"type":"string","description":"The first name of the user","description_kind":"plain","computed":true},"id":{"type":"string","description":"The id of the user","description_kind":"plain","computed":true},"last_name":{"type":"string","description":"The last name of the user","description_kind":"plain","computed":true}},"nesting_mode":"single"},"description":"The user details of the project user","description_kind":"plain","computed":true},"username":{"type":"string","description":"The usename of the user. By default its the email","description_kind":"plain","required":true}},"description":"Create project users \u0026 save to Infisical. Only Machine Identity authentication is supported for this resource","description_kind":"plain"}},"infisical_secret":{"version":0,"block":{"attributes":{"env_slug":{"type":"string","description":"The environment slug of the secret to modify/create","description_kind":"plain","required":true},"folder_path":{"type":"string","description":"The path to the folder where the given secret resides","description_kind":"plain","required":true},"last_updated":{"type":"string","description_kind":"plain","computed":true},"name":{"type":"string","description":"The name of the secret","description_kind":"plain","required":true},"secret_reminder":{"nested_type":{"attributes":{"note":{"type":"string","description":"Note for the secret rotation reminder","description_kind":"plain","optional":true},"repeat_days":{"type":"number","description":"Frequency of secret rotation reminder in days","description_kind":"plain","required":true}},"nesting_mode":"single"},"description_kind":"plain","optional":true},"tag_ids":{"type":["list","string"],"description":"Tag ids to be attached for the secrets.","description_kind":"plain","optional":true},"value":{"type":"string","description":"The value of the secret","description_kind":"plain","required":true,"sensitive":true},"workspace_id":{"type":"string","description":"The Infisical project ID (Required for Machine Identity auth, and service tokens with multiple scopes)","description_kind":"plain","optional":true,"computed":true}},"description":"Create secrets \u0026 save to Infisical","description_kind":"plain"}},"infisical_secret_approval_policy":{"version":0,"block":{"attributes":{"approvers":{"nested_type":{"attributes":{"id":{"type":"string","description":"The ID of the approver","description_kind":"plain","optional":true},"type":{"type":"string","description":"The type of approver. Either group or user","description_kind":"plain","required":true},"username":{"type":"string","description":"The username of the approver. By default, this is the email","description_kind":"plain","optional":true}},"nesting_mode":"set"},"description":"The required approvers","description_kind":"plain","required":true},"enforcement_level":{"type":"string","description":"The enforcement level of the policy. This can either be hard or soft","description_kind":"plain","optional":true,"computed":true},"environment_slug":{"type":"string","description":"The environment to apply the secret approval policy to","description_kind":"plain","required":true},"id":{"type":"string","description":"The ID of the secret approval policy","description_kind":"plain","computed":true},"name":{"type":"string","description":"The name of the secret approval policy","description_kind":"plain","optional":true,"computed":true},"project_id":{"type":"string","description":"The ID of the project to add the secret approval policy","description_kind":"plain","required":true},"required_approvals":{"type":"number","description":"The number of required approvers","description_kind":"plain","required":true},"secret_path":{"type":"string","description":"The secret path to apply the secret approval policy to","description_kind":"plain","required":true}},"description":"Create secret approval policy for your projects","description_kind":"plain"}},"infisical_secret_folder":{"version":0,"block":{"attributes":{"environment_id":{"type":"string","description":"The ID of the environment","description_kind":"plain","computed":true},"environment_slug":{"type":"string","description":"The environment slug of the folder to modify/create","description_kind":"plain","required":true},"folder_path":{"type":"string","description":"The path where the folder should be created/updated","description_kind":"plain","required":true},"id":{"type":"string","description":"The ID of the folder","description_kind":"plain","computed":true},"name":{"type":"string","description":"The name for the folder","description_kind":"plain","required":true},"project_id":{"type":"string","description":"The Infisical project ID (Required for Machine Identity auth, and service tokens with multiple scopes)","description_kind":"plain","required":true}},"description":"Create secret folder \u0026 save to Infisical.","description_kind":"plain"}},"infisical_secret_import":{"version":0,"block":{"attributes":{"environment_slug":{"type":"string","description":"The environment slug of the secret import to modify/create","description_kind":"plain","required":true},"folder_path":{"type":"string","description":"The path where the secret should be imported","description_kind":"plain","required":true},"id":{"type":"string","description":"The ID of the secret import","description_kind":"plain","computed":true},"import_environment_slug":{"type":"string","description":"The environment slug of the secret import to modify/create","description_kind":"plain","required":true},"import_folder_path":{"type":"string","description":"The path where the secret should be imported from","description_kind":"plain","required":true},"is_replication":{"type":"bool","description":"The is_replication of the secret import to modify/create","description_kind":"plain","required":true},"project_id":{"type":"string","description":"The Infisical project ID","description_kind":"plain","required":true}},"description":"Create secret import \u0026 save to Infisical.","description_kind":"plain"}},"infisical_secret_sync_aws_parameter_store":{"version":0,"block":{"attributes":{"auto_sync_enabled":{"type":"bool","description":"Whether secrets should be automatically synced when changes occur at the source location or not.","description_kind":"plain","optional":true,"computed":true},"connection_id":{"type":"string","description":"The ID of the aws Connection to use for syncing.","description_kind":"plain","required":true},"description":{"type":"string","description":"An optional description for the AWS Parameter Store sync.","description_kind":"plain","optional":true},"destination_config":{"nested_type":{"attributes":{"aws_region":{"type":"string","description":"The AWS region of your AWS Parameter Store","description_kind":"plain","required":true},"path":{"type":"string","description":"The path in the AWS Parameter Store where the secrets will be stored, Example: /example/path/","description_kind":"plain","required":true}},"nesting_mode":"single"},"description":"The destination configuration for the secret sync.","description_kind":"plain","required":true},"environment":{"type":"string","description":"The slug of the project environment to sync secrets from.","description_kind":"plain","required":true},"id":{"type":"string","description":"The ID of the AWS Parameter Store secret sync","description_kind":"plain","computed":true},"name":{"type":"string","description":"The name of the AWS Parameter Store sync to create. Must be slug-friendly.","description_kind":"plain","required":true},"project_id":{"type":"string","description":"The ID of the Infisical project to create the sync in.","description_kind":"plain","required":true},"secret_path":{"type":"string","description":"The folder path to sync secrets from.","description_kind":"plain","required":true},"sync_options":{"nested_type":{"attributes":{"aws_kms_key_id":{"type":"string","description":"The AWS KMS key ID to use for encryption","description_kind":"plain","optional":true},"initial_sync_behavior":{"type":"string","description":"Specify how Infisical should resolve the initial sync to the destination. Supported options: overwrite-destination, import-prioritize-source, import-prioritize-destination","description_kind":"plain","required":true},"sync_secret_metadata_as_tags":{"type":"bool","description":"Whether to sync the secret metadata as tags","description_kind":"plain","optional":true,"computed":true},"tags":{"nested_type":{"attributes":{"key":{"type":"string","description":"The key of the tag","description_kind":"plain","required":true},"value":{"type":"string","description":"The value of the tag","description_kind":"plain","required":true}},"nesting_mode":"set"},"description":"The tags to sync to the secret","description_kind":"plain","optional":true}},"nesting_mode":"single"},"description":"Parameters to modify how secrets are synced.","description_kind":"plain","required":true}},"description":"Create and manage AWS Parameter Store secret syncs","description_kind":"plain"}},"infisical_secret_sync_aws_secrets_manager":{"version":0,"block":{"attributes":{"auto_sync_enabled":{"type":"bool","description":"Whether secrets should be automatically synced when changes occur at the source location or not.","description_kind":"plain","optional":true,"computed":true},"connection_id":{"type":"string","description":"The ID of the aws Connection to use for syncing.","description_kind":"plain","required":true},"description":{"type":"string","description":"An optional description for the AWS Secrets Manager sync.","description_kind":"plain","optional":true},"destination_config":{"nested_type":{"attributes":{"aws_region":{"type":"string","description":"The AWS region of your AWS Secrets Manager","description_kind":"plain","required":true},"aws_secrets_manager_secret_name":{"type":"string","description":"The name of the AWS secret to map to. This only applies when mapping_behavior is set to 'many-to-one'.","description_kind":"plain","optional":true},"mapping_behavior":{"type":"string","description":"The behavior of the mapping. Can be 'many-to-one' or 'one-to-one'. Many to One: All Infisical secrets will be mapped to a single AWS secret. One to One: Each Infisical secret will be mapped to its own AWS secret.","description_kind":"plain","optional":true,"computed":true}},"nesting_mode":"single"},"description":"The destination configuration for the secret sync.","description_kind":"plain","required":true},"environment":{"type":"string","description":"The slug of the project environment to sync secrets from.","description_kind":"plain","required":true},"id":{"type":"string","description":"The ID of the AWS Secrets Manager secret sync","description_kind":"plain","computed":true},"name":{"type":"string","description":"The name of the AWS Secrets Manager sync to create. Must be slug-friendly.","description_kind":"plain","required":true},"project_id":{"type":"string","description":"The ID of the Infisical project to create the sync in.","description_kind":"plain","required":true},"secret_path":{"type":"string","description":"The folder path to sync secrets from.","description_kind":"plain","required":true},"sync_options":{"nested_type":{"attributes":{"aws_kms_key_id":{"type":"string","description":"The AWS KMS key ID to use for encryption","description_kind":"plain","optional":true},"initial_sync_behavior":{"type":"string","description":"Specify how Infisical should resolve the initial sync to the destination. Supported options: overwrite-destination, import-prioritize-source, import-prioritize-destination","description_kind":"plain","required":true},"sync_secret_metadata_as_tags":{"type":"bool","description":"Whether to sync the secret metadata as tags. This is only supported for the 'one-to-one' mapping behavior.","description_kind":"plain","optional":true,"computed":true},"tags":{"nested_type":{"attributes":{"key":{"type":"string","description":"The key of the tag","description_kind":"plain","required":true},"value":{"type":"string","description":"The value of the tag","description_kind":"plain","required":true}},"nesting_mode":"set"},"description":"The tags to sync to the secret","description_kind":"plain","optional":true}},"nesting_mode":"single"},"description":"Parameters to modify how secrets are synced.","description_kind":"plain","required":true}},"description":"Create and manage AWS Secrets Manager secret syncs","description_kind":"plain"}},"infisical_secret_sync_azure_app_configuration":{"version":0,"block":{"attributes":{"auto_sync_enabled":{"type":"bool","description":"Whether secrets should be automatically synced when changes occur at the source location or not.","description_kind":"plain","optional":true,"computed":true},"connection_id":{"type":"string","description":"The ID of the azure Connection to use for syncing.","description_kind":"plain","required":true},"description":{"type":"string","description":"An optional description for the Azure App Configuration sync.","description_kind":"plain","optional":true},"destination_config":{"nested_type":{"attributes":{"configuration_url":{"type":"string","description":"The URL of your Azure App Configuration","description_kind":"plain","required":true},"label":{"type":"string","description":"The label to attach to secrets created in Azure App Configuration","description_kind":"plain","optional":true,"computed":true}},"nesting_mode":"single"},"description":"The destination configuration for the secret sync.","description_kind":"plain","required":true},"environment":{"type":"string","description":"The slug of the project environment to sync secrets from.","description_kind":"plain","required":true},"id":{"type":"string","description":"The ID of the Azure App Configuration secret sync","description_kind":"plain","computed":true},"name":{"type":"string","description":"The name of the Azure App Configuration sync to create. Must be slug-friendly.","description_kind":"plain","required":true},"project_id":{"type":"string","description":"The ID of the Infisical project to create the sync in.","description_kind":"plain","required":true},"secret_path":{"type":"string","description":"The folder path to sync secrets from.","description_kind":"plain","required":true},"sync_options":{"nested_type":{"attributes":{"initial_sync_behavior":{"type":"string","description":"Specify how Infisical should resolve the initial sync to the destination. Supported options: overwrite-destination, import-prioritize-source, import-prioritize-destination","description_kind":"plain","required":true}},"nesting_mode":"single"},"description":"Parameters to modify how secrets are synced.","description_kind":"plain","required":true}},"description":"Create and manage Azure App Configuration secret syncs","description_kind":"plain"}},"infisical_secret_sync_azure_key_vault":{"version":0,"block":{"attributes":{"auto_sync_enabled":{"type":"bool","description":"Whether secrets should be automatically synced when changes occur at the source location or not.","description_kind":"plain","optional":true,"computed":true},"connection_id":{"type":"string","description":"The ID of the azure Connection to use for syncing.","description_kind":"plain","required":true},"description":{"type":"string","description":"An optional description for the Azure Key Vault sync.","description_kind":"plain","optional":true},"destination_config":{"nested_type":{"attributes":{"vault_base_url":{"type":"string","description":"The base URL of your Azure Key Vault","description_kind":"plain","required":true}},"nesting_mode":"single"},"description":"The destination configuration for the secret sync.","description_kind":"plain","required":true},"environment":{"type":"string","description":"The slug of the project environment to sync secrets from.","description_kind":"plain","required":true},"id":{"type":"string","description":"The ID of the Azure Key Vault secret sync","description_kind":"plain","computed":true},"name":{"type":"string","description":"The name of the Azure Key Vault sync to create. Must be slug-friendly.","description_kind":"plain","required":true},"project_id":{"type":"string","description":"The ID of the Infisical project to create the sync in.","description_kind":"plain","required":true},"secret_path":{"type":"string","description":"The folder path to sync secrets from.","description_kind":"plain","required":true},"sync_options":{"nested_type":{"attributes":{"initial_sync_behavior":{"type":"string","description":"Specify how Infisical should resolve the initial sync to the destination. Supported options: overwrite-destination, import-prioritize-source, import-prioritize-destination","description_kind":"plain","required":true}},"nesting_mode":"single"},"description":"Parameters to modify how secrets are synced.","description_kind":"plain","required":true}},"description":"Create and manage Azure Key Vault secret syncs","description_kind":"plain"}},"infisical_secret_sync_gcp_secret_manager":{"version":0,"block":{"attributes":{"auto_sync_enabled":{"type":"bool","description":"Whether secrets should be automatically synced when changes occur at the source location or not.","description_kind":"plain","optional":true,"computed":true},"connection_id":{"type":"string","description":"The ID of the GCP Connection to use for syncing.","description_kind":"plain","required":true},"description":{"type":"string","description":"An optional description for the GCP Secret Manager sync.","description_kind":"plain","optional":true},"destination_config":{"nested_type":{"attributes":{"project_id":{"type":"string","description":"The ID of the GCP project to sync with","description_kind":"plain","required":true},"scope":{"type":"string","description":"The scope of the sync with GCP Secret Manager. Supported options: global","description_kind":"plain","optional":true,"computed":true}},"nesting_mode":"single"},"description":"The destination configuration for the secret sync.","description_kind":"plain","required":true},"environment":{"type":"string","description":"The slug of the project environment to sync secrets from.","description_kind":"plain","required":true},"id":{"type":"string","description":"The ID of the GCP Secret Manager secret sync","description_kind":"plain","computed":true},"name":{"type":"string","description":"The name of the GCP Secret Manager sync to create. Must be slug-friendly.","description_kind":"plain","required":true},"project_id":{"type":"string","description":"The ID of the Infisical project to create the sync in.","description_kind":"plain","required":true},"secret_path":{"type":"string","description":"The folder path to sync secrets from.","description_kind":"plain","required":true},"sync_options":{"nested_type":{"attributes":{"initial_sync_behavior":{"type":"string","description":"Specify how Infisical should resolve the initial sync to the destination. Supported options: overwrite-destination, import-prioritize-source, import-prioritize-destination","description_kind":"plain","required":true}},"nesting_mode":"single"},"description":"Parameters to modify how secrets are synced.","description_kind":"plain","required":true}},"description":"Create and manage GCP Secret Manager secret syncs","description_kind":"plain"}},"infisical_secret_tag":{"version":0,"block":{"attributes":{"color":{"type":"string","description":"Color code for the tag.","description_kind":"plain","required":true},"id":{"type":"string","description":"The ID of the role","description_kind":"plain","computed":true},"name":{"type":"string","description":"The name for the new tag","description_kind":"plain","required":true},"project_id":{"type":"string","description":"The project id associated with the secret tag","description_kind":"plain","required":true},"slug":{"type":"string","description":"The slug for the new tag","description_kind":"plain","required":true}},"description":"Create secret tag \u0026 save to Infisical.","description_kind":"plain"}}},"data_source_schemas":{"infisical_groups":{"version":0,"block":{"attributes":{"groups":{"nested_type":{"attributes":{"id":{"type":"string","description":"The ID of the group","description_kind":"plain","computed":true},"name":{"type":"string","description":"The name of the group","description_kind":"plain","computed":true},"org_id":{"type":"string","description":"The organization ID of the group","description_kind":"plain","computed":true},"role":{"type":"string","description":"The role of the group in the organization","description_kind":"plain","computed":true},"role_id":{"type":"string","description":"The role ID of the group in the organization","description_kind":"plain","computed":true}},"nesting_mode":"list"},"description":"The groups list","description_kind":"plain","computed":true}},"description":"Interact with Infisical groups in your organization.","description_kind":"plain"}},"infisical_projects":{"version":0,"block":{"attributes":{"auto_capitalization":{"type":"bool","description":"The auto capitalization status of the project","description_kind":"plain","computed":true},"created_at":{"type":"string","description":"The creation date of the project","description_kind":"plain","computed":true},"environments":{"nested_type":{"attributes":{"id":{"type":"string","description":"The ID of the environment","description_kind":"plain","computed":true},"name":{"type":"string","description":"The name of the environment","description_kind":"plain","computed":true},"slug":{"type":"string","description":"The slug of the environment","description_kind":"plain","computed":true}},"nesting_mode":"map"},"description_kind":"plain","computed":true},"id":{"type":"string","description":"The ID of the project","description_kind":"plain","computed":true},"name":{"type":"string","description":"The name of the project","description_kind":"plain","computed":true},"org_id":{"type":"string","description":"The ID of the organization to which the project belongs","description_kind":"plain","computed":true},"slug":{"type":"string","description":"The slug of the project to fetch","description_kind":"plain","required":true},"updated_at":{"type":"string","description":"The last update date of the project","description_kind":"plain","computed":true},"upgrade_status":{"type":"string","description":"The upgrade status of the project","description_kind":"plain","computed":true},"version":{"type":"number","description":"The version of the project","description_kind":"plain","computed":true}},"description":"Interact with Infisical projects. Only Machine Identity authentication is supported for this data source.","description_kind":"plain"}},"infisical_secret_folders":{"version":0,"block":{"attributes":{"environment_slug":{"type":"string","description":"The environment from where folder should be fetched from","description_kind":"plain","required":true},"folder_path":{"type":"string","description":"The secret path from where folders should be fetched from","description_kind":"plain","required":true},"folders":{"nested_type":{"attributes":{"id":{"type":"string","description":"The ID of the folder","description_kind":"plain","computed":true},"name":{"type":"string","description":"The name of the folder","description_kind":"plain","computed":true}},"nesting_mode":"list"},"description":"The folder list","description_kind":"plain","computed":true},"project_id":{"type":"string","description":"The ID of the project where the folder resides","description_kind":"plain","required":true}},"description":"Interact with Infisical secret folders.","description_kind":"plain"}},"infisical_secret_tag":{"version":0,"block":{"attributes":{"color":{"type":"string","description":"The color of the secret tag","description_kind":"plain","computed":true},"id":{"type":"string","description":"The ID of the secret tag","description_kind":"plain","computed":true},"name":{"type":"string","description":"The name of the secret tag","description_kind":"plain","computed":true},"project_id":{"type":"string","description":"The project id associated with the secret tag","description_kind":"plain","required":true},"slug":{"type":"string","description":"The slug of the tag to fetch","description_kind":"plain","required":true}},"description":"Interact with Infisical secretTag secret tag.","description_kind":"plain"}},"infisical_secrets":{"version":0,"block":{"attributes":{"env_slug":{"type":"string","description":"The environment from where secrets should be fetched from","description_kind":"plain","required":true},"folder_path":{"type":"string","description":"The path to the folder from where secrets should be fetched from","description_kind":"plain","required":true},"secrets":{"nested_type":{"attributes":{"comment":{"type":"string","description":"The secret comment","description_kind":"plain","computed":true},"secret_type":{"type":"string","description":"The secret type (shared or personal)","description_kind":"plain","computed":true},"value":{"type":"string","description":"The secret value","description_kind":"plain","computed":true,"sensitive":true}},"nesting_mode":"map"},"description_kind":"plain","computed":true},"workspace_id":{"type":"string","description":"The Infisical project ID (Required for Machine Identity auth, and service tokens with multiple scopes)","description_kind":"plain","optional":true,"computed":true}},"description":"Interact with Infisical secrets","description_kind":"plain"}}}}}}
