{"format_version":"1.0","provider_schemas":{"registry.terraform.io/infisical/infisical":{"provider":{"version":0,"block":{"attributes":{"auth":{"nested_type":{"attributes":{"aws_iam":{"nested_type":{"attributes":{"identity_id":{"type":"string","description":"Machine identity ID. This attribute can also be set using the `INFISICAL_MACHINE_IDENTITY_ID` environment variable","description_kind":"plain","optional":true,"sensitive":true}},"nesting_mode":"single"},"description":"The configuration values for AWS IAM Auth","description_kind":"plain","optional":true},"kubernetes":{"nested_type":{"attributes":{"identity_id":{"type":"string","description":"Machine identity ID. This attribute can also be set using the `INFISICAL_MACHINE_IDENTITY_ID` environment variable","description_kind":"plain","optional":true,"sensitive":true},"service_account_token":{"type":"string","description":"The service account token. This attribute can also be set using the `INFISICAL_KUBERNETES_SERVICE_ACCOUNT_TOKEN` environment variable","description_kind":"plain","optional":true,"sensitive":true},"service_account_token_path":{"type":"string","description":"The path to the service account token. This attribute can also be set using the `INFISICAL_KUBERNETES_SERVICE_ACCOUNT_TOKEN_PATH` environment variable. Default is `/var/run/secrets/kubernetes.io/serviceaccount/token`.","description_kind":"plain","optional":true}},"nesting_mode":"single"},"description":"The configuration values for Kubernetes Auth","description_kind":"plain","optional":true},"oidc":{"nested_type":{"attributes":{"identity_id":{"type":"string","description":"Machine identity ID. This attribute can also be set using the `INFISICAL_MACHINE_IDENTITY_ID` environment variable","description_kind":"plain","optional":true,"sensitive":true},"token_environment_variable_name":{"type":"string","description":"The environment variable name for the OIDC JWT token. This attribute can also be set using the `INFISICAL_OIDC_AUTH_TOKEN_KEY_NAME` environment variable. Default is `INFISICAL_AUTH_JWT`.","description_kind":"plain","optional":true}},"nesting_mode":"single"},"description":"The configuration values for OIDC Auth","description_kind":"plain","optional":true},"token":{"type":"string","description":"The authentication token for Machine Identity Token Auth. This attribute can also be set using the `INFISICAL_TOKEN` environment variable","description_kind":"plain","optional":true,"sensitive":true},"universal":{"nested_type":{"attributes":{"client_id":{"type":"string","description":"Machine identity client ID. This attribute can also be set using the `INFISICAL_UNIVERSAL_AUTH_CLIENT_ID` environment variable","description_kind":"plain","optional":true,"sensitive":true},"client_secret":{"type":"string","description":"Machine identity client secret. This attribute can also be set using the `INFISICAL_UNIVERSAL_AUTH_CLIENT_SECRET` environment variable","description_kind":"plain","optional":true,"sensitive":true}},"nesting_mode":"single"},"description":"The configuration values for Universal Auth","description_kind":"plain","optional":true}},"nesting_mode":"single"},"description":"The configuration values for authentication","description_kind":"plain","optional":true},"client_id":{"type":"string","description":"(DEPRECATED, Use the `auth` attribute), Machine identity client ID. Used to fetch/modify secrets for a given project.","description_kind":"plain","optional":true,"sensitive":true},"client_secret":{"type":"string","description":"(DEPRECATED, use `auth` attribute), Machine identity client secret. Used to fetch/modify secrets for a given project","description_kind":"plain","optional":true,"sensitive":true},"host":{"type":"string","description":"Used to point the client to fetch secrets from your self hosted instance of Infisical. If not host is provided, https://app.infisical.com is the default host. This attribute can also be set using the `INFISICAL_HOST` environment variable","description_kind":"plain","optional":true},"service_token":{"type":"string","description":" (DEPRECATED, Use machine identity auth), Used to fetch/modify secrets for a given project","description_kind":"plain","optional":true,"sensitive":true}},"description":"This provider allows you to interact with Infisical","description_kind":"plain"}},"resource_schemas":{"infisical_access_approval_policy":{"version":0,"block":{"attributes":{"approvers":{"nested_type":{"attributes":{"id":{"type":"string","description":"The ID of the approver","description_kind":"plain","optional":true},"type":{"type":"string","description":"The type of approver. Either group or user","description_kind":"plain","required":true},"username":{"type":"string","description":"The username of the approver. By default, this is the email","description_kind":"plain","optional":true}},"nesting_mode":"set"},"description":"The required approvers","description_kind":"plain","required":true},"enforcement_level":{"type":"string","description":"The enforcement level of the policy. This can either be hard or soft","description_kind":"plain","optional":true,"computed":true},"environment_slug":{"type":"string","description":"(DEPRECATED, Use environment_slugs instead) The environment to apply the access approval policy to","description_kind":"plain","optional":true},"environment_slugs":{"type":["list","string"],"description":"The environments to apply the access approval policy to","description_kind":"plain","optional":true},"id":{"type":"string","description":"The ID of the access approval policy","description_kind":"plain","computed":true},"name":{"type":"string","description":"The name of the access approval policy","description_kind":"plain","optional":true,"computed":true},"project_id":{"type":"string","description":"The ID of the project to add the access approval policy","description_kind":"plain","required":true},"required_approvals":{"type":"number","description":"The number of required approvers","description_kind":"plain","required":true},"secret_path":{"type":"string","description":"The secret path to apply the access approval policy to","description_kind":"plain","required":true}},"description":"Create access approval policy for your projects","description_kind":"plain"}},"infisical_app_connection_1password":{"version":0,"block":{"attributes":{"credentials":{"nested_type":{"attributes":{"api_token":{"type":"string","description":"The API token to use for authentication. For more details, refer to the documentation here infisical.com/docs/integrations/app-connections/1password","description_kind":"plain","required":true,"sensitive":true},"instance_url":{"type":"string","description":"The URL of the 1Password Connect instance to connect to. For more details, refer to the documentation here infisical.com/docs/integrations/app-connections/1password","description_kind":"plain","required":true,"sensitive":true}},"nesting_mode":"single"},"description":"The credentials for the 1Password App Connection","description_kind":"plain","required":true},"credentials_hash":{"type":"string","description":"The hash of the 1Password App Connection credentials","description_kind":"plain","computed":true},"description":{"type":"string","description":"An optional description for the 1Password App Connection.","description_kind":"plain","optional":true},"id":{"type":"string","description":"The ID of the app connection","description_kind":"plain","computed":true},"method":{"type":"string","description":"The method used to authenticate with 1Password. Possible values are: api-token","description_kind":"plain","required":true},"name":{"type":"string","description":"The name of the 1Password App Connection to create. Must be slug-friendly","description_kind":"plain","required":true}},"description":"Create and manage 1Password App Connection","description_kind":"plain"}},"infisical_app_connection_aws":{"version":0,"block":{"attributes":{"credentials":{"nested_type":{"attributes":{"access_key_id":{"type":"string","description":"The AWS Access Key ID used to authenticate requests to AWS services. Required for access-key access method. For more details, refer to the documentation here infisical.com/docs/integrations/app-connections/aws#access-key","description_kind":"plain","optional":true,"sensitive":true},"role_arn":{"type":"string","description":"The Amazon Resource Name (ARN) of the IAM role to assume for performing operations. Infisical will assume this role using AWS Security Token Service (STS). Required for assume-role access method. For more details, refer to the documentation here infisical.com/docs/integrations/app-connections/aws#assume-role-recommended","description_kind":"plain","optional":true,"sensitive":true},"secret_access_key":{"type":"string","description":"The AWS Secret Access Key associated with the Access Key ID to authenticate requests to AWS services. Required for access-key access method. For more details, refer to the documentation here infisical.com/docs/integrations/app-connections/aws#access-key","description_kind":"plain","optional":true,"sensitive":true}},"nesting_mode":"single"},"description":"The credentials for the AWS App Connection","description_kind":"plain","required":true},"credentials_hash":{"type":"string","description":"The hash of the AWS App Connection credentials","description_kind":"plain","computed":true},"description":{"type":"string","description":"An optional description for the AWS App Connection.","description_kind":"plain","optional":true},"id":{"type":"string","description":"The ID of the app connection","description_kind":"plain","computed":true},"method":{"type":"string","description":"The method used to authenticate with AWS. Possible values are: assume-role, access-key","description_kind":"plain","required":true},"name":{"type":"string","description":"The name of the AWS App Connection to create. Must be slug-friendly","description_kind":"plain","required":true}},"description":"Create and manage AWS App Connection","description_kind":"plain"}},"infisical_app_connection_azure_client_secrets":{"version":0,"block":{"attributes":{"credentials":{"nested_type":{"attributes":{"client_id":{"type":"string","description":"The Azure application (client) ID. Required for client-secret method. For more details, refer to the documentation here infisical.com/docs/integrations/app-connections/azure-client-secrets","description_kind":"plain","required":true,"sensitive":true},"client_secret":{"type":"string","description":"The Azure client secret. Required for client-secret method. For more details, refer to the documentation here infisical.com/docs/integrations/app-connections/azure-client-secrets","description_kind":"plain","required":true,"sensitive":true},"tenant_id":{"type":"string","description":"The Azure Active Directory (AAD) tenant ID. Required for client-secret method. For more details, refer to the documentation here infisical.com/docs/integrations/app-connections/azure-client-secrets","description_kind":"plain","required":true}},"nesting_mode":"single"},"description":"The credentials for the Azure Client Secrets App Connection","description_kind":"plain","required":true},"credentials_hash":{"type":"string","description":"The hash of the Azure Client Secrets App Connection credentials","description_kind":"plain","computed":true},"description":{"type":"string","description":"An optional description for the Azure Client Secrets App Connection.","description_kind":"plain","optional":true},"id":{"type":"string","description":"The ID of the app connection","description_kind":"plain","computed":true},"method":{"type":"string","description":"The method used to authenticate with Azure Client Secrets. Possible values are: client-secret","description_kind":"plain","required":true},"name":{"type":"string","description":"The name of the Azure Client Secrets App Connection to create. Must be slug-friendly","description_kind":"plain","required":true}},"description":"Create and manage Azure Client Secrets App Connection","description_kind":"plain"}},"infisical_app_connection_bitbucket":{"version":0,"block":{"attributes":{"credentials":{"nested_type":{"attributes":{"api_token":{"type":"string","description":"The Bitbucket API token for authentication.","description_kind":"plain","required":true,"sensitive":true},"email":{"type":"string","description":"The email address associated with the Bitbucket API token.","description_kind":"plain","required":true}},"nesting_mode":"single"},"description":"The credentials for the Bitbucket App Connection","description_kind":"plain","required":true},"credentials_hash":{"type":"string","description":"The hash of the Bitbucket App Connection credentials","description_kind":"plain","computed":true},"description":{"type":"string","description":"An optional description for the Bitbucket App Connection.","description_kind":"plain","optional":true},"id":{"type":"string","description":"The ID of the app connection","description_kind":"plain","computed":true},"method":{"type":"string","description":"The method used to authenticate with Bitbucket. Possible values are: api-token","description_kind":"plain","required":true},"name":{"type":"string","description":"The name of the Bitbucket App Connection to create. Must be slug-friendly","description_kind":"plain","required":true}},"description":"Create and manage Bitbucket App Connection","description_kind":"plain"}},"infisical_app_connection_cloudflare":{"version":0,"block":{"attributes":{"credentials":{"nested_type":{"attributes":{"account_id":{"type":"string","description":"The Cloudflare Account ID. This can be found in the sidebar of your Cloudflare dashboard.","description_kind":"plain","required":true,"sensitive":true},"api_token":{"type":"string","description":"The Cloudflare API token with the necessary permissions to manage Workers scripts. The token should have Zone:Zone:Read, Zone:Zone Settings:Read, and Zone:Zone:Edit permissions.","description_kind":"plain","required":true,"sensitive":true}},"nesting_mode":"single"},"description":"The credentials for the Cloudflare App Connection","description_kind":"plain","required":true},"credentials_hash":{"type":"string","description":"The hash of the Cloudflare App Connection credentials","description_kind":"plain","computed":true},"description":{"type":"string","description":"An optional description for the Cloudflare App Connection.","description_kind":"plain","optional":true},"id":{"type":"string","description":"The ID of the app connection","description_kind":"plain","computed":true},"method":{"type":"string","description":"The method used to authenticate with Cloudflare. Possible values are: api-token","description_kind":"plain","required":true},"name":{"type":"string","description":"The name of the Cloudflare App Connection to create. Must be slug-friendly","description_kind":"plain","required":true}},"description":"Create and manage Cloudflare App Connection","description_kind":"plain"}},"infisical_app_connection_databricks":{"version":0,"block":{"attributes":{"credentials":{"nested_type":{"attributes":{"client_id":{"type":"string","description":"The client ID of the Databricks service principal.","description_kind":"plain","required":true},"client_secret":{"type":"string","description":"The client secret of the Databricks service principal.","description_kind":"plain","required":true,"sensitive":true},"workspace_url":{"type":"string","description":"The workspace URL of the Databricks instance.","description_kind":"plain","required":true}},"nesting_mode":"single"},"description":"The credentials for the Databricks App Connection","description_kind":"plain","required":true},"credentials_hash":{"type":"string","description":"The hash of the Databricks App Connection credentials","description_kind":"plain","computed":true},"description":{"type":"string","description":"An optional description for the Databricks App Connection.","description_kind":"plain","optional":true},"id":{"type":"string","description":"The ID of the app connection","description_kind":"plain","computed":true},"method":{"type":"string","description":"The method used to authenticate with Databricks. Possible values are: service-principal","description_kind":"plain","required":true},"name":{"type":"string","description":"The name of the Databricks App Connection to create. Must be slug-friendly","description_kind":"plain","required":true}},"description":"Create and manage Databricks App Connection","description_kind":"plain"}},"infisical_app_connection_flyio":{"version":0,"block":{"attributes":{"credentials":{"nested_type":{"attributes":{"access_token":{"type":"string","description":"The Fly.io access token for authentication.","description_kind":"plain","required":true,"sensitive":true}},"nesting_mode":"single"},"description":"The credentials for the Fly.io App Connection","description_kind":"plain","required":true},"credentials_hash":{"type":"string","description":"The hash of the Fly.io App Connection credentials","description_kind":"plain","computed":true},"description":{"type":"string","description":"An optional description for the Fly.io App Connection.","description_kind":"plain","optional":true},"id":{"type":"string","description":"The ID of the app connection","description_kind":"plain","computed":true},"method":{"type":"string","description":"The method used to authenticate with Fly.io. Possible values are: access-token","description_kind":"plain","required":true},"name":{"type":"string","description":"The name of the Fly.io App Connection to create. Must be slug-friendly","description_kind":"plain","required":true}},"description":"Create and manage Fly.io App Connection","description_kind":"plain"}},"infisical_app_connection_gcp":{"version":0,"block":{"attributes":{"credentials":{"nested_type":{"attributes":{"service_account_email":{"type":"string","description":"The service account email to connect with GCP. The service account ID (the part of the email before '@') must be suffixed with the first two sections of your organization ID e.g. service-account-df92581a-0fe9@my-project.iam.gserviceaccount.com. For more details, refer to the documentation here https://infisical.com/docs/integrations/app-connections/gcp#configure-service-account-for-infisical","description_kind":"plain","optional":true,"sensitive":true}},"nesting_mode":"single"},"description":"The credentials for the GCP App Connection","description_kind":"plain","required":true},"credentials_hash":{"type":"string","description":"The hash of the GCP App Connection credentials","description_kind":"plain","computed":true},"description":{"type":"string","description":"An optional description for the GCP App Connection.","description_kind":"plain","optional":true},"id":{"type":"string","description":"The ID of the app connection","description_kind":"plain","computed":true},"method":{"type":"string","description":"The method used to authenticate with GCP. Possible values are: service-account-impersonation","description_kind":"plain","required":true},"name":{"type":"string","description":"The name of the GCP App Connection to create. Must be slug-friendly","description_kind":"plain","required":true}},"description":"Create and manage GCP App Connection","description_kind":"plain"}},"infisical_app_connection_gitlab":{"version":0,"block":{"attributes":{"credentials":{"nested_type":{"attributes":{"access_token":{"type":"string","description":"The Access Token used to access GitLab.","description_kind":"plain","required":true,"sensitive":true},"access_token_type":{"type":"string","description":"The type of token used to connect with GitLab. Supported options: 'project' and 'personal'","description_kind":"plain","required":true},"instance_url":{"type":"string","description":"The GitLab instance URL to connect with. (default: https://gitlab.com)","description_kind":"plain","optional":true}},"nesting_mode":"single"},"description":"The credentials for the GitLab App Connection","description_kind":"plain","required":true},"credentials_hash":{"type":"string","description":"The hash of the GitLab App Connection credentials","description_kind":"plain","computed":true},"description":{"type":"string","description":"An optional description for the GitLab App Connection.","description_kind":"plain","optional":true},"id":{"type":"string","description":"The ID of the app connection","description_kind":"plain","computed":true},"method":{"type":"string","description":"The method used to authenticate with GitLab. Possible values are: access-token","description_kind":"plain","required":true},"name":{"type":"string","description":"The name of the GitLab App Connection to create. Must be slug-friendly","description_kind":"plain","required":true}},"description":"Create and manage GitLab App Connection","description_kind":"plain"}},"infisical_app_connection_ldap":{"version":0,"block":{"attributes":{"credentials":{"nested_type":{"attributes":{"dn":{"type":"string","description":"The Distinguished Name (DN) or User Principal Name (UPN) of the principal to bind with (e.g., 'CN=John,CN=Users,DC=example,DC=com').","description_kind":"plain","required":true},"password":{"type":"string","description":"The password to bind with for authentication.","description_kind":"plain","required":true,"sensitive":true},"provider":{"type":"string","description":"The LDAP provider (e.g., 'active-directory').","description_kind":"plain","required":true},"ssl_certificate":{"type":"string","description":"The SSL certificate (PEM format) to use for secure connection when using ldaps:// with a self-signed certificate.","description_kind":"plain","optional":true},"ssl_reject_unauthorized":{"type":"bool","description":"Whether or not to reject unauthorized SSL certificates (true/false) when using ldaps://. Set to false only in test environments.","description_kind":"plain","optional":true,"computed":true},"url":{"type":"string","description":"The LDAP server URL (e.g., 'ldap://example.com:389' or 'ldaps://example.com:636').","description_kind":"plain","required":true}},"nesting_mode":"single"},"description":"The credentials for the LDAP App Connection","description_kind":"plain","required":true},"credentials_hash":{"type":"string","description":"The hash of the LDAP App Connection credentials","description_kind":"plain","computed":true},"description":{"type":"string","description":"An optional description for the LDAP App Connection.","description_kind":"plain","optional":true},"id":{"type":"string","description":"The ID of the app connection","description_kind":"plain","computed":true},"method":{"type":"string","description":"The method used to authenticate with LDAP. Possible values are: simple-bind","description_kind":"plain","required":true},"name":{"type":"string","description":"The name of the LDAP App Connection to create. Must be slug-friendly","description_kind":"plain","required":true}},"description":"Create and manage LDAP App Connection","description_kind":"plain"}},"infisical_app_connection_mssql":{"version":0,"block":{"attributes":{"credentials":{"nested_type":{"attributes":{"database":{"type":"string","description":"The name of the database to connect to.","description_kind":"plain","required":true},"host":{"type":"string","description":"The hostname of the database server.","description_kind":"plain","required":true},"password":{"type":"string","description":"The password to connect to the database with.","description_kind":"plain","required":true,"sensitive":true},"port":{"type":"number","description":"The port number of the database.","description_kind":"plain","optional":true,"computed":true},"ssl_certificate":{"type":"string","description":"The SSL certificate to use for connection.","description_kind":"plain","optional":true},"ssl_enabled":{"type":"bool","description":"Whether or not to use SSL when connecting to the database.","description_kind":"plain","optional":true,"computed":true},"ssl_reject_unauthorized":{"type":"bool","description":"Whether or not to reject unauthorized SSL certificates.","description_kind":"plain","optional":true,"computed":true},"username":{"type":"string","description":"The username to connect to the database with.","description_kind":"plain","required":true}},"nesting_mode":"single"},"description":"The credentials for the MsSQL App Connection","description_kind":"plain","required":true},"credentials_hash":{"type":"string","description":"The hash of the MsSQL App Connection credentials","description_kind":"plain","computed":true},"description":{"type":"string","description":"An optional description for the MsSQL App Connection.","description_kind":"plain","optional":true},"id":{"type":"string","description":"The ID of the app connection","description_kind":"plain","computed":true},"method":{"type":"string","description":"The method used to authenticate with MsSQL. Possible values are: username-and-password","description_kind":"plain","required":true},"name":{"type":"string","description":"The name of the MsSQL App Connection to create. Must be slug-friendly","description_kind":"plain","required":true}},"description":"Create and manage MsSQL App Connection","description_kind":"plain"}},"infisical_app_connection_mysql":{"version":0,"block":{"attributes":{"credentials":{"nested_type":{"attributes":{"database":{"type":"string","description":"The name of the database to connect to.","description_kind":"plain","required":true},"host":{"type":"string","description":"The hostname of the database server.","description_kind":"plain","required":true},"password":{"type":"string","description":"The password to connect to the database with.","description_kind":"plain","required":true,"sensitive":true},"port":{"type":"number","description":"The port number of the database.","description_kind":"plain","optional":true,"computed":true},"ssl_certificate":{"type":"string","description":"The SSL certificate to use for connection.","description_kind":"plain","optional":true},"ssl_enabled":{"type":"bool","description":"Whether or not to use SSL when connecting to the database.","description_kind":"plain","optional":true,"computed":true},"ssl_reject_unauthorized":{"type":"bool","description":"Whether or not to reject unauthorized SSL certificates.","description_kind":"plain","optional":true,"computed":true},"username":{"type":"string","description":"The username to connect to the database with.","description_kind":"plain","required":true}},"nesting_mode":"single"},"description":"The credentials for the MySQL App Connection","description_kind":"plain","required":true},"credentials_hash":{"type":"string","description":"The hash of the MySQL App Connection credentials","description_kind":"plain","computed":true},"description":{"type":"string","description":"An optional description for the MySQL App Connection.","description_kind":"plain","optional":true},"id":{"type":"string","description":"The ID of the app connection","description_kind":"plain","computed":true},"method":{"type":"string","description":"The method used to authenticate with MySQL. Possible values are: username-and-password","description_kind":"plain","required":true},"name":{"type":"string","description":"The name of the MySQL App Connection to create. Must be slug-friendly","description_kind":"plain","required":true}},"description":"Create and manage MySQL App Connection","description_kind":"plain"}},"infisical_app_connection_oracledb":{"version":0,"block":{"attributes":{"credentials":{"nested_type":{"attributes":{"database":{"type":"string","description":"The name of the database to connect to.","description_kind":"plain","required":true},"host":{"type":"string","description":"The hostname of the database server.","description_kind":"plain","required":true},"password":{"type":"string","description":"The password to connect to the database with.","description_kind":"plain","required":true,"sensitive":true},"port":{"type":"number","description":"The port number of the database.","description_kind":"plain","optional":true,"computed":true},"ssl_certificate":{"type":"string","description":"The SSL certificate to use for connection.","description_kind":"plain","optional":true},"ssl_enabled":{"type":"bool","description":"Whether or not to use SSL when connecting to the database.","description_kind":"plain","optional":true,"computed":true},"ssl_reject_unauthorized":{"type":"bool","description":"Whether or not to reject unauthorized SSL certificates.","description_kind":"plain","optional":true,"computed":true},"username":{"type":"string","description":"The username to connect to the database with.","description_kind":"plain","required":true}},"nesting_mode":"single"},"description":"The credentials for the Oracle Database App Connection","description_kind":"plain","required":true},"credentials_hash":{"type":"string","description":"The hash of the Oracle Database App Connection credentials","description_kind":"plain","computed":true},"description":{"type":"string","description":"An optional description for the Oracle Database App Connection.","description_kind":"plain","optional":true},"id":{"type":"string","description":"The ID of the app connection","description_kind":"plain","computed":true},"method":{"type":"string","description":"The method used to authenticate with Oracle Database. Possible values are: username-and-password","description_kind":"plain","required":true},"name":{"type":"string","description":"The name of the Oracle Database App Connection to create. Must be slug-friendly","description_kind":"plain","required":true}},"description":"Create and manage Oracle Database App Connection","description_kind":"plain"}},"infisical_app_connection_postgres":{"version":0,"block":{"attributes":{"credentials":{"nested_type":{"attributes":{"database":{"type":"string","description":"The name of the database to connect to.","description_kind":"plain","required":true},"host":{"type":"string","description":"The hostname of the database server.","description_kind":"plain","required":true},"password":{"type":"string","description":"The password to connect to the database with.","description_kind":"plain","required":true,"sensitive":true},"port":{"type":"number","description":"The port number of the database.","description_kind":"plain","optional":true,"computed":true},"ssl_certificate":{"type":"string","description":"The SSL certificate to use for connection.","description_kind":"plain","optional":true},"ssl_enabled":{"type":"bool","description":"Whether or not to use SSL when connecting to the database.","description_kind":"plain","optional":true,"computed":true},"ssl_reject_unauthorized":{"type":"bool","description":"Whether or not to reject unauthorized SSL certificates.","description_kind":"plain","optional":true,"computed":true},"username":{"type":"string","description":"The username to connect to the database with.","description_kind":"plain","required":true}},"nesting_mode":"single"},"description":"The credentials for the PostgreSQL App Connection","description_kind":"plain","required":true},"credentials_hash":{"type":"string","description":"The hash of the PostgreSQL App Connection credentials","description_kind":"plain","computed":true},"description":{"type":"string","description":"An optional description for the PostgreSQL App Connection.","description_kind":"plain","optional":true},"id":{"type":"string","description":"The ID of the app connection","description_kind":"plain","computed":true},"method":{"type":"string","description":"The method used to authenticate with PostgreSQL. Possible values are: username-and-password","description_kind":"plain","required":true},"name":{"type":"string","description":"The name of the PostgreSQL App Connection to create. Must be slug-friendly","description_kind":"plain","required":true}},"description":"Create and manage PostgreSQL App Connection","description_kind":"plain"}},"infisical_app_connection_render":{"version":0,"block":{"attributes":{"credentials":{"nested_type":{"attributes":{"api_key":{"type":"string","description":"The API key to use for authentication. For more details, refer to the documentation here infisical.com/docs/integrations/app-connections/render","description_kind":"plain","required":true,"sensitive":true}},"nesting_mode":"single"},"description":"The credentials for the Render App Connection","description_kind":"plain","required":true},"credentials_hash":{"type":"string","description":"The hash of the Render App Connection credentials","description_kind":"plain","computed":true},"description":{"type":"string","description":"An optional description for the Render App Connection.","description_kind":"plain","optional":true},"id":{"type":"string","description":"The ID of the app connection","description_kind":"plain","computed":true},"method":{"type":"string","description":"The method used to authenticate with Render. Possible values are: api-key","description_kind":"plain","required":true},"name":{"type":"string","description":"The name of the Render App Connection to create. Must be slug-friendly","description_kind":"plain","required":true}},"description":"Create and manage Render App Connection","description_kind":"plain"}},"infisical_app_connection_supabase":{"version":0,"block":{"attributes":{"credentials":{"nested_type":{"attributes":{"access_key":{"type":"string","description":"The Supabase access key for authentication.","description_kind":"plain","required":true,"sensitive":true},"instance_url":{"type":"string","description":"The Supabase instance URL (e.g., https://your-domain.com).","description_kind":"plain","optional":true}},"nesting_mode":"single"},"description":"The credentials for the Supabase App Connection","description_kind":"plain","required":true},"credentials_hash":{"type":"string","description":"The hash of the Supabase App Connection credentials","description_kind":"plain","computed":true},"description":{"type":"string","description":"An optional description for the Supabase App Connection.","description_kind":"plain","optional":true},"id":{"type":"string","description":"The ID of the app connection","description_kind":"plain","computed":true},"method":{"type":"string","description":"The method used to authenticate with Supabase. Possible values are: access-token","description_kind":"plain","required":true},"name":{"type":"string","description":"The name of the Supabase App Connection to create. Must be slug-friendly","description_kind":"plain","required":true}},"description":"Create and manage Supabase App Connection","description_kind":"plain"}},"infisical_dynamic_secret_aws_iam":{"version":0,"block":{"attributes":{"configuration":{"nested_type":{"attributes":{"access_key_config":{"nested_type":{"attributes":{"access_key":{"type":"string","description":"The managing AWS IAM User Access Key","description_kind":"plain","required":true},"secret_access_key":{"type":"string","description":"The managing AWS IAM User Secret Key","description_kind":"plain","required":true,"sensitive":true}},"nesting_mode":"single"},"description":"Configuration for the 'access_key' authentication method.","description_kind":"plain","optional":true},"assume_role_config":{"nested_type":{"attributes":{"role_arn":{"type":"string","description":"The ARN of the AWS Role to assume.","description_kind":"plain","required":true}},"nesting_mode":"single"},"description":"Configuration for the 'assume_role' authentication method.","description_kind":"plain","optional":true},"aws_path":{"type":"string","description":"IAM AWS Path to scope created IAM User resource access.","description_kind":"plain","optional":true},"method":{"type":"string","description":"The authentication method to use. Must be 'access_key' or 'assume_role'.","description_kind":"plain","required":true},"permission_boundary_policy_arn":{"type":"string","description":"The IAM Policy ARN of the AWS Permissions Boundary to attach to IAM users created in the role.","description_kind":"plain","optional":true},"policy_arns":{"type":"string","description":"The AWS IAM managed policies that should be attached to the created users. Multiple values can be provided by separating them with commas","description_kind":"plain","optional":true},"policy_document":{"type":"string","description":"The AWS IAM inline policy that should be attached to the created users. Multiple values can be provided by separating them with commas","description_kind":"plain","optional":true},"region":{"type":"string","description":"The AWS data center region.","description_kind":"plain","required":true},"user_groups":{"type":"string","description":"The AWS IAM groups that should be assigned to the created users. Multiple values can be provided by separating them with commas","description_kind":"plain","optional":true}},"nesting_mode":"single"},"description":"The configuration of the dynamic secret","description_kind":"plain","required":true},"default_ttl":{"type":"string","description":"The default TTL that will be applied for all the leases.","description_kind":"plain","required":true},"environment_slug":{"type":"string","description":"The slug of the environment to create the dynamic secret in.","description_kind":"plain","required":true},"id":{"type":"string","description":"The ID of the dynamic secret.","description_kind":"plain","computed":true},"max_ttl":{"type":"string","description":"The maximum limit a TTL can be leases or renewed.","description_kind":"plain","optional":true},"metadata":{"nested_type":{"attributes":{"key":{"type":"string","description":"The key of the metadata object","description_kind":"plain","required":true},"value":{"type":"string","description":"The value of the metadata object","description_kind":"plain","required":true}},"nesting_mode":"set"},"description":"The metadata associated with this dynamic secret","description_kind":"plain","optional":true},"name":{"type":"string","description":"The name of the dynamic secret.","description_kind":"plain","required":true},"path":{"type":"string","description":"The path to create the dynamic secret in.","description_kind":"plain","required":true},"project_slug":{"type":"string","description":"The slug of the project to create dynamic secret in.","description_kind":"plain","required":true},"username_template":{"type":"string","description":"The username template of the dynamic secret","description_kind":"plain","optional":true}},"description":"Create and manage AWS IAM Dynamic Secret","description_kind":"plain"}},"infisical_dynamic_secret_kubernetes":{"version":0,"block":{"attributes":{"configuration":{"nested_type":{"attributes":{"api_config":{"nested_type":{"attributes":{"ca":{"type":"string","description":"Custom CA certificate for the Kubernetes API server. Leave blank to use the system/public CA.","description_kind":"plain","optional":true},"cluster_token":{"type":"string","description":"Service account token with permissions to create service accounts and manage RBAC.","description_kind":"plain","required":true,"sensitive":true},"cluster_url":{"type":"string","description":"Kubernetes API server URL (e.g., https://kubernetes.default.svc).","description_kind":"plain","required":true},"enable_ssl":{"type":"bool","description":"Whether to enable SSL verification for the Kubernetes API server connection.","description_kind":"plain","optional":true}},"nesting_mode":"single"},"description":"Configuration for the 'api' authentication method.","description_kind":"plain","optional":true},"audiences":{"type":["list","string"],"description":"Optional list of audiences to include in the generated token.","description_kind":"plain","optional":true},"auth_method":{"type":"string","description":"Choose between Token ('api') or 'gateway' authentication. If using Gateway, the Gateway must be deployed in your Kubernetes cluster.","description_kind":"plain","required":true},"credential_type":{"type":"string","description":"Choose between 'static' (predefined service account) or 'dynamic' (temporary service accounts with role assignments).","description_kind":"plain","required":true},"dynamic_config":{"nested_type":{"attributes":{"allowed_namespaces":{"type":"string","description":"Kubernetes namespace(s) where the service accounts will be created. You can specify multiple namespaces as a comma-separated list (e.g., “default,kube-system”). During lease creation, you can specify which namespace to use from this allowed list.","description_kind":"plain","required":true},"role":{"type":"string","description":"Name of the role to assign to the temporary service account.","description_kind":"plain","required":true},"role_type":{"type":"string","description":"Type of role to assign ('cluster-role' or 'role').","description_kind":"plain","required":true}},"nesting_mode":"single"},"description":"Configuration for the 'dynamic' credential type.","description_kind":"plain","optional":true},"gateway_id":{"type":"string","description":"Select a gateway for private cluster access. If not specified, the Internet Gateway will be used.","description_kind":"plain","optional":true},"static_config":{"nested_type":{"attributes":{"namespace":{"type":"string","description":"Kubernetes namespace where the service account exists.","description_kind":"plain","required":true},"service_account_name":{"type":"string","description":"Name of the service account to generate tokens for.","description_kind":"plain","required":true}},"nesting_mode":"single"},"description":"Configuration for the 'static' credential type.","description_kind":"plain","optional":true}},"nesting_mode":"single"},"description":"The configuration of the dynamic secret","description_kind":"plain","required":true},"default_ttl":{"type":"string","description":"The default TTL that will be applied for all the leases.","description_kind":"plain","required":true},"environment_slug":{"type":"string","description":"The slug of the environment to create the dynamic secret in.","description_kind":"plain","required":true},"id":{"type":"string","description":"The ID of the dynamic secret.","description_kind":"plain","computed":true},"max_ttl":{"type":"string","description":"The maximum limit a TTL can be leases or renewed.","description_kind":"plain","optional":true},"metadata":{"nested_type":{"attributes":{"key":{"type":"string","description":"The key of the metadata object","description_kind":"plain","required":true},"value":{"type":"string","description":"The value of the metadata object","description_kind":"plain","required":true}},"nesting_mode":"set"},"description":"The metadata associated with this dynamic secret","description_kind":"plain","optional":true},"name":{"type":"string","description":"The name of the dynamic secret.","description_kind":"plain","required":true},"path":{"type":"string","description":"The path to create the dynamic secret in.","description_kind":"plain","required":true},"project_slug":{"type":"string","description":"The slug of the project to create dynamic secret in.","description_kind":"plain","required":true},"username_template":{"type":"string","description":"The username template of the dynamic secret","description_kind":"plain","optional":true}},"description":"Create and manage Kubernetes Dynamic Secret","description_kind":"plain"}},"infisical_dynamic_secret_sql_database":{"version":0,"block":{"attributes":{"configuration":{"nested_type":{"attributes":{"ca":{"type":"string","description":"The CA certificate to use to connect to the database.","description_kind":"plain","optional":true},"client":{"type":"string","description":"The database client to use. Currently supported values are postgres, mysql2, oracledb, mssql, sap-ase, and vertica.","description_kind":"plain","required":true},"creation_statement":{"type":"string","description":"The creation statement to use to create the dynamic secret lease.","description_kind":"plain","required":true},"database":{"type":"string","description":"The name of the database to use.","description_kind":"plain","required":true},"gateway_id":{"type":"string","description":"The Gateway ID to use to connect to the database.","description_kind":"plain","optional":true},"host":{"type":"string","description":"The host of the database server.","description_kind":"plain","required":true},"password":{"type":"string","description":"The password to use to connect to the database.","description_kind":"plain","required":true,"sensitive":true},"password_requirements":{"nested_type":{"attributes":{"allowed_symbols":{"type":"string","description":"The symbols allowed in the password.","description_kind":"plain","optional":true},"length":{"type":"number","description":"The length of the password to use to create the dynamic secret lease.","description_kind":"plain","required":true},"required":{"nested_type":{"attributes":{"digits":{"type":"number","description":"The number of digits required in the password.","description_kind":"plain","required":true},"lowercase":{"type":"number","description":"The number of lowercase characters required in the password.","description_kind":"plain","required":true},"symbols":{"type":"number","description":"The number of symbols required in the password.","description_kind":"plain","required":true},"uppercase":{"type":"number","description":"The number of uppercase characters required in the password.","description_kind":"plain","required":true}},"nesting_mode":"single"},"description":"The required characters to use to create the dynamic secret lease.","description_kind":"plain","required":true}},"nesting_mode":"single"},"description":"The password requirements to use to create the dynamic secret lease.","description_kind":"plain","optional":true},"port":{"type":"number","description":"The port of the database server.","description_kind":"plain","required":true},"renew_statement":{"type":"string","description":"The renew statement to use to renew the dynamic secret lease.","description_kind":"plain","optional":true},"revocation_statement":{"type":"string","description":"The revocation statement to use to revoke the dynamic secret lease.","description_kind":"plain","required":true},"username":{"type":"string","description":"The username to use to connect to the database.","description_kind":"plain","required":true}},"nesting_mode":"single"},"description":"The configuration of the dynamic secret","description_kind":"plain","required":true},"default_ttl":{"type":"string","description":"The default TTL that will be applied for all the leases.","description_kind":"plain","required":true},"environment_slug":{"type":"string","description":"The slug of the environment to create the dynamic secret in.","description_kind":"plain","required":true},"id":{"type":"string","description":"The ID of the dynamic secret.","description_kind":"plain","computed":true},"max_ttl":{"type":"string","description":"The maximum limit a TTL can be leases or renewed.","description_kind":"plain","optional":true},"metadata":{"nested_type":{"attributes":{"key":{"type":"string","description":"The key of the metadata object","description_kind":"plain","required":true},"value":{"type":"string","description":"The value of the metadata object","description_kind":"plain","required":true}},"nesting_mode":"set"},"description":"The metadata associated with this dynamic secret","description_kind":"plain","optional":true},"name":{"type":"string","description":"The name of the dynamic secret.","description_kind":"plain","required":true},"path":{"type":"string","description":"The path to create the dynamic secret in.","description_kind":"plain","required":true},"project_slug":{"type":"string","description":"The slug of the project to create dynamic secret in.","description_kind":"plain","required":true},"username_template":{"type":"string","description":"The username template of the dynamic secret","description_kind":"plain","optional":true}},"description":"Create and manage SQL Database Dynamic Secret","description_kind":"plain"}},"infisical_group":{"version":0,"block":{"attributes":{"id":{"type":"string","description":"The id of the group.","description_kind":"plain","computed":true},"name":{"type":"string","description":"The name of the group.","description_kind":"plain","required":true},"role":{"type":"string","description":"The role of the group.","description_kind":"plain","required":true},"slug":{"type":"string","description":"The slug of the group.","description_kind":"plain","required":true}},"description":"Create groups \u0026 save to Infisical. Only Machine Identity authentication is supported for this resource","description_kind":"plain"}},"infisical_identity":{"version":0,"block":{"attributes":{"auth_modes":{"type":["list","string"],"description":"The authentication types of the identity","description_kind":"plain","computed":true},"has_delete_protection":{"type":"bool","description":"Whether the identity has delete protection, defaults to false","description_kind":"plain","optional":true,"computed":true},"id":{"type":"string","description":"The ID of the identity","description_kind":"plain","computed":true},"metadata":{"nested_type":{"attributes":{"key":{"type":"string","description":"The key of the metadata object","description_kind":"plain","required":true},"value":{"type":"string","description":"The value of the metadata object","description_kind":"plain","required":true}},"nesting_mode":"set"},"description":"The metadata associated with this identity","description_kind":"plain","optional":true},"name":{"type":"string","description":"The name for the identity","description_kind":"plain","required":true},"org_id":{"type":"string","description":"The ID of the organization for the identity","description_kind":"plain","required":true},"role":{"type":"string","description":"The role for the identity. Available default role options are 'admin', 'member', and 'no-access'. If you've created custom roles, you can use their slugs as well.","description_kind":"plain","required":true}},"description":"Create and manage identity in Infisical.","description_kind":"plain"}},"infisical_identity_aws_auth":{"version":0,"block":{"attributes":{"access_token_max_ttl":{"type":"number","description":"The maximum lifetime for an access token in seconds. This value will be referenced at renewal time. Default: 2592000","description_kind":"plain","optional":true,"computed":true},"access_token_num_uses_limit":{"type":"number","description":"The maximum number of times that an access token can be used; a value of 0 implies infinite number of uses. Default:0","description_kind":"plain","optional":true,"computed":true},"access_token_trusted_ips":{"nested_type":{"attributes":{"ip_address":{"type":"string","description_kind":"plain","optional":true,"computed":true}},"nesting_mode":"list"},"description":"A list of IPs or CIDR ranges that access tokens can be used from. You can use 0.0.0.0/0, to allow usage from any network address..","description_kind":"plain","optional":true,"computed":true},"access_token_ttl":{"type":"number","description":"The lifetime for an access token in seconds. This value will be referenced at renewal time. Default: 2592000","description_kind":"plain","optional":true,"computed":true},"allowed_account_ids":{"type":["list","string"],"description":"List of trusted AWS account IDs that are allowed to authenticate with Infisical.","description_kind":"plain","optional":true,"computed":true},"allowed_principal_arns":{"type":["list","string"],"description":"List of trusted IAM principal ARNs that are allowed to authenticate with Infisical. The values should take one of three forms: `arn:aws:iam::123456789012:user/MyUserName`, `arn:aws:iam::123456789012:role/MyRoleName`, or `arn:aws:iam::123456789012:*`. Using a wildcard in this case allows any IAM principal in the account `123456789012` to authenticate with Infisical under the identity","description_kind":"plain","optional":true,"computed":true},"id":{"type":"string","description":"The ID of the aws auth","description_kind":"plain","computed":true},"identity_id":{"type":"string","description":"The ID of the identity to attach the configuration onto.","description_kind":"plain","required":true},"sts_endpoint":{"type":"string","description":" The endpoint URL for the AWS STS API. This value should be adjusted based on the AWS region you are operating in (e.g. `https://sts.us-east-1.amazonaws.com/`); refer to the list of regional STS endpoints [here](https://docs.aws.amazon.com/general/latest/gr/sts.html).","description_kind":"markdown","optional":true,"computed":true}},"description":"Create and manage identity aws auth in Infisical.","description_kind":"plain"}},"infisical_identity_azure_auth":{"version":0,"block":{"attributes":{"access_token_max_ttl":{"type":"number","description":"The maximum lifetime for an access token in seconds. This value will be referenced at renewal time. Default: 2592000","description_kind":"plain","optional":true,"computed":true},"access_token_num_uses_limit":{"type":"number","description":"The maximum number of times that an access token can be used; a value of 0 implies infinite number of uses. Default:0","description_kind":"plain","optional":true,"computed":true},"access_token_trusted_ips":{"nested_type":{"attributes":{"ip_address":{"type":"string","description_kind":"plain","optional":true,"computed":true}},"nesting_mode":"list"},"description":"A list of IPs or CIDR ranges that access tokens can be used from. You can use 0.0.0.0/0, to allow usage from any network address..","description_kind":"plain","optional":true,"computed":true},"access_token_ttl":{"type":"number","description":"The lifetime for an access token in seconds. This value will be referenced at renewal time. Default: 2592000","description_kind":"plain","optional":true,"computed":true},"allowed_service_principal_ids":{"type":["list","string"],"description":"List of Azure AD service principal IDs that are allowed to authenticate with Infisical","description_kind":"plain","optional":true,"computed":true},"id":{"type":"string","description":"The ID of the azure auth","description_kind":"plain","computed":true},"identity_id":{"type":"string","description":"The ID of the identity to attach the configuration onto.","description_kind":"plain","required":true},"resource_url":{"type":"string","description":"The resource URL for the application registered in Azure AD. The value is expected to match the `aud` claim of the access token JWT later used in the login operation against Infisical. See the [resource](https://learn.microsoft.com/en-us/entra/identity/managed-identities-azure-resources/how-to-use-vm-token#get-a-token-using-http) parameter for how the audience is set when requesting a JWT access token from the Azure Instance Metadata Service (IMDS) endpoint. In most cases, this value should be `https://management.azure.com/` which is the default","description_kind":"markdown","optional":true,"computed":true},"tenant_id":{"type":"string","description":" The [tenant ID](https://learn.microsoft.com/en-us/entra/fundamentals/how-to-find-tenant) for the Azure AD organization.","description_kind":"markdown","required":true}},"description":"Create and manage identity azure auth in Infisical.","description_kind":"plain"}},"infisical_identity_gcp_auth":{"version":0,"block":{"attributes":{"access_token_max_ttl":{"type":"number","description":"The maximum lifetime for an access token in seconds. This value will be referenced at renewal time. Default: 2592000","description_kind":"plain","optional":true,"computed":true},"access_token_num_uses_limit":{"type":"number","description":"The maximum number of times that an access token can be used; a value of 0 implies infinite number of uses. Default:0","description_kind":"plain","optional":true,"computed":true},"access_token_trusted_ips":{"nested_type":{"attributes":{"ip_address":{"type":"string","description_kind":"plain","optional":true,"computed":true}},"nesting_mode":"list"},"description":"A list of IPs or CIDR ranges that access tokens can be used from. You can use 0.0.0.0/0, to allow usage from any network address..","description_kind":"plain","optional":true,"computed":true},"access_token_ttl":{"type":"number","description":"The lifetime for an access token in seconds. This value will be referenced at renewal time. Default: 2592000","description_kind":"plain","optional":true,"computed":true},"allowed_projects":{"type":["list","string"],"description":"List of trusted GCP projects that the GCE instance must belong to authenticate with Infisical. Note that this validation property will only work for GCE instances","description_kind":"plain","optional":true,"computed":true},"allowed_service_account_emails":{"type":["list","string"],"description":"List of trusted service account emails corresponding to the GCE resource(s) allowed to authenticate with Infisical; this could be something like `test@project.iam.gserviceaccount.com`, `12345-compute@developer.gserviceaccount.com`, etc.","description_kind":"markdown","optional":true,"computed":true},"allowed_zones":{"type":["list","string"],"description":"List of trusted zones that the GCE instances must belong to authenticate with Infisical; this should be the fully-qualified zone name in the format `\u003cregion\u003e-\u003czone\u003e`like `us-central1-a`, `us-west1-b`, etc. Note that this validation property will only work for GCE instances.","description_kind":"plain","optional":true,"computed":true},"id":{"type":"string","description":"The ID of the gcp auth","description_kind":"plain","computed":true},"identity_id":{"type":"string","description":"The ID of the identity to attach the configuration onto.","description_kind":"plain","required":true},"type":{"type":"string","description":"The Type of GCP Auth Method to use: Options are gce, iam. Default:gce","description_kind":"plain","optional":true,"computed":true}},"description":"Create and manage identity gcp auth in Infisical.","description_kind":"plain"}},"infisical_identity_kubernetes_auth":{"version":0,"block":{"attributes":{"access_token_max_ttl":{"type":"number","description":"The maximum lifetime for an access token in seconds. This value will be referenced at renewal time. Default: 2592000","description_kind":"plain","optional":true,"computed":true},"access_token_num_uses_limit":{"type":"number","description":"The maximum number of times that an access token can be used; a value of 0 implies infinite number of uses. Default:0","description_kind":"plain","optional":true,"computed":true},"access_token_trusted_ips":{"nested_type":{"attributes":{"ip_address":{"type":"string","description_kind":"plain","optional":true,"computed":true}},"nesting_mode":"list"},"description":"A list of IPs or CIDR ranges that access tokens can be used from. You can use 0.0.0.0/0, to allow usage from any network address..","description_kind":"plain","optional":true,"computed":true},"access_token_ttl":{"type":"number","description":"The lifetime for an access token in seconds. This value will be referenced at renewal time. Default: 2592000","description_kind":"plain","optional":true,"computed":true},"allowed_audience":{"type":"string","description":"An optional audience claim that the service account JWT token must have to authenticate with Infisical.","description_kind":"plain","optional":true,"computed":true},"allowed_namespaces":{"type":["list","string"],"description":"List of trusted namespaces that service accounts must belong to authenticate with Infisical.","description_kind":"plain","optional":true,"computed":true},"allowed_service_account_names":{"type":["list","string"],"description":"List of trusted service account names that are allowed to authenticate with Infisical.","description_kind":"plain","optional":true,"computed":true},"id":{"type":"string","description":"The ID of the kubernetes auth","description_kind":"plain","computed":true},"identity_id":{"type":"string","description":"The ID of the identity to attach the configuration onto.","description_kind":"plain","required":true},"kubernetes_ca_certificate":{"type":"string","description":"The PEM-encoded CA cert for the Kubernetes API server. This is used by the TLS client for secure communication with the Kubernetes API server.","description_kind":"markdown","optional":true,"computed":true},"kubernetes_host":{"type":"string","description":"The host string, host:port pair, or URL to the base of the Kubernetes API server. This can usually be obtained by running `kubectl cluster-info`.","description_kind":"plain","required":true},"token_reviewer_jwt":{"type":"string","description":"A long-lived service account JWT token for Infisical to access the [TokenReview API](https://kubernetes.io/docs/reference/kubernetes-api/authentication-resources/token-review-v1/) to validate other service account JWT tokens submitted by applications/pods. This is the JWT token obtained from step 1.5.","description_kind":"markdown","required":true}},"description":"Create and manage identity kubernetes auth in Infisical.","description_kind":"plain"}},"infisical_identity_oidc_auth":{"version":0,"block":{"attributes":{"access_token_max_ttl":{"type":"number","description":"The maximum lifetime for an access token in seconds. This value will be referenced at renewal time. Default: 2592000","description_kind":"plain","optional":true,"computed":true},"access_token_num_uses_limit":{"type":"number","description":"The maximum number of times that an access token can be used; a value of 0 implies infinite number of uses. Default:0","description_kind":"plain","optional":true,"computed":true},"access_token_trusted_ips":{"nested_type":{"attributes":{"ip_address":{"type":"string","description_kind":"plain","optional":true,"computed":true}},"nesting_mode":"list"},"description":"A list of IPs or CIDR ranges that access tokens can be used from. You can use 0.0.0.0/0, to allow usage from any network address...","description_kind":"plain","optional":true,"computed":true},"access_token_ttl":{"type":"number","description":"The lifetime for an access token in seconds. This value will be referenced at renewal time. Default: 2592000","description_kind":"plain","optional":true,"computed":true},"bound_audiences":{"type":["list","string"],"description":"The comma-separated list of intended recipients.","description_kind":"plain","optional":true,"computed":true},"bound_claims":{"type":["map","string"],"description":"The attributes that should be present in the JWT for it to be valid. The provided values can be a glob pattern.","description_kind":"plain","optional":true,"computed":true},"bound_issuer":{"type":"string","description":"The unique identifier of the identity provider issuing the OIDC tokens.","description_kind":"plain","required":true},"bound_subject":{"type":"string","description":"The expected principal that is the subject of the JWT.","description_kind":"plain","optional":true,"computed":true},"claim_metadata_mapping":{"type":["map","string"],"description":"Map OIDC token claims to metadata fields. Example: {\"role\": \"token.groups\"}, this would become identity.metadata.oidc.claims.role","description_kind":"plain","optional":true,"computed":true},"id":{"type":"string","description":"The ID of the oidc auth.","description_kind":"plain","computed":true},"identity_id":{"type":"string","description":"The ID of the identity to attach the configuration onto.","description_kind":"plain","required":true},"oidc_ca_certificate":{"type":"string","description":"The PEM-encoded CA cert for establishing secure communication with the Identity Provider endpoints","description_kind":"markdown","optional":true,"computed":true},"oidc_discovery_url":{"type":"string","description":"The URL used to retrieve the OpenID Connect configuration from the identity provider.","description_kind":"plain","required":true}},"description":"Create and manage identity oidc auth in Infisical.","description_kind":"plain"}},"infisical_identity_universal_auth":{"version":0,"block":{"attributes":{"access_token_max_ttl":{"type":"number","description":"The maximum lifetime for an access token in seconds. This value will be referenced at renewal time. Default: 2592000","description_kind":"plain","optional":true,"computed":true},"access_token_num_uses_limit":{"type":"number","description":"The maximum number of times that an access token can be used; a value of 0 implies infinite number of uses. Default:0","description_kind":"plain","optional":true,"computed":true},"access_token_trusted_ips":{"nested_type":{"attributes":{"ip_address":{"type":"string","description_kind":"plain","optional":true,"computed":true}},"nesting_mode":"list"},"description":"A list of IPs or CIDR ranges that access tokens can be used from. You can use 0.0.0.0/0, to allow usage from any network address..","description_kind":"plain","optional":true,"computed":true},"access_token_ttl":{"type":"number","description":"The lifetime for an access token in seconds. This value will be referenced at renewal time. Default: 2592000","description_kind":"plain","optional":true,"computed":true},"client_secret_trusted_ips":{"nested_type":{"attributes":{"ip_address":{"type":"string","description_kind":"plain","optional":true,"computed":true}},"nesting_mode":"list"},"description":"A list of IPs or CIDR ranges that the Client Secret can be used from together with the Client ID to get back an access token. You can use 0.0.0.0/0, to allow usage from any network address.","description_kind":"plain","optional":true,"computed":true},"id":{"type":"string","description":"The ID of the universal auth","description_kind":"plain","computed":true},"identity_id":{"type":"string","description":"The ID of the identity to attach the configuration onto.","description_kind":"plain","required":true}},"description":"Create and manage identity universal auth in Infisical.","description_kind":"plain"}},"infisical_identity_universal_auth_client_secret":{"version":0,"block":{"attributes":{"client_id":{"type":"string","description":"The client ID of the secret.","description_kind":"plain","computed":true},"client_secret":{"type":"string","description":"The client secret.","description_kind":"plain","computed":true,"sensitive":true},"created_at":{"type":"string","description":"The UTC timestamp of the created at.","description_kind":"plain","computed":true},"description":{"type":"string","description":"The description of the client secret.","description_kind":"plain","optional":true},"id":{"type":"string","description":"The ID of the universal auth client secret","description_kind":"plain","computed":true},"identity_id":{"type":"string","description":"The ID of the identity to create a client secret for","description_kind":"plain","required":true},"is_revoked":{"type":"bool","description":"A flag indicating token has been revoked","description_kind":"plain","computed":true},"number_of_uses":{"type":"number","description":"The number of times that the client secret is used","description_kind":"plain","computed":true},"number_of_uses_limit":{"type":"number","description":"The maximum number of times that the client secret can be used; a value of 0 implies infinite number of uses. Default: 0","description_kind":"plain","optional":true,"computed":true},"ttl":{"type":"number","description":"The lifetime for the client secret in seconds. Default: 0 - not expiring","description_kind":"plain","optional":true,"computed":true}},"description":"Create and manage identity universal auth client secret in Infisical.","description_kind":"plain"}},"infisical_integration_aws_parameter_store":{"version":0,"block":{"attributes":{"access_key_id":{"type":"string","description":"The AWS access key ID. Used to authenticate with AWS Parameter Store. You must either set secret_access_key and access_key_id, or set assume_role_arn to assume a role.","description_kind":"plain","optional":true,"sensitive":true},"assume_role_arn":{"type":"string","description":"The ARN of the role to assume when syncing secrets to AWS Parameter Store. You must either set secret_access_key and access_key_id, or set assume_role_arn to assume a role.","description_kind":"plain","optional":true},"aws_region":{"type":"string","description":"The AWS region to sync secrets to. (us-east-1, us-east-2, etc)","description_kind":"plain","required":true},"environment":{"type":"string","description":"The slug of the environment to sync to AWS Parameter Store (prod, dev, staging, etc).","description_kind":"plain","required":true},"integration_auth_id":{"type":"string","description":"The ID of the integration auth, used internally by Infisical.","description_kind":"plain","computed":true},"integration_id":{"type":"string","description":"The ID of the integration, used internally by Infisical.","description_kind":"plain","computed":true},"options":{"nested_type":{"attributes":{"aws_tags":{"nested_type":{"attributes":{"key":{"type":"string","description":"The key of the tag.","description_kind":"plain","optional":true},"value":{"type":"string","description":"The value of the tag.","description_kind":"plain","optional":true}},"nesting_mode":"set"},"description":"Tags to attach to the AWS parameter store secrets.","description_kind":"plain","optional":true},"should_disable_delete":{"type":"bool","description":"Whether to disable deletion of existing secrets in AWS Parameter Store.","description_kind":"plain","optional":true,"computed":true}},"nesting_mode":"single"},"description":"Integration options","description_kind":"plain","optional":true,"computed":true},"parameter_store_path":{"type":"string","description":"The path in AWS Parameter Store to sync secrets to.","description_kind":"plain","required":true},"project_id":{"type":"string","description":"The ID of your Infisical project.","description_kind":"plain","required":true},"secret_access_key":{"type":"string","description":"The AWS secret access key. Used to authenticate with AWS Parameter Store. You must either set secret_access_key and access_key_id, or set assume_role_arn to assume a role.","description_kind":"plain","optional":true,"sensitive":true},"secret_path":{"type":"string","description":"The secret path in Infisical to sync secrets from.","description_kind":"plain","required":true}},"description":"Create AWS Parameter Store integration \u0026 save to Infisical. Only Machine Identity authentication is supported for this data source","description_kind":"plain"}},"infisical_integration_aws_secrets_manager":{"version":0,"block":{"attributes":{"access_key_id":{"type":"string","description":"The AWS access key ID. Used to authenticate with AWS Secrets Manager. You must either set secret_access_key and access_key_id, or set assume_role_arn to assume a role.","description_kind":"plain","optional":true,"sensitive":true},"assume_role_arn":{"type":"string","description":"The ARN of the role to assume when syncing secrets to AWS Secrets Manager. You must either set secret_access_key and access_key_id, or set assume_role_arn to assume a role.","description_kind":"plain","optional":true},"aws_region":{"type":"string","description":"The AWS region to sync secrets to. (us-east-1, us-east-2, etc)","description_kind":"plain","required":true},"environment":{"type":"string","description":"The slug of the environment to sync to AWS Secrets Manager (prod, dev, staging, etc).","description_kind":"plain","required":true},"integration_auth_id":{"type":"string","description":"The ID of the integration auth, used internally by Infisical.","description_kind":"plain","computed":true},"integration_id":{"type":"string","description":"The ID of the integration, used internally by Infisical.","description_kind":"plain","computed":true},"mapping_behavior":{"type":"string","description":"The behavior of the mapping. Can be 'many-to-one' or 'one-to-one'. Many to One: All Infisical secrets will be mapped to a single AWS secret. One to One: Each Infisical secret will be mapped to its own AWS secret.","description_kind":"plain","optional":true,"computed":true},"options":{"nested_type":{"attributes":{"aws_tags":{"nested_type":{"attributes":{"key":{"type":"string","description":"The key of the tag.","description_kind":"plain","optional":true},"value":{"type":"string","description":"The value of the tag.","description_kind":"plain","optional":true}},"nesting_mode":"set"},"description":"Tags to attach to the AWS Secrets Manager secrets.","description_kind":"plain","optional":true},"metadata_sync_mode":{"type":"string","description":"The sync mode for AWS tags. The supported options are `secret-metadata` and `custom`. If `secret-metadata` is selected, the metadata of the Infisical secrets are used as tags in AWS (only supported for one-to-one integrations). If `custom` is selected, then the key/value pairs in the `aws_tags` field is used.","description_kind":"plain","optional":true},"secret_prefix":{"type":"string","description":"The prefix to add to the secret name in AWS Secrets Manager.","description_kind":"plain","optional":true}},"nesting_mode":"single"},"description":"Integration options","description_kind":"plain","optional":true,"computed":true},"project_id":{"type":"string","description":"The ID of your Infisical project.","description_kind":"plain","required":true},"secret_access_key":{"type":"string","description":"The AWS secret access key. Used to authenticate with AWS Secrets Manager. You must either set secret_access_key and access_key_id, or set assume_role_arn to assume a role.","description_kind":"plain","optional":true,"sensitive":true},"secret_path":{"type":"string","description":"The secret path in Infisical to sync secrets from.","description_kind":"plain","required":true},"secrets_manager_path":{"type":"string","description":"The path in AWS Secrets Manager to sync secrets to. This is required if mapping_behavior is 'many-to-one'.","description_kind":"plain","optional":true}},"description":"Create AWS Secrets Manager integration \u0026 save to Infisical. Only Machine Identity authentication is supported for this data source","description_kind":"plain"}},"infisical_integration_circleci":{"version":0,"block":{"attributes":{"circleci_org_slug":{"type":"string","description":"The organization slug of your CircleCI organization.","description_kind":"plain","required":true},"circleci_project_id":{"type":"string","description":"The project ID of your CircleCI project.","description_kind":"plain","required":true},"circleci_token":{"type":"string","description":"Your personal CircleCI token to authenticate with.","description_kind":"plain","required":true,"sensitive":true},"environment":{"type":"string","description":"The slug of the environment to sync to CircleCI (prod, dev, staging, etc).","description_kind":"plain","required":true},"integration_auth_id":{"type":"string","description":"The ID of the integration auth, used internally by Infisical.","description_kind":"plain","computed":true},"integration_id":{"type":"string","description":"The ID of the integration, used internally by Infisical.","description_kind":"plain","computed":true},"project_id":{"type":"string","description":"The ID of your Infisical project.","description_kind":"plain","required":true},"secret_path":{"type":"string","description":"The secret path in Infisical to sync secrets from.","description_kind":"plain","required":true}},"description":"Create CircleCI integration \u0026 save to Infisical. Only Machine Identity authentication is supported for this data source","description_kind":"plain"}},"infisical_integration_databricks":{"version":0,"block":{"attributes":{"databricks_host":{"type":"string","description":"The Databricks host URL.","description_kind":"plain","required":true},"databricks_secret_scope":{"type":"string","description":"The Databricks secret scope. Example: your-secret-scope","description_kind":"plain","required":true},"databricks_token":{"type":"string","description":"The Databricks access token.","description_kind":"plain","required":true,"sensitive":true},"environment":{"type":"string","description":"The slug of the environment to sync to Databricks (prod, dev, staging, etc).","description_kind":"plain","required":true},"integration_auth_id":{"type":"string","description":"The ID of the integration auth, used internally by Infisical.","description_kind":"plain","computed":true},"integration_id":{"type":"string","description":"The ID of the integration, used internally by Infisical.","description_kind":"plain","computed":true},"project_id":{"type":"string","description":"The ID of your Infisical project.","description_kind":"plain","required":true},"secret_path":{"type":"string","description":"The secret path in Infisical to sync secrets from.","description_kind":"plain","required":true}},"description":"Create Databricks integration \u0026 save to Infisical. Only Machine Identity authentication is supported for this data source","description_kind":"plain"}},"infisical_integration_gcp_secret_manager":{"version":0,"block":{"attributes":{"environment":{"type":"string","description":"The slug of the environment to sync to GCP Secret Manager (prod, dev, staging, etc).","description_kind":"plain","required":true},"gcp_project_id":{"type":"string","description":"The ID of the GCP project.","description_kind":"plain","required":true},"integration_auth_id":{"type":"string","description":"The ID of the integration auth, used internally by Infisical.","description_kind":"plain","computed":true},"integration_id":{"type":"string","description":"The ID of the integration, used internally by Infisical.","description_kind":"plain","computed":true},"options":{"nested_type":{"attributes":{"secret_prefix":{"type":"string","description":"The prefix to add to the secret name in GCP Secret Manager.","description_kind":"plain","optional":true},"secret_suffix":{"type":"string","description":"The suffix to add to the secret name in GCP Secret Manager.","description_kind":"plain","optional":true}},"nesting_mode":"single"},"description":"Integration options","description_kind":"plain","optional":true,"computed":true},"project_id":{"type":"string","description":"The ID of your Infisical project.","description_kind":"plain","required":true},"secret_path":{"type":"string","description":"The secret path in Infisical to sync secrets from.","description_kind":"plain","required":true},"service_account_json":{"type":"string","description":"Service account json for the GCP project.","description_kind":"plain","required":true,"sensitive":true}},"description":"Create GCP Secret Manager integration \u0026 save to Infisical. Only Machine Identity authentication is supported for this data source","description_kind":"plain"}},"infisical_project":{"version":0,"block":{"attributes":{"audit_log_retention_days":{"type":"number","description":"The audit log retention in days","description_kind":"plain","optional":true,"computed":true},"description":{"type":"string","description":"The description of the project","description_kind":"plain","optional":true},"has_delete_protection":{"type":"bool","description":"Whether the project has delete protection, defaults to false","description_kind":"plain","optional":true,"computed":true},"id":{"type":"string","description":"The ID of the project","description_kind":"plain","computed":true},"kms_secret_manager_key_id":{"type":"string","description":"The ID of the KMS secret manager key to use for the project","description_kind":"plain","optional":true,"computed":true},"last_updated":{"type":"string","description_kind":"plain","computed":true},"name":{"type":"string","description":"The name of the project","description_kind":"plain","required":true},"should_create_default_envs":{"type":"bool","description":"Whether to create default environments for the project (dev, staging, prod), defaults to true","description_kind":"plain","optional":true},"slug":{"type":"string","description":"The slug of the project","description_kind":"plain","required":true},"template_name":{"type":"string","description":"The name of the template to use for the project","description_kind":"plain","optional":true}},"description":"Create projects \u0026 save to Infisical. Only Machine Identity authentication is supported for this data source.","description_kind":"plain"}},"infisical_project_environment":{"version":0,"block":{"attributes":{"id":{"type":"string","description":"The ID of the environment","description_kind":"plain","computed":true},"name":{"type":"string","description":"The name of the environment","description_kind":"plain","required":true},"position":{"type":"number","description":"The position of the environment","description_kind":"plain","optional":true,"computed":true},"project_id":{"type":"string","description":"The Infisical project ID (Required for Machine Identity auth, and service tokens with multiple scopes)","description_kind":"plain","required":true},"slug":{"type":"string","description":"The slug of the environment","description_kind":"plain","required":true}},"description":"Create project environment","description_kind":"plain"}},"infisical_project_group":{"version":0,"block":{"attributes":{"group_id":{"type":"string","description":"The id of the group.","description_kind":"plain","optional":true,"computed":true},"group_name":{"type":"string","description":"The name of the group.","description_kind":"plain","optional":true},"membership_id":{"type":"string","description":"The membership Id of the project group","description_kind":"plain","computed":true},"project_id":{"type":"string","description":"The id of the project.","description_kind":"plain","required":true},"roles":{"type":"string","description":"JSON array of role assignments for this group. Each role object must include a `role_slug` field. Example: `[{\"role_slug\":\"admin\"},{\"role_slug\":\"member\"}]`.","description_kind":"plain","required":true}},"description":"Create project groups \u0026 save to Infisical. Only Machine Identity authentication is supported for this data source","description_kind":"plain"}},"infisical_project_identity":{"version":0,"block":{"attributes":{"identity_id":{"type":"string","description":"The id of the identity.","description_kind":"plain","required":true},"membership_id":{"type":"string","description":"The membership Id of the project identity","description_kind":"plain","computed":true},"project_id":{"type":"string","description":"The id of the project","description_kind":"plain","required":true},"roles":{"type":"string","description":"JSON array of role assignments for this identity. Each role object must include a `role_slug` field. Example: `[{\"role_slug\":\"admin\"},{\"role_slug\":\"member\"}]`.","description_kind":"plain","required":true}},"description":"Create project identities \u0026 save to Infisical. Only Machine Identity authentication is supported for this data source","description_kind":"plain"}},"infisical_project_identity_specific_privilege":{"version":0,"block":{"attributes":{"id":{"type":"string","description":"The ID of the privilege","description_kind":"plain","computed":true},"identity_id":{"type":"string","description":"The identity id to create identity specific privilege","description_kind":"plain","required":true},"is_temporary":{"type":"bool","description":"Flag to indicate the assigned specific privilege is temporary or not. When is_temporary is true fields temporary_mode, temporary_range and temporary_access_start_time is required.","description_kind":"plain","optional":true,"computed":true},"permission":{"nested_type":{"attributes":{"actions":{"type":["list","string"],"description":"Describe what action an entity can take. Enum: create,edit,delete,read","description_kind":"plain","required":true},"conditions":{"nested_type":{"attributes":{"environment":{"type":"string","description":"The environment slug this permission should allow.","description_kind":"plain","required":true},"secret_path":{"type":"string","description":"The secret path this permission should be scoped to","description_kind":"plain","optional":true}},"nesting_mode":"single"},"description":"The conditions to scope permissions","description_kind":"plain","required":true},"subject":{"type":"string","description":"Describe what action an entity can take. Enum: role,member,groups,settings,integrations,webhooks,service-tokens,environments,tags,audit-logs,ip-allowlist,workspace,secrets,secret-rollback,secret-approval,secret-rotation,identity,certificate-authorities,certificates,certificate-templates,kms,pki-alerts,pki-collections","description_kind":"plain","required":true}},"nesting_mode":"single"},"description":"(DEPRECATED, USE permissions_v2. Refer to the migration guide in https://infisical.com/docs/internals/permissions#migrating-from-permission-v1-to-permission-v2) The permissions assigned to the project identity specific privilege","description_kind":"plain","optional":true},"permissions_v2":{"nested_type":{"attributes":{"action":{"type":["set","string"],"description":"Describe what actions an entity can take.","description_kind":"plain","required":true},"conditions":{"type":"string","description":"When specified, only matching conditions will be allowed to access given resource. Refer to the documentation in https://infisical.com/docs/internals/permissions#conditions for the complete list of supported properties and operators.","description_kind":"plain","optional":true},"inverted":{"type":"bool","description":"Whether rule forbids. Set this to true if permission forbids.","description_kind":"plain","optional":true,"computed":true},"subject":{"type":"string","description":"Describe the entity the permission pertains to.","description_kind":"plain","required":true}},"nesting_mode":"list"},"description":"The permissions assigned to the project identity specific privilege. Refer to the documentation here https://infisical.com/docs/internals/permissions for its usage.","description_kind":"plain","optional":true},"project_slug":{"type":"string","description":"The slug of the project to create identity specific privilege","description_kind":"plain","required":true},"slug":{"type":"string","description":"The slug for the new privilege","description_kind":"plain","optional":true,"computed":true},"temporary_access_end_time":{"type":"string","description":"ISO time for which temporary access will end. Computed based on temporary_range and temporary_access_start_time","description_kind":"plain","optional":true,"computed":true},"temporary_access_start_time":{"type":"string","description":"ISO time for which temporary access should begin. The current time is used by default.","description_kind":"plain","optional":true,"computed":true},"temporary_mode":{"type":"string","description":"Type of temporary access given. Types: relative. Default: relative","description_kind":"plain","optional":true,"computed":true},"temporary_range":{"type":"string","description":"TTL for the temporary time. Eg: 1m, 1h, 1d. Default: 1h","description_kind":"plain","optional":true,"computed":true}},"description":"Create additional privileges for identities \u0026 save to Infisical. Only Machine Identity authentication is supported for this data source.","description_kind":"plain"}},"infisical_project_role":{"version":0,"block":{"attributes":{"description":{"type":"string","description":"The description for the new role. Defaults to an empty string.","description_kind":"plain","optional":true,"computed":true},"id":{"type":"string","description":"The ID of the role","description_kind":"plain","computed":true},"name":{"type":"string","description":"The name for the new role","description_kind":"plain","required":true},"permissions":{"nested_type":{"attributes":{"action":{"type":"string","description":"Describe what action an entity can take. Enum: create,edit,delete,read","description_kind":"plain","required":true},"conditions":{"nested_type":{"attributes":{"environment":{"type":"string","description":"The environment slug this permission should allow.","description_kind":"plain","optional":true},"secret_path":{"type":"string","description":"The secret path this permission should be scoped to","description_kind":"plain","optional":true}},"nesting_mode":"single"},"description":"The conditions to scope permissions","description_kind":"plain","optional":true},"subject":{"type":"string","description":"Describe what action an entity can take. Enum: role,member,groups,settings,integrations,webhooks,service-tokens,environments,tags,audit-logs,ip-allowlist,workspace,secrets,secret-rollback,secret-approval,secret-rotation,identity,certificate-authorities,certificates,certificate-templates,kms,pki-alerts,pki-collections","description_kind":"plain","required":true}},"nesting_mode":"list"},"description":"(DEPRECATED, USE permissions_v2. Refer to the migration guide in https://infisical.com/docs/internals/permissions#migrating-from-permission-v1-to-permission-v2) The permissions assigned to the project role","description_kind":"plain","optional":true},"permissions_v2":{"nested_type":{"attributes":{"action":{"type":["set","string"],"description":"Describe what actions an entity can take.","description_kind":"plain","required":true},"conditions":{"type":"string","description":"When specified, only matching conditions will be allowed to access given resource. Refer to the documentation in https://infisical.com/docs/internals/permissions#conditions for the complete list of supported properties and operators.","description_kind":"plain","optional":true},"inverted":{"type":"bool","description":"Whether rule forbids. Set this to true if permission forbids.","description_kind":"plain","optional":true,"computed":true},"subject":{"type":"string","description":"Describe the entity the permission pertains to.","description_kind":"plain","required":true}},"nesting_mode":"list"},"description":"The permissions assigned to the project role. Refer to the documentation here https://infisical.com/docs/internals/permissions for its usage.","description_kind":"plain","optional":true},"project_slug":{"type":"string","description":"The slug of the project to create role","description_kind":"plain","required":true},"slug":{"type":"string","description":"The slug for the new role","description_kind":"plain","required":true}},"description":"Create custom project roles \u0026 save to Infisical. Only Machine Identity authentication is supported for this data source.","description_kind":"plain"}},"infisical_project_template":{"version":0,"block":{"attributes":{"description":{"type":"string","description":"The description of the project template","description_kind":"plain","optional":true},"environments":{"nested_type":{"attributes":{"name":{"type":"string","description":"The name of the environment","description_kind":"plain","required":true},"position":{"type":"number","description":"The position of the environment","description_kind":"plain","required":true},"slug":{"type":"string","description":"The slug of the environment","description_kind":"plain","required":true}},"nesting_mode":"list"},"description":"The environments for the project template","description_kind":"plain","optional":true},"id":{"type":"string","description":"The ID of the project template","description_kind":"plain","computed":true},"name":{"type":"string","description":"The name of the project template","description_kind":"plain","required":true},"roles":{"nested_type":{"attributes":{"name":{"type":"string","description":"The name of the role","description_kind":"plain","required":true},"permissions":{"nested_type":{"attributes":{"action":{"type":["set","string"],"description":"Describe what actions an entity can take.","description_kind":"plain","required":true},"conditions":{"type":"string","description":"When specified, only matching conditions will be allowed to access given resource. Refer to the documentation in https://infisical.com/docs/internals/permissions#conditions for the complete list of supported properties and operators.","description_kind":"plain","optional":true},"inverted":{"type":"bool","description":"Whether rule forbids. Set this to true if permission forbids.","description_kind":"plain","optional":true,"computed":true},"subject":{"type":"string","description":"Describe the entity the permission pertains to.","description_kind":"plain","required":true}},"nesting_mode":"list"},"description":"The permissions assigned to the role. Refer to the documentation here https://infisical.com/docs/api-reference/endpoints/project-templates/create#body-roles-permissions for its usage.","description_kind":"plain","optional":true,"computed":true},"slug":{"type":"string","description":"The slug of the role","description_kind":"plain","required":true}},"nesting_mode":"list"},"description":"The roles for the project template","description_kind":"plain","optional":true,"computed":true},"type":{"type":"string","description":"The type of the project template. Refer to the documentation here https://infisical.com/docs/api-reference/endpoints/project-templates/create#body-type for the available options","description_kind":"plain","required":true}},"description":"Create project templates \u0026 save to Infisical. Only Machine Identity authentication is supported for this resource.","description_kind":"plain"}},"infisical_project_user":{"version":0,"block":{"attributes":{"membership_id":{"type":"string","description":"The membershipId of the project user","description_kind":"plain","computed":true},"project_id":{"type":"string","description":"The id of the project","description_kind":"plain","required":true},"roles":{"type":"string","description":"JSON array of role assignments for this user. Each role object must include a `role_slug` field. Example: `[{\"role_slug\":\"admin\"},{\"role_slug\":\"member\"}]`.","description_kind":"plain","required":true},"username":{"type":"string","description":"The usename of the user. By default its the email","description_kind":"plain","required":true}},"description":"Create project users \u0026 save to Infisical. Only Machine Identity authentication is supported for this resource","description_kind":"plain"}},"infisical_secret":{"version":0,"block":{"attributes":{"env_slug":{"type":"string","description":"The environment slug of the secret to modify/create","description_kind":"plain","required":true},"folder_path":{"type":"string","description":"The path to the folder where the given secret resides","description_kind":"plain","required":true},"id":{"type":"string","description":"The ID of the secret","description_kind":"plain","computed":true},"last_updated":{"type":"string","description_kind":"plain","computed":true},"name":{"type":"string","description":"The name of the secret","description_kind":"plain","required":true},"secret_reminder":{"nested_type":{"attributes":{"note":{"type":"string","description":"Note for the secret rotation reminder","description_kind":"plain","optional":true},"repeat_days":{"type":"number","description":"Frequency of secret rotation reminder in days","description_kind":"plain","required":true}},"nesting_mode":"single"},"description_kind":"plain","optional":true},"tag_ids":{"type":["list","string"],"description":"Tag ids to be attached for the secrets.","description_kind":"plain","optional":true},"value":{"type":"string","description":"The value of the secret","description_kind":"plain","required":true,"sensitive":true},"workspace_id":{"type":"string","description":"The Infisical project ID (Required for Machine Identity auth, and service tokens with multiple scopes)","description_kind":"plain","optional":true,"computed":true}},"description":"Create secrets \u0026 save to Infisical","description_kind":"plain"}},"infisical_secret_approval_policy":{"version":0,"block":{"attributes":{"allow_self_approval":{"type":"bool","description":"Whether to allow the  approvers to approve their own changes","description_kind":"plain","optional":true,"computed":true},"approvers":{"nested_type":{"attributes":{"id":{"type":"string","description":"The ID of the approver","description_kind":"plain","optional":true},"type":{"type":"string","description":"The type of approver. Either group or user","description_kind":"plain","required":true},"username":{"type":"string","description":"The username of the approver. By default, this is the email","description_kind":"plain","optional":true}},"nesting_mode":"set"},"description":"The required approvers","description_kind":"plain","required":true},"enforcement_level":{"type":"string","description":"The enforcement level of the policy. This can either be hard or soft","description_kind":"plain","optional":true,"computed":true},"environment_slug":{"type":"string","description":" (DEPRECATED, Use environment_slugs instead) The environment to apply the secret approval policy to","description_kind":"plain","optional":true},"environment_slugs":{"type":["list","string"],"description":"The environments to apply the secret approval policy to","description_kind":"plain","optional":true},"id":{"type":"string","description":"The ID of the secret approval policy","description_kind":"plain","computed":true},"name":{"type":"string","description":"The name of the secret approval policy","description_kind":"plain","optional":true,"computed":true},"project_id":{"type":"string","description":"The ID of the project to add the secret approval policy","description_kind":"plain","required":true},"required_approvals":{"type":"number","description":"The number of required approvers","description_kind":"plain","required":true},"secret_path":{"type":"string","description":"The secret path to apply the secret approval policy to","description_kind":"plain","required":true}},"description":"Create secret approval policy for your projects","description_kind":"plain"}},"infisical_secret_folder":{"version":0,"block":{"attributes":{"environment_id":{"type":"string","description":"The ID of the environment","description_kind":"plain","computed":true},"environment_slug":{"type":"string","description":"The environment slug of the folder to modify/create","description_kind":"plain","required":true},"folder_path":{"type":"string","description":"The path where the folder should be created/updated","description_kind":"plain","required":true},"id":{"type":"string","description":"The ID of the folder","description_kind":"plain","computed":true},"name":{"type":"string","description":"The name for the folder","description_kind":"plain","required":true},"path":{"type":"string","description":"The full path of the folder, including its name.","description_kind":"plain","computed":true},"project_id":{"type":"string","description":"The Infisical project ID (Required for Machine Identity auth, and service tokens with multiple scopes)","description_kind":"plain","required":true}},"description":"Create secret folder \u0026 save to Infisical.","description_kind":"plain"}},"infisical_secret_import":{"version":0,"block":{"attributes":{"environment_slug":{"type":"string","description":"The environment slug of the secret import to modify/create","description_kind":"plain","required":true},"folder_path":{"type":"string","description":"The path where the secret should be imported","description_kind":"plain","required":true},"id":{"type":"string","description":"The ID of the secret import","description_kind":"plain","computed":true},"import_environment_slug":{"type":"string","description":"The environment slug of the secret import to modify/create","description_kind":"plain","required":true},"import_folder_path":{"type":"string","description":"The path where the secret should be imported from","description_kind":"plain","required":true},"is_replication":{"type":"bool","description":"The is_replication of the secret import to modify/create","description_kind":"plain","required":true},"project_id":{"type":"string","description":"The Infisical project ID","description_kind":"plain","required":true}},"description":"Create secret import \u0026 save to Infisical.","description_kind":"plain"}},"infisical_secret_rotation_aws_iam_user_secret":{"version":0,"block":{"attributes":{"auto_rotation_enabled":{"type":"bool","description":"Whether secrets should be automatically rotated.","description_kind":"plain","optional":true,"computed":true},"connection_id":{"type":"string","description":"The ID of the connection to use for the secret rotation.","description_kind":"plain","required":true},"description":{"type":"string","description":"The description of the secret rotation.","description_kind":"plain","optional":true},"environment":{"type":"string","description":"The slug of the project environment to rotate secrets from.","description_kind":"plain","required":true},"id":{"type":"string","description":"The ID of the secret rotation.","description_kind":"plain","computed":true},"name":{"type":"string","description":"The name of the secret rotation.","description_kind":"plain","required":true},"parameters":{"nested_type":{"attributes":{"region":{"type":"string","description":"The AWS region the client is present in.","description_kind":"plain","required":true},"user_name":{"type":"string","description":"The name of the client to rotate credentials for.","description_kind":"plain","required":true}},"nesting_mode":"single"},"description":"Parameters to modify how secrets are rotated.","description_kind":"plain","required":true},"project_id":{"type":"string","description":"The ID of the Infisical project to create the secret rotation in.","description_kind":"plain","required":true},"rotate_at_utc":{"nested_type":{"attributes":{"hours":{"type":"number","description":"The hour at which the rotation should occur (UTC).","description_kind":"plain","optional":true,"computed":true},"minutes":{"type":"number","description":"The minute at which the rotation should occur (UTC).","description_kind":"plain","optional":true,"computed":true}},"nesting_mode":"single"},"description":"At which UTC time the rotation should occur.","description_kind":"plain","optional":true,"computed":true},"rotation_interval":{"type":"number","description":"How many days to wait between each rotation.","description_kind":"plain","optional":true,"computed":true},"secret_path":{"type":"string","description":"The folder path to rotate secrets from.","description_kind":"plain","required":true},"secrets_mapping":{"nested_type":{"attributes":{"access_key_id":{"type":"string","description":"The name of the secret that the access key ID will be mapped to.","description_kind":"plain","required":true},"secret_access_key":{"type":"string","description":"The name of the secret that the rotated secret access key will be mapped to.","description_kind":"plain","required":true}},"nesting_mode":"single"},"description":"Secret mappings to modify how secrets are rotated.","description_kind":"plain","required":true},"temporary_parameters":{"nested_type":{"nesting_mode":"single"},"description":"Temporary parameters to modify how secrets are rotated.","description_kind":"plain","optional":true}},"description":"Create and manage AWS IAM User Secret Secret Rotations","description_kind":"plain"}},"infisical_secret_rotation_azure_client_secret":{"version":0,"block":{"attributes":{"auto_rotation_enabled":{"type":"bool","description":"Whether secrets should be automatically rotated.","description_kind":"plain","optional":true,"computed":true},"connection_id":{"type":"string","description":"The ID of the connection to use for the secret rotation.","description_kind":"plain","required":true},"description":{"type":"string","description":"The description of the secret rotation.","description_kind":"plain","optional":true},"environment":{"type":"string","description":"The slug of the project environment to rotate secrets from.","description_kind":"plain","required":true},"id":{"type":"string","description":"The ID of the secret rotation.","description_kind":"plain","computed":true},"name":{"type":"string","description":"The name of the secret rotation.","description_kind":"plain","required":true},"parameters":{"nested_type":{"attributes":{"client_id":{"type":"string","description":"The client ID of the Azure Application to rotate the client secret for.","description_kind":"plain","required":true},"object_id":{"type":"string","description":"The ID of the Azure Application to rotate the client secret for.","description_kind":"plain","required":true}},"nesting_mode":"single"},"description":"Parameters to modify how secrets are rotated.","description_kind":"plain","required":true},"project_id":{"type":"string","description":"The ID of the Infisical project to create the secret rotation in.","description_kind":"plain","required":true},"rotate_at_utc":{"nested_type":{"attributes":{"hours":{"type":"number","description":"The hour at which the rotation should occur (UTC).","description_kind":"plain","optional":true,"computed":true},"minutes":{"type":"number","description":"The minute at which the rotation should occur (UTC).","description_kind":"plain","optional":true,"computed":true}},"nesting_mode":"single"},"description":"At which UTC time the rotation should occur.","description_kind":"plain","optional":true,"computed":true},"rotation_interval":{"type":"number","description":"How many days to wait between each rotation.","description_kind":"plain","optional":true,"computed":true},"secret_path":{"type":"string","description":"The folder path to rotate secrets from.","description_kind":"plain","required":true},"secrets_mapping":{"nested_type":{"attributes":{"client_id":{"type":"string","description":"The name of the secret that the client ID will be mapped to.","description_kind":"plain","required":true},"client_secret":{"type":"string","description":"The name of the secret that the rotated client secret will be mapped to.","description_kind":"plain","required":true}},"nesting_mode":"single"},"description":"Secret mappings to modify how secrets are rotated.","description_kind":"plain","required":true},"temporary_parameters":{"nested_type":{"nesting_mode":"single"},"description":"Temporary parameters to modify how secrets are rotated.","description_kind":"plain","optional":true}},"description":"Create and manage Azure Client Secret Secret Rotations","description_kind":"plain"}},"infisical_secret_rotation_ldap_password":{"version":0,"block":{"attributes":{"auto_rotation_enabled":{"type":"bool","description":"Whether secrets should be automatically rotated.","description_kind":"plain","optional":true,"computed":true},"connection_id":{"type":"string","description":"The ID of the connection to use for the secret rotation.","description_kind":"plain","required":true},"description":{"type":"string","description":"The description of the secret rotation.","description_kind":"plain","optional":true},"environment":{"type":"string","description":"The slug of the project environment to rotate secrets from.","description_kind":"plain","required":true},"id":{"type":"string","description":"The ID of the secret rotation.","description_kind":"plain","computed":true},"name":{"type":"string","description":"The name of the secret rotation.","description_kind":"plain","required":true},"parameters":{"nested_type":{"attributes":{"dn":{"type":"string","description":"The Distinguished Name (DN) of the LDAP entry to rotate the password for.","description_kind":"plain","required":true},"password_requirements":{"nested_type":{"attributes":{"allowed_symbols":{"type":"string","description":"String of allowed symbols for password generation.","description_kind":"plain","optional":true},"length":{"type":"number","description":"The length of the generated password.","description_kind":"plain","required":true},"required":{"nested_type":{"attributes":{"digits":{"type":"number","description":"Minimum number of digits required in the password.","description_kind":"plain","required":true},"lowercase":{"type":"number","description":"Minimum number of lowercase letters required in the password.","description_kind":"plain","required":true},"symbols":{"type":"number","description":"Minimum number of symbols required in the password.","description_kind":"plain","required":true},"uppercase":{"type":"number","description":"Minimum number of uppercase letters required in the password.","description_kind":"plain","required":true}},"nesting_mode":"single"},"description":"Required character types in the generated password.","description_kind":"plain","required":true}},"nesting_mode":"single"},"description":"Password generation requirements.","description_kind":"plain","required":true},"rotation_method":{"type":"string","description":"The method to use for rotating the password. Supported options: connection-principal and target-principal (default: connection-principal)","description_kind":"plain","optional":true}},"nesting_mode":"single"},"description":"Parameters to modify how secrets are rotated.","description_kind":"plain","required":true},"project_id":{"type":"string","description":"The ID of the Infisical project to create the secret rotation in.","description_kind":"plain","required":true},"rotate_at_utc":{"nested_type":{"attributes":{"hours":{"type":"number","description":"The hour at which the rotation should occur (UTC).","description_kind":"plain","optional":true,"computed":true},"minutes":{"type":"number","description":"The minute at which the rotation should occur (UTC).","description_kind":"plain","optional":true,"computed":true}},"nesting_mode":"single"},"description":"At which UTC time the rotation should occur.","description_kind":"plain","optional":true,"computed":true},"rotation_interval":{"type":"number","description":"How many days to wait between each rotation.","description_kind":"plain","optional":true,"computed":true},"secret_path":{"type":"string","description":"The folder path to rotate secrets from.","description_kind":"plain","required":true},"secrets_mapping":{"nested_type":{"attributes":{"dn":{"type":"string","description":"The name of the secret that the Distinguished Name will be mapped to.","description_kind":"plain","required":true},"password":{"type":"string","description":"The name of the secret that the generated password will be mapped to.","description_kind":"plain","required":true}},"nesting_mode":"single"},"description":"Secret mappings to modify how secrets are rotated.","description_kind":"plain","required":true},"temporary_parameters":{"nested_type":{"attributes":{"password":{"type":"string","description":"The password of the provided principal if 'parameters.rotation_method' is set to 'target-principal'.","description_kind":"plain","optional":true}},"nesting_mode":"single"},"description":"Temporary parameters to modify how secrets are rotated.","description_kind":"plain","optional":true}},"description":"Create and manage LDAP Password Secret Rotations","description_kind":"plain"}},"infisical_secret_rotation_mssql_credentials":{"version":0,"block":{"attributes":{"auto_rotation_enabled":{"type":"bool","description":"Whether secrets should be automatically rotated.","description_kind":"plain","optional":true,"computed":true},"connection_id":{"type":"string","description":"The ID of the connection to use for the secret rotation.","description_kind":"plain","required":true},"description":{"type":"string","description":"The description of the secret rotation.","description_kind":"plain","optional":true},"environment":{"type":"string","description":"The slug of the project environment to rotate secrets from.","description_kind":"plain","required":true},"id":{"type":"string","description":"The ID of the secret rotation.","description_kind":"plain","computed":true},"name":{"type":"string","description":"The name of the secret rotation.","description_kind":"plain","required":true},"parameters":{"nested_type":{"attributes":{"username1":{"type":"string","description":"The username of the first login to rotate passwords for. This user must already exists in your database.","description_kind":"plain","required":true},"username2":{"type":"string","description":"The username of the second login to rotate passwords for. This user must already exists in your database.","description_kind":"plain","required":true}},"nesting_mode":"single"},"description":"Parameters to modify how secrets are rotated.","description_kind":"plain","required":true},"project_id":{"type":"string","description":"The ID of the Infisical project to create the secret rotation in.","description_kind":"plain","required":true},"rotate_at_utc":{"nested_type":{"attributes":{"hours":{"type":"number","description":"The hour at which the rotation should occur (UTC).","description_kind":"plain","optional":true,"computed":true},"minutes":{"type":"number","description":"The minute at which the rotation should occur (UTC).","description_kind":"plain","optional":true,"computed":true}},"nesting_mode":"single"},"description":"At which UTC time the rotation should occur.","description_kind":"plain","optional":true,"computed":true},"rotation_interval":{"type":"number","description":"How many days to wait between each rotation.","description_kind":"plain","optional":true,"computed":true},"secret_path":{"type":"string","description":"The folder path to rotate secrets from.","description_kind":"plain","required":true},"secrets_mapping":{"nested_type":{"attributes":{"password":{"type":"string","description":"The name of the secret that the generated password will be mapped to.","description_kind":"plain","required":true},"username":{"type":"string","description":"The name of the secret that the active username will be mapped to.","description_kind":"plain","required":true}},"nesting_mode":"single"},"description":"Secret mappings to modify how secrets are rotated.","description_kind":"plain","required":true},"temporary_parameters":{"nested_type":{"nesting_mode":"single"},"description":"Temporary parameters to modify how secrets are rotated.","description_kind":"plain","optional":true}},"description":"Create and manage MsSQL Credentials Secret Rotations","description_kind":"plain"}},"infisical_secret_rotation_mysql_credentials":{"version":0,"block":{"attributes":{"auto_rotation_enabled":{"type":"bool","description":"Whether secrets should be automatically rotated.","description_kind":"plain","optional":true,"computed":true},"connection_id":{"type":"string","description":"The ID of the connection to use for the secret rotation.","description_kind":"plain","required":true},"description":{"type":"string","description":"The description of the secret rotation.","description_kind":"plain","optional":true},"environment":{"type":"string","description":"The slug of the project environment to rotate secrets from.","description_kind":"plain","required":true},"id":{"type":"string","description":"The ID of the secret rotation.","description_kind":"plain","computed":true},"name":{"type":"string","description":"The name of the secret rotation.","description_kind":"plain","required":true},"parameters":{"nested_type":{"attributes":{"username1":{"type":"string","description":"The username of the first login to rotate passwords for. This user must already exists in your database.","description_kind":"plain","required":true},"username2":{"type":"string","description":"The username of the second login to rotate passwords for. This user must already exists in your database.","description_kind":"plain","required":true}},"nesting_mode":"single"},"description":"Parameters to modify how secrets are rotated.","description_kind":"plain","required":true},"project_id":{"type":"string","description":"The ID of the Infisical project to create the secret rotation in.","description_kind":"plain","required":true},"rotate_at_utc":{"nested_type":{"attributes":{"hours":{"type":"number","description":"The hour at which the rotation should occur (UTC).","description_kind":"plain","optional":true,"computed":true},"minutes":{"type":"number","description":"The minute at which the rotation should occur (UTC).","description_kind":"plain","optional":true,"computed":true}},"nesting_mode":"single"},"description":"At which UTC time the rotation should occur.","description_kind":"plain","optional":true,"computed":true},"rotation_interval":{"type":"number","description":"How many days to wait between each rotation.","description_kind":"plain","optional":true,"computed":true},"secret_path":{"type":"string","description":"The folder path to rotate secrets from.","description_kind":"plain","required":true},"secrets_mapping":{"nested_type":{"attributes":{"password":{"type":"string","description":"The name of the secret that the generated password will be mapped to.","description_kind":"plain","required":true},"username":{"type":"string","description":"The name of the secret that the active username will be mapped to.","description_kind":"plain","required":true}},"nesting_mode":"single"},"description":"Secret mappings to modify how secrets are rotated.","description_kind":"plain","required":true},"temporary_parameters":{"nested_type":{"nesting_mode":"single"},"description":"Temporary parameters to modify how secrets are rotated.","description_kind":"plain","optional":true}},"description":"Create and manage MySQL Credentials Secret Rotations","description_kind":"plain"}},"infisical_secret_rotation_oracledb_credentials":{"version":0,"block":{"attributes":{"auto_rotation_enabled":{"type":"bool","description":"Whether secrets should be automatically rotated.","description_kind":"plain","optional":true,"computed":true},"connection_id":{"type":"string","description":"The ID of the connection to use for the secret rotation.","description_kind":"plain","required":true},"description":{"type":"string","description":"The description of the secret rotation.","description_kind":"plain","optional":true},"environment":{"type":"string","description":"The slug of the project environment to rotate secrets from.","description_kind":"plain","required":true},"id":{"type":"string","description":"The ID of the secret rotation.","description_kind":"plain","computed":true},"name":{"type":"string","description":"The name of the secret rotation.","description_kind":"plain","required":true},"parameters":{"nested_type":{"attributes":{"username1":{"type":"string","description":"The username of the first login to rotate passwords for. This user must already exists in your database.","description_kind":"plain","required":true},"username2":{"type":"string","description":"The username of the second login to rotate passwords for. This user must already exists in your database.","description_kind":"plain","required":true}},"nesting_mode":"single"},"description":"Parameters to modify how secrets are rotated.","description_kind":"plain","required":true},"project_id":{"type":"string","description":"The ID of the Infisical project to create the secret rotation in.","description_kind":"plain","required":true},"rotate_at_utc":{"nested_type":{"attributes":{"hours":{"type":"number","description":"The hour at which the rotation should occur (UTC).","description_kind":"plain","optional":true,"computed":true},"minutes":{"type":"number","description":"The minute at which the rotation should occur (UTC).","description_kind":"plain","optional":true,"computed":true}},"nesting_mode":"single"},"description":"At which UTC time the rotation should occur.","description_kind":"plain","optional":true,"computed":true},"rotation_interval":{"type":"number","description":"How many days to wait between each rotation.","description_kind":"plain","optional":true,"computed":true},"secret_path":{"type":"string","description":"The folder path to rotate secrets from.","description_kind":"plain","required":true},"secrets_mapping":{"nested_type":{"attributes":{"password":{"type":"string","description":"The name of the secret that the generated password will be mapped to.","description_kind":"plain","required":true},"username":{"type":"string","description":"The name of the secret that the active username will be mapped to.","description_kind":"plain","required":true}},"nesting_mode":"single"},"description":"Secret mappings to modify how secrets are rotated.","description_kind":"plain","required":true},"temporary_parameters":{"nested_type":{"nesting_mode":"single"},"description":"Temporary parameters to modify how secrets are rotated.","description_kind":"plain","optional":true}},"description":"Create and manage Oracle Database Credentials Secret Rotations","description_kind":"plain"}},"infisical_secret_rotation_postgres_credentials":{"version":0,"block":{"attributes":{"auto_rotation_enabled":{"type":"bool","description":"Whether secrets should be automatically rotated.","description_kind":"plain","optional":true,"computed":true},"connection_id":{"type":"string","description":"The ID of the connection to use for the secret rotation.","description_kind":"plain","required":true},"description":{"type":"string","description":"The description of the secret rotation.","description_kind":"plain","optional":true},"environment":{"type":"string","description":"The slug of the project environment to rotate secrets from.","description_kind":"plain","required":true},"id":{"type":"string","description":"The ID of the secret rotation.","description_kind":"plain","computed":true},"name":{"type":"string","description":"The name of the secret rotation.","description_kind":"plain","required":true},"parameters":{"nested_type":{"attributes":{"username1":{"type":"string","description":"The username of the first login to rotate passwords for. This user must already exists in your database.","description_kind":"plain","required":true},"username2":{"type":"string","description":"The username of the second login to rotate passwords for. This user must already exists in your database.","description_kind":"plain","required":true}},"nesting_mode":"single"},"description":"Parameters to modify how secrets are rotated.","description_kind":"plain","required":true},"project_id":{"type":"string","description":"The ID of the Infisical project to create the secret rotation in.","description_kind":"plain","required":true},"rotate_at_utc":{"nested_type":{"attributes":{"hours":{"type":"number","description":"The hour at which the rotation should occur (UTC).","description_kind":"plain","optional":true,"computed":true},"minutes":{"type":"number","description":"The minute at which the rotation should occur (UTC).","description_kind":"plain","optional":true,"computed":true}},"nesting_mode":"single"},"description":"At which UTC time the rotation should occur.","description_kind":"plain","optional":true,"computed":true},"rotation_interval":{"type":"number","description":"How many days to wait between each rotation.","description_kind":"plain","optional":true,"computed":true},"secret_path":{"type":"string","description":"The folder path to rotate secrets from.","description_kind":"plain","required":true},"secrets_mapping":{"nested_type":{"attributes":{"password":{"type":"string","description":"The name of the secret that the generated password will be mapped to.","description_kind":"plain","required":true},"username":{"type":"string","description":"The name of the secret that the active username will be mapped to.","description_kind":"plain","required":true}},"nesting_mode":"single"},"description":"Secret mappings to modify how secrets are rotated.","description_kind":"plain","required":true},"temporary_parameters":{"nested_type":{"nesting_mode":"single"},"description":"Temporary parameters to modify how secrets are rotated.","description_kind":"plain","optional":true}},"description":"Create and manage PostgreSQL Credentials Secret Rotations","description_kind":"plain"}},"infisical_secret_sync_1password":{"version":0,"block":{"attributes":{"auto_sync_enabled":{"type":"bool","description":"Whether secrets should be automatically synced when changes occur at the source location or not.","description_kind":"plain","optional":true,"computed":true},"connection_id":{"type":"string","description":"The ID of the 1password Connection to use for syncing.","description_kind":"plain","required":true},"description":{"type":"string","description":"An optional description for the 1Password sync.","description_kind":"plain","optional":true},"destination_config":{"nested_type":{"attributes":{"value_label":{"type":"string","description":"The label of the 1Password item field which will hold your secret value. For example, if you were to sync Infisical secret 'foo: bar', the 1Password item equivalent would have an item title of 'foo', and a field on that item 'value: bar'. The field label 'value' is what gets changed by this option","description_kind":"plain","optional":true},"vault_id":{"type":"string","description":"The ID of the 1Password vault to sync secrets to","description_kind":"plain","required":true}},"nesting_mode":"single"},"description":"The destination configuration for the secret sync.","description_kind":"plain","required":true},"environment":{"type":"string","description":"The slug of the project environment to sync secrets from.","description_kind":"plain","required":true},"id":{"type":"string","description":"The ID of the 1Password secret sync","description_kind":"plain","computed":true},"name":{"type":"string","description":"The name of the 1Password sync to create. Must be slug-friendly.","description_kind":"plain","required":true},"project_id":{"type":"string","description":"The ID of the Infisical project to create the sync in.","description_kind":"plain","required":true},"secret_path":{"type":"string","description":"The folder path to sync secrets from.","description_kind":"plain","required":true},"sync_options":{"nested_type":{"attributes":{"disable_secret_deletion":{"type":"bool","description":"When set to true, Infisical will not remove secrets from 1Password. Enable this option if you intend to manage some secrets manually outside of Infisical.","description_kind":"plain","optional":true,"computed":true},"initial_sync_behavior":{"type":"string","description":"Specify how Infisical should resolve the initial sync to the destination. Supported options: overwrite-destination, import-prioritize-source, import-prioritize-destination","description_kind":"plain","required":true},"key_schema":{"type":"string","description":"The format to use for structuring secret keys in the 1Password destination.","description_kind":"plain","optional":true}},"nesting_mode":"single"},"description":"Parameters to modify how secrets are synced.","description_kind":"plain","required":true}},"description":"Create and manage 1Password secret syncs","description_kind":"plain"}},"infisical_secret_sync_aws_parameter_store":{"version":0,"block":{"attributes":{"auto_sync_enabled":{"type":"bool","description":"Whether secrets should be automatically synced when changes occur at the source location or not.","description_kind":"plain","optional":true,"computed":true},"connection_id":{"type":"string","description":"The ID of the aws Connection to use for syncing.","description_kind":"plain","required":true},"description":{"type":"string","description":"An optional description for the AWS Parameter Store sync.","description_kind":"plain","optional":true},"destination_config":{"nested_type":{"attributes":{"aws_region":{"type":"string","description":"The AWS region of your AWS Parameter Store","description_kind":"plain","required":true},"path":{"type":"string","description":"The path in the AWS Parameter Store where the secrets will be stored, Example: /example/path/","description_kind":"plain","required":true}},"nesting_mode":"single"},"description":"The destination configuration for the secret sync.","description_kind":"plain","required":true},"environment":{"type":"string","description":"The slug of the project environment to sync secrets from.","description_kind":"plain","required":true},"id":{"type":"string","description":"The ID of the AWS Parameter Store secret sync","description_kind":"plain","computed":true},"name":{"type":"string","description":"The name of the AWS Parameter Store sync to create. Must be slug-friendly.","description_kind":"plain","required":true},"project_id":{"type":"string","description":"The ID of the Infisical project to create the sync in.","description_kind":"plain","required":true},"secret_path":{"type":"string","description":"The folder path to sync secrets from.","description_kind":"plain","required":true},"sync_options":{"nested_type":{"attributes":{"aws_kms_key_id":{"type":"string","description":"The AWS KMS key ID to use for encryption","description_kind":"plain","optional":true},"disable_secret_deletion":{"type":"bool","description":"When set to true, Infisical will not remove secrets from AWS Parameter Store. Enable this option if you intend to manage some secrets manually outside of Infisical.","description_kind":"plain","optional":true,"computed":true},"initial_sync_behavior":{"type":"string","description":"Specify how Infisical should resolve the initial sync to the destination. Supported options: overwrite-destination, import-prioritize-source, import-prioritize-destination","description_kind":"plain","required":true},"key_schema":{"type":"string","description":"The format to use for structuring secret keys in the AWS Parameter Store destination.","description_kind":"plain","optional":true},"sync_secret_metadata_as_tags":{"type":"bool","description":"Whether to sync the secret metadata as tags","description_kind":"plain","optional":true,"computed":true},"tags":{"nested_type":{"attributes":{"key":{"type":"string","description":"The key of the tag","description_kind":"plain","required":true},"value":{"type":"string","description":"The value of the tag","description_kind":"plain","required":true}},"nesting_mode":"set"},"description":"The tags to sync to the secret","description_kind":"plain","optional":true}},"nesting_mode":"single"},"description":"Parameters to modify how secrets are synced.","description_kind":"plain","required":true}},"description":"Create and manage AWS Parameter Store secret syncs","description_kind":"plain"}},"infisical_secret_sync_aws_secrets_manager":{"version":0,"block":{"attributes":{"auto_sync_enabled":{"type":"bool","description":"Whether secrets should be automatically synced when changes occur at the source location or not.","description_kind":"plain","optional":true,"computed":true},"connection_id":{"type":"string","description":"The ID of the aws Connection to use for syncing.","description_kind":"plain","required":true},"description":{"type":"string","description":"An optional description for the AWS Secrets Manager sync.","description_kind":"plain","optional":true},"destination_config":{"nested_type":{"attributes":{"aws_region":{"type":"string","description":"The AWS region of your AWS Secrets Manager","description_kind":"plain","required":true},"aws_secrets_manager_secret_name":{"type":"string","description":"The name of the AWS secret to map to. This only applies when mapping_behavior is set to 'many-to-one'.","description_kind":"plain","optional":true},"mapping_behavior":{"type":"string","description":"The behavior of the mapping. Can be 'many-to-one' or 'one-to-one'. Many to One: All Infisical secrets will be mapped to a single AWS secret. One to One: Each Infisical secret will be mapped to its own AWS secret.","description_kind":"plain","optional":true,"computed":true}},"nesting_mode":"single"},"description":"The destination configuration for the secret sync.","description_kind":"plain","required":true},"environment":{"type":"string","description":"The slug of the project environment to sync secrets from.","description_kind":"plain","required":true},"id":{"type":"string","description":"The ID of the AWS Secrets Manager secret sync","description_kind":"plain","computed":true},"name":{"type":"string","description":"The name of the AWS Secrets Manager sync to create. Must be slug-friendly.","description_kind":"plain","required":true},"project_id":{"type":"string","description":"The ID of the Infisical project to create the sync in.","description_kind":"plain","required":true},"secret_path":{"type":"string","description":"The folder path to sync secrets from.","description_kind":"plain","required":true},"sync_options":{"nested_type":{"attributes":{"aws_kms_key_id":{"type":"string","description":"The AWS KMS key ID to use for encryption","description_kind":"plain","optional":true},"disable_secret_deletion":{"type":"bool","description":"When set to true, Infisical will not remove secrets from AWS Secrets Manager. Enable this option if you intend to manage some secrets manually outside of Infisical.","description_kind":"plain","optional":true,"computed":true},"initial_sync_behavior":{"type":"string","description":"Specify how Infisical should resolve the initial sync to the destination. Supported options: overwrite-destination, import-prioritize-source, import-prioritize-destination","description_kind":"plain","required":true},"key_schema":{"type":"string","description":"The format to use for structuring secret keys in the AWS Secrets Manager destination.","description_kind":"plain","optional":true},"sync_secret_metadata_as_tags":{"type":"bool","description":"Whether to sync the secret metadata as tags. This is only supported for the 'one-to-one' mapping behavior.","description_kind":"plain","optional":true,"computed":true},"tags":{"nested_type":{"attributes":{"key":{"type":"string","description":"The key of the tag","description_kind":"plain","required":true},"value":{"type":"string","description":"The value of the tag","description_kind":"plain","required":true}},"nesting_mode":"set"},"description":"The tags to sync to the secret","description_kind":"plain","optional":true}},"nesting_mode":"single"},"description":"Parameters to modify how secrets are synced.","description_kind":"plain","required":true}},"description":"Create and manage AWS Secrets Manager secret syncs","description_kind":"plain"}},"infisical_secret_sync_azure_app_configuration":{"version":0,"block":{"attributes":{"auto_sync_enabled":{"type":"bool","description":"Whether secrets should be automatically synced when changes occur at the source location or not.","description_kind":"plain","optional":true,"computed":true},"connection_id":{"type":"string","description":"The ID of the azure Connection to use for syncing.","description_kind":"plain","required":true},"description":{"type":"string","description":"An optional description for the Azure App Configuration sync.","description_kind":"plain","optional":true},"destination_config":{"nested_type":{"attributes":{"configuration_url":{"type":"string","description":"The URL of your Azure App Configuration","description_kind":"plain","required":true},"label":{"type":"string","description":"The label to attach to secrets created in Azure App Configuration","description_kind":"plain","optional":true,"computed":true}},"nesting_mode":"single"},"description":"The destination configuration for the secret sync.","description_kind":"plain","required":true},"environment":{"type":"string","description":"The slug of the project environment to sync secrets from.","description_kind":"plain","required":true},"id":{"type":"string","description":"The ID of the Azure App Configuration secret sync","description_kind":"plain","computed":true},"name":{"type":"string","description":"The name of the Azure App Configuration sync to create. Must be slug-friendly.","description_kind":"plain","required":true},"project_id":{"type":"string","description":"The ID of the Infisical project to create the sync in.","description_kind":"plain","required":true},"secret_path":{"type":"string","description":"The folder path to sync secrets from.","description_kind":"plain","required":true},"sync_options":{"nested_type":{"attributes":{"disable_secret_deletion":{"type":"bool","description":"When set to true, Infisical will not remove secrets from Azure App Configuration. Enable this option if you intend to manage some secrets manually outside of Infisical.","description_kind":"plain","optional":true,"computed":true},"initial_sync_behavior":{"type":"string","description":"Specify how Infisical should resolve the initial sync to the destination. Supported options: overwrite-destination, import-prioritize-source, import-prioritize-destination","description_kind":"plain","required":true},"key_schema":{"type":"string","description":"The format to use for structuring secret keys in the Azure App Configuration destination.","description_kind":"plain","optional":true}},"nesting_mode":"single"},"description":"Parameters to modify how secrets are synced.","description_kind":"plain","required":true}},"description":"Create and manage Azure App Configuration secret syncs","description_kind":"plain"}},"infisical_secret_sync_azure_devops":{"version":0,"block":{"attributes":{"auto_sync_enabled":{"type":"bool","description":"Whether secrets should be automatically synced when changes occur at the source location or not.","description_kind":"plain","optional":true,"computed":true},"connection_id":{"type":"string","description":"The ID of the azure Connection to use for syncing.","description_kind":"plain","required":true},"description":{"type":"string","description":"An optional description for the Azure DevOps sync.","description_kind":"plain","optional":true},"destination_config":{"nested_type":{"attributes":{"devops_project_id":{"type":"string","description":"The ID of the Azure DevOps project to sync secrets to.","description_kind":"plain","required":true}},"nesting_mode":"single"},"description":"The destination configuration for the secret sync.","description_kind":"plain","required":true},"environment":{"type":"string","description":"The slug of the project environment to sync secrets from.","description_kind":"plain","required":true},"id":{"type":"string","description":"The ID of the Azure DevOps secret sync","description_kind":"plain","computed":true},"name":{"type":"string","description":"The name of the Azure DevOps sync to create. Must be slug-friendly.","description_kind":"plain","required":true},"project_id":{"type":"string","description":"The ID of the Infisical project to create the sync in.","description_kind":"plain","required":true},"secret_path":{"type":"string","description":"The folder path to sync secrets from.","description_kind":"plain","required":true},"sync_options":{"nested_type":{"attributes":{"disable_secret_deletion":{"type":"bool","description":"When set to true, Infisical will not remove secrets from Azure DevOps. Enable this option if you intend to manage some secrets manually outside of Infisical.","description_kind":"plain","optional":true,"computed":true},"key_schema":{"type":"string","description":"The format to use for structuring secret keys in the Azure DevOps destination.","description_kind":"plain","optional":true}},"nesting_mode":"single"},"description":"Parameters to modify how secrets are synced.","description_kind":"plain","required":true}},"description":"Create and manage Azure DevOps secret syncs","description_kind":"plain"}},"infisical_secret_sync_azure_key_vault":{"version":0,"block":{"attributes":{"auto_sync_enabled":{"type":"bool","description":"Whether secrets should be automatically synced when changes occur at the source location or not.","description_kind":"plain","optional":true,"computed":true},"connection_id":{"type":"string","description":"The ID of the azure Connection to use for syncing.","description_kind":"plain","required":true},"description":{"type":"string","description":"An optional description for the Azure Key Vault sync.","description_kind":"plain","optional":true},"destination_config":{"nested_type":{"attributes":{"vault_base_url":{"type":"string","description":"The base URL of your Azure Key Vault","description_kind":"plain","required":true}},"nesting_mode":"single"},"description":"The destination configuration for the secret sync.","description_kind":"plain","required":true},"environment":{"type":"string","description":"The slug of the project environment to sync secrets from.","description_kind":"plain","required":true},"id":{"type":"string","description":"The ID of the Azure Key Vault secret sync","description_kind":"plain","computed":true},"name":{"type":"string","description":"The name of the Azure Key Vault sync to create. Must be slug-friendly.","description_kind":"plain","required":true},"project_id":{"type":"string","description":"The ID of the Infisical project to create the sync in.","description_kind":"plain","required":true},"secret_path":{"type":"string","description":"The folder path to sync secrets from.","description_kind":"plain","required":true},"sync_options":{"nested_type":{"attributes":{"disable_secret_deletion":{"type":"bool","description":"When set to true, Infisical will not remove secrets from Azure Key Vault. Enable this option if you intend to manage some secrets manually outside of Infisical.","description_kind":"plain","optional":true,"computed":true},"initial_sync_behavior":{"type":"string","description":"Specify how Infisical should resolve the initial sync to the destination. Supported options: overwrite-destination, import-prioritize-source, import-prioritize-destination","description_kind":"plain","required":true},"key_schema":{"type":"string","description":"The format to use for structuring secret keys in the Azure Key Vault destination.","description_kind":"plain","optional":true}},"nesting_mode":"single"},"description":"Parameters to modify how secrets are synced.","description_kind":"plain","required":true}},"description":"Create and manage Azure Key Vault secret syncs","description_kind":"plain"}},"infisical_secret_sync_bitbucket":{"version":0,"block":{"attributes":{"auto_sync_enabled":{"type":"bool","description":"Whether secrets should be automatically synced when changes occur at the source location or not.","description_kind":"plain","optional":true,"computed":true},"connection_id":{"type":"string","description":"The ID of the bitbucket Connection to use for syncing.","description_kind":"plain","required":true},"description":{"type":"string","description":"An optional description for the Bitbucket sync.","description_kind":"plain","optional":true},"destination_config":{"nested_type":{"attributes":{"environment_id":{"type":"string","description":"The Bitbucket deployment environment ID (optional).","description_kind":"plain","optional":true},"repository_slug":{"type":"string","description":"The Bitbucket repository slug to sync secrets to.","description_kind":"plain","required":true},"workspace_slug":{"type":"string","description":"The Bitbucket workspace slug.","description_kind":"plain","required":true}},"nesting_mode":"single"},"description":"The destination configuration for the secret sync.","description_kind":"plain","required":true},"environment":{"type":"string","description":"The slug of the project environment to sync secrets from.","description_kind":"plain","required":true},"id":{"type":"string","description":"The ID of the Bitbucket secret sync","description_kind":"plain","computed":true},"name":{"type":"string","description":"The name of the Bitbucket sync to create. Must be slug-friendly.","description_kind":"plain","required":true},"project_id":{"type":"string","description":"The ID of the Infisical project to create the sync in.","description_kind":"plain","required":true},"secret_path":{"type":"string","description":"The folder path to sync secrets from.","description_kind":"plain","required":true},"sync_options":{"nested_type":{"attributes":{"disable_secret_deletion":{"type":"bool","description":"When set to true, Infisical will not remove secrets from Bitbucket. Enable this option if you intend to manage some secrets manually outside of Infisical.","description_kind":"plain","optional":true,"computed":true},"initial_sync_behavior":{"type":"string","description":"Specify how Infisical should resolve the initial sync to the destination. Supported options: overwrite-destination","description_kind":"plain","required":true},"key_schema":{"type":"string","description":"The format to use for structuring secret keys in the Bitbucket destination.","description_kind":"plain","optional":true}},"nesting_mode":"single"},"description":"Parameters to modify how secrets are synced.","description_kind":"plain","required":true}},"description":"Create and manage Bitbucket secret syncs","description_kind":"plain"}},"infisical_secret_sync_cloudflare_pages":{"version":0,"block":{"attributes":{"auto_sync_enabled":{"type":"bool","description":"Whether secrets should be automatically synced when changes occur at the source location or not.","description_kind":"plain","optional":true,"computed":true},"connection_id":{"type":"string","description":"The ID of the cloudflare Connection to use for syncing.","description_kind":"plain","required":true},"description":{"type":"string","description":"An optional description for the Cloudflare Pages sync.","description_kind":"plain","optional":true},"destination_config":{"nested_type":{"attributes":{"environment":{"type":"string","description":"The Cloudflare Pages environment (production, preview) where the secrets will be synced","description_kind":"plain","required":true},"project_name":{"type":"string","description":"The Cloudflare Pages project name where the secrets will be synced","description_kind":"plain","required":true}},"nesting_mode":"single"},"description":"The destination configuration for the secret sync.","description_kind":"plain","required":true},"environment":{"type":"string","description":"The slug of the project environment to sync secrets from.","description_kind":"plain","required":true},"id":{"type":"string","description":"The ID of the Cloudflare Pages secret sync","description_kind":"plain","computed":true},"name":{"type":"string","description":"The name of the Cloudflare Pages sync to create. Must be slug-friendly.","description_kind":"plain","required":true},"project_id":{"type":"string","description":"The ID of the Infisical project to create the sync in.","description_kind":"plain","required":true},"secret_path":{"type":"string","description":"The folder path to sync secrets from.","description_kind":"plain","required":true},"sync_options":{"nested_type":{"attributes":{"disable_secret_deletion":{"type":"bool","description":"When set to true, Infisical will not remove secrets from Cloudflare Pages. Enable this option if you intend to manage some secrets manually outside of Infisical.","description_kind":"plain","optional":true,"computed":true},"initial_sync_behavior":{"type":"string","description":"Specify how Infisical should resolve the initial sync to the destination. Supported options: overwrite-destination, import-prioritize-source, import-prioritize-destination","description_kind":"plain","required":true},"key_schema":{"type":"string","description":"The format to use for structuring secret keys in the Cloudflare Pages destination.","description_kind":"plain","optional":true}},"nesting_mode":"single"},"description":"Parameters to modify how secrets are synced.","description_kind":"plain","required":true}},"description":"Create and manage Cloudflare Pages secret syncs","description_kind":"plain"}},"infisical_secret_sync_cloudflare_workers":{"version":0,"block":{"attributes":{"auto_sync_enabled":{"type":"bool","description":"Whether secrets should be automatically synced when changes occur at the source location or not.","description_kind":"plain","optional":true,"computed":true},"connection_id":{"type":"string","description":"The ID of the cloudflare Connection to use for syncing.","description_kind":"plain","required":true},"description":{"type":"string","description":"An optional description for the Cloudflare Workers sync.","description_kind":"plain","optional":true},"destination_config":{"nested_type":{"attributes":{"script_id":{"type":"string","description":"The Cloudflare Workers script ID where the secrets will be synced","description_kind":"plain","required":true}},"nesting_mode":"single"},"description":"The destination configuration for the secret sync.","description_kind":"plain","required":true},"environment":{"type":"string","description":"The slug of the project environment to sync secrets from.","description_kind":"plain","required":true},"id":{"type":"string","description":"The ID of the Cloudflare Workers secret sync","description_kind":"plain","computed":true},"name":{"type":"string","description":"The name of the Cloudflare Workers sync to create. Must be slug-friendly.","description_kind":"plain","required":true},"project_id":{"type":"string","description":"The ID of the Infisical project to create the sync in.","description_kind":"plain","required":true},"secret_path":{"type":"string","description":"The folder path to sync secrets from.","description_kind":"plain","required":true},"sync_options":{"nested_type":{"attributes":{"disable_secret_deletion":{"type":"bool","description":"When set to true, Infisical will not remove secrets from Cloudflare Workers. Enable this option if you intend to manage some secrets manually outside of Infisical.","description_kind":"plain","optional":true,"computed":true},"initial_sync_behavior":{"type":"string","description":"Specify how Infisical should resolve the initial sync to the destination. Supported options: overwrite-destination, import-prioritize-source, import-prioritize-destination","description_kind":"plain","required":true},"key_schema":{"type":"string","description":"The format to use for structuring secret keys in the Cloudflare Workers destination.","description_kind":"plain","optional":true}},"nesting_mode":"single"},"description":"Parameters to modify how secrets are synced.","description_kind":"plain","required":true}},"description":"Create and manage Cloudflare Workers secret syncs","description_kind":"plain"}},"infisical_secret_sync_databricks":{"version":0,"block":{"attributes":{"auto_sync_enabled":{"type":"bool","description":"Whether secrets should be automatically synced when changes occur at the source location or not.","description_kind":"plain","optional":true,"computed":true},"connection_id":{"type":"string","description":"The ID of the databricks Connection to use for syncing.","description_kind":"plain","required":true},"description":{"type":"string","description":"An optional description for the Databricks sync.","description_kind":"plain","optional":true},"destination_config":{"nested_type":{"attributes":{"scope":{"type":"string","description":"The Databricks secret scope to sync secrets to.","description_kind":"plain","required":true}},"nesting_mode":"single"},"description":"The destination configuration for the secret sync.","description_kind":"plain","required":true},"environment":{"type":"string","description":"The slug of the project environment to sync secrets from.","description_kind":"plain","required":true},"id":{"type":"string","description":"The ID of the Databricks secret sync","description_kind":"plain","computed":true},"name":{"type":"string","description":"The name of the Databricks sync to create. Must be slug-friendly.","description_kind":"plain","required":true},"project_id":{"type":"string","description":"The ID of the Infisical project to create the sync in.","description_kind":"plain","required":true},"secret_path":{"type":"string","description":"The folder path to sync secrets from.","description_kind":"plain","required":true},"sync_options":{"nested_type":{"attributes":{"disable_secret_deletion":{"type":"bool","description":"When set to true, Infisical will not remove secrets from Databricks. Enable this option if you intend to manage some secrets manually outside of Infisical.","description_kind":"plain","optional":true,"computed":true},"initial_sync_behavior":{"type":"string","description":"Specify how Infisical should resolve the initial sync to the destination. Supported options: overwrite-destination","description_kind":"plain","required":true},"key_schema":{"type":"string","description":"The format to use for structuring secret keys in the Databricks destination.","description_kind":"plain","optional":true}},"nesting_mode":"single"},"description":"Parameters to modify how secrets are synced.","description_kind":"plain","required":true}},"description":"Create and manage Databricks secret syncs","description_kind":"plain"}},"infisical_secret_sync_flyio":{"version":0,"block":{"attributes":{"auto_sync_enabled":{"type":"bool","description":"Whether secrets should be automatically synced when changes occur at the source location or not.","description_kind":"plain","optional":true,"computed":true},"connection_id":{"type":"string","description":"The ID of the flyio Connection to use for syncing.","description_kind":"plain","required":true},"description":{"type":"string","description":"An optional description for the Fly.io sync.","description_kind":"plain","optional":true},"destination_config":{"nested_type":{"attributes":{"app_id":{"type":"string","description":"The Fly.io app ID to sync secrets to.","description_kind":"plain","required":true}},"nesting_mode":"single"},"description":"The destination configuration for the secret sync.","description_kind":"plain","required":true},"environment":{"type":"string","description":"The slug of the project environment to sync secrets from.","description_kind":"plain","required":true},"id":{"type":"string","description":"The ID of the Fly.io secret sync","description_kind":"plain","computed":true},"name":{"type":"string","description":"The name of the Fly.io sync to create. Must be slug-friendly.","description_kind":"plain","required":true},"project_id":{"type":"string","description":"The ID of the Infisical project to create the sync in.","description_kind":"plain","required":true},"secret_path":{"type":"string","description":"The folder path to sync secrets from.","description_kind":"plain","required":true},"sync_options":{"nested_type":{"attributes":{"disable_secret_deletion":{"type":"bool","description":"When set to true, Infisical will not remove secrets from Fly.io. Enable this option if you intend to manage some secrets manually outside of Infisical.","description_kind":"plain","optional":true,"computed":true},"initial_sync_behavior":{"type":"string","description":"Specify how Infisical should resolve the initial sync to the destination. Supported options: overwrite-destination","description_kind":"plain","required":true},"key_schema":{"type":"string","description":"The format to use for structuring secret keys in the Fly.io destination.","description_kind":"plain","optional":true}},"nesting_mode":"single"},"description":"Parameters to modify how secrets are synced.","description_kind":"plain","required":true}},"description":"Create and manage Fly.io secret syncs","description_kind":"plain"}},"infisical_secret_sync_gcp_secret_manager":{"version":0,"block":{"attributes":{"auto_sync_enabled":{"type":"bool","description":"Whether secrets should be automatically synced when changes occur at the source location or not.","description_kind":"plain","optional":true,"computed":true},"connection_id":{"type":"string","description":"The ID of the GCP Connection to use for syncing.","description_kind":"plain","required":true},"description":{"type":"string","description":"An optional description for the GCP Secret Manager sync.","description_kind":"plain","optional":true},"destination_config":{"nested_type":{"attributes":{"project_id":{"type":"string","description":"The ID of the GCP project to sync with","description_kind":"plain","required":true},"scope":{"type":"string","description":"The scope of the sync with GCP Secret Manager. Supported options: global","description_kind":"plain","optional":true,"computed":true}},"nesting_mode":"single"},"description":"The destination configuration for the secret sync.","description_kind":"plain","required":true},"environment":{"type":"string","description":"The slug of the project environment to sync secrets from.","description_kind":"plain","required":true},"id":{"type":"string","description":"The ID of the GCP Secret Manager secret sync","description_kind":"plain","computed":true},"name":{"type":"string","description":"The name of the GCP Secret Manager sync to create. Must be slug-friendly.","description_kind":"plain","required":true},"project_id":{"type":"string","description":"The ID of the Infisical project to create the sync in.","description_kind":"plain","required":true},"secret_path":{"type":"string","description":"The folder path to sync secrets from.","description_kind":"plain","required":true},"sync_options":{"nested_type":{"attributes":{"disable_secret_deletion":{"type":"bool","description":"When set to true, Infisical will not remove secrets from GCP Secret Manager. Enable this option if you intend to manage some secrets manually outside of Infisical.","description_kind":"plain","optional":true,"computed":true},"initial_sync_behavior":{"type":"string","description":"Specify how Infisical should resolve the initial sync to the destination. Supported options: overwrite-destination, import-prioritize-source, import-prioritize-destination","description_kind":"plain","required":true},"key_schema":{"type":"string","description":"The format to use for structuring secret keys in the GCP Secret Manager destination.","description_kind":"plain","optional":true}},"nesting_mode":"single"},"description":"Parameters to modify how secrets are synced.","description_kind":"plain","required":true}},"description":"Create and manage GCP Secret Manager secret syncs","description_kind":"plain"}},"infisical_secret_sync_github":{"version":0,"block":{"attributes":{"auto_sync_enabled":{"type":"bool","description":"Whether secrets should be automatically synced when changes occur at the source location or not.","description_kind":"plain","optional":true,"computed":true},"connection_id":{"type":"string","description":"The ID of the github Connection to use for syncing.","description_kind":"plain","required":true},"description":{"type":"string","description":"An optional description for the Github sync.","description_kind":"plain","optional":true},"destination_config":{"nested_type":{"attributes":{"repository_environment":{"type":"string","description":"The environment to sync the secrets to, required if scope is `repository-environment`","description_kind":"plain","optional":true},"repository_name":{"type":"string","description":"The repository to sync the secrets to, required if scope is `repository` or `repository-environment`. This is only the name of the repository, without the repository owner included. As an example if you have a repository called Infisical/go-sdk, you would only need to provide `go-sdk` here.","description_kind":"plain","optional":true},"repository_owner":{"type":"string","description":"The owner of the Github repository, required if scope is `repository`, `repository-environment`, or `organization`. This is the organization name, or the username for personal repositories. As an example if you have a repository called Infisical/go-sdk, you would only need to provide `Infisical` here.","description_kind":"plain","optional":true},"scope":{"type":"string","description":"The scope to sync the secrets to, repository|organization","description_kind":"plain","required":true},"selected_repository_ids":{"type":["list","number"],"description":"The repository ids to sync the secrets to, required if scope is `organization` and the visibility field is set to `selected`","description_kind":"plain","optional":true},"visibility":{"type":"string","description":"The visibility of the Github repository, required if scope is `organization`. Accepted values are: `all`|`private`|`selected`","description_kind":"plain","optional":true}},"nesting_mode":"single"},"description":"The destination configuration for the secret sync.","description_kind":"plain","required":true},"environment":{"type":"string","description":"The slug of the project environment to sync secrets from.","description_kind":"plain","required":true},"id":{"type":"string","description":"The ID of the Github secret sync","description_kind":"plain","computed":true},"name":{"type":"string","description":"The name of the Github sync to create. Must be slug-friendly.","description_kind":"plain","required":true},"project_id":{"type":"string","description":"The ID of the Infisical project to create the sync in.","description_kind":"plain","required":true},"secret_path":{"type":"string","description":"The folder path to sync secrets from.","description_kind":"plain","required":true},"sync_options":{"nested_type":{"attributes":{"disable_secret_deletion":{"type":"bool","description":"When set to true, Infisical will not remove secrets from Github. Enable this option if you intend to manage some secrets manually outside of Infisical.","description_kind":"plain","optional":true,"computed":true},"initial_sync_behavior":{"type":"string","description":"Specify how Infisical should resolve the initial sync to the destination. Supported options: overwrite-destination","description_kind":"plain","required":true},"key_schema":{"type":"string","description":"The format to use for structuring secret keys in the Github destination.","description_kind":"plain","optional":true}},"nesting_mode":"single"},"description":"Parameters to modify how secrets are synced.","description_kind":"plain","required":true}},"description":"Create and manage Github secret syncs","description_kind":"plain"}},"infisical_secret_sync_gitlab":{"version":0,"block":{"attributes":{"auto_sync_enabled":{"type":"bool","description":"Whether secrets should be automatically synced when changes occur at the source location or not.","description_kind":"plain","optional":true,"computed":true},"connection_id":{"type":"string","description":"The ID of the gitlab Connection to use for syncing.","description_kind":"plain","required":true},"description":{"type":"string","description":"An optional description for the GitLab sync.","description_kind":"plain","optional":true},"destination_config":{"nested_type":{"attributes":{"group_id":{"type":"string","description":"The GitLab Group ID to sync secrets to. Required when scope is 'group'.","description_kind":"plain","optional":true},"group_name":{"type":"string","description":"The GitLab Group Name to sync secrets to. Optional when scope is 'group'.","description_kind":"plain","optional":true},"project_id":{"type":"string","description":"The GitLab Project ID to sync secrets to. Required when scope is 'project'.","description_kind":"plain","optional":true},"project_name":{"type":"string","description":"The GitLab Project Name to sync secrets to. Optional when scope is 'project'.","description_kind":"plain","optional":true},"scope":{"type":"string","description":"The GitLab scope that secrets should be synced to. Supported options: 'project', 'group'","description_kind":"plain","required":true},"should_hide_secrets":{"type":"bool","description":"Whether variables should be hidden","description_kind":"plain","optional":true,"computed":true},"should_mask_secrets":{"type":"bool","description":"Whether variables should be masked in logs","description_kind":"plain","optional":true,"computed":true},"should_protect_secrets":{"type":"bool","description":"Whether variables should be protected","description_kind":"plain","optional":true,"computed":true},"target_environment":{"type":"string","description":"The GitLab environment scope that secrets should be synced to. (default: *)","description_kind":"plain","required":true}},"nesting_mode":"single"},"description":"The destination configuration for the secret sync.","description_kind":"plain","required":true},"environment":{"type":"string","description":"The slug of the project environment to sync secrets from.","description_kind":"plain","required":true},"id":{"type":"string","description":"The ID of the GitLab secret sync","description_kind":"plain","computed":true},"name":{"type":"string","description":"The name of the GitLab sync to create. Must be slug-friendly.","description_kind":"plain","required":true},"project_id":{"type":"string","description":"The ID of the Infisical project to create the sync in.","description_kind":"plain","required":true},"secret_path":{"type":"string","description":"The folder path to sync secrets from.","description_kind":"plain","required":true},"sync_options":{"nested_type":{"attributes":{"disable_secret_deletion":{"type":"bool","description":"When set to true, Infisical will not remove secrets from GitLab. Enable this option if you intend to manage some secrets manually outside of Infisical.","description_kind":"plain","optional":true,"computed":true},"initial_sync_behavior":{"type":"string","description":"Specify how Infisical should resolve the initial sync to the destination. Supported options: overwrite-destination","description_kind":"plain","required":true},"key_schema":{"type":"string","description":"The format to use for structuring secret keys in the GitLab destination.","description_kind":"plain","optional":true}},"nesting_mode":"single"},"description":"Parameters to modify how secrets are synced.","description_kind":"plain","required":true}},"description":"Create and manage GitLab secret syncs","description_kind":"plain"}},"infisical_secret_sync_render":{"version":0,"block":{"attributes":{"auto_sync_enabled":{"type":"bool","description":"Whether secrets should be automatically synced when changes occur at the source location or not.","description_kind":"plain","optional":true,"computed":true},"connection_id":{"type":"string","description":"The ID of the render Connection to use for syncing.","description_kind":"plain","required":true},"description":{"type":"string","description":"An optional description for the Render sync.","description_kind":"plain","optional":true},"destination_config":{"nested_type":{"attributes":{"scope":{"type":"string","description":"The Render scope that secrets should be synced to. Supported options: service","description_kind":"plain","required":true},"service_id":{"type":"string","description":"The ID of the Render service to sync secrets to.","description_kind":"plain","required":true},"type":{"type":"string","description":"The Render resource type to sync secrets to. Supported options: env, file","description_kind":"plain","required":true}},"nesting_mode":"single"},"description":"The destination configuration for the secret sync.","description_kind":"plain","required":true},"environment":{"type":"string","description":"The slug of the project environment to sync secrets from.","description_kind":"plain","required":true},"id":{"type":"string","description":"The ID of the Render secret sync","description_kind":"plain","computed":true},"name":{"type":"string","description":"The name of the Render sync to create. Must be slug-friendly.","description_kind":"plain","required":true},"project_id":{"type":"string","description":"The ID of the Infisical project to create the sync in.","description_kind":"plain","required":true},"secret_path":{"type":"string","description":"The folder path to sync secrets from.","description_kind":"plain","required":true},"sync_options":{"nested_type":{"attributes":{"disable_secret_deletion":{"type":"bool","description":"When set to true, Infisical will not remove secrets from Render. Enable this option if you intend to manage some secrets manually outside of Infisical.","description_kind":"plain","optional":true,"computed":true},"initial_sync_behavior":{"type":"string","description":"Specify how Infisical should resolve the initial sync to the destination. Supported options: overwrite-destination","description_kind":"plain","required":true},"key_schema":{"type":"string","description":"The format to use for structuring secret keys in the Render destination.","description_kind":"plain","optional":true}},"nesting_mode":"single"},"description":"Parameters to modify how secrets are synced.","description_kind":"plain","required":true}},"description":"Create and manage Render secret syncs","description_kind":"plain"}},"infisical_secret_sync_supabase":{"version":0,"block":{"attributes":{"auto_sync_enabled":{"type":"bool","description":"Whether secrets should be automatically synced when changes occur at the source location or not.","description_kind":"plain","optional":true,"computed":true},"connection_id":{"type":"string","description":"The ID of the supabase Connection to use for syncing.","description_kind":"plain","required":true},"description":{"type":"string","description":"An optional description for the Supabase sync.","description_kind":"plain","optional":true},"destination_config":{"nested_type":{"attributes":{"project_id":{"type":"string","description":"The Supabase project ID to sync secrets to.","description_kind":"plain","required":true},"project_name":{"type":"string","description":"The Supabase project name (optional).","description_kind":"plain","optional":true}},"nesting_mode":"single"},"description":"The destination configuration for the secret sync.","description_kind":"plain","required":true},"environment":{"type":"string","description":"The slug of the project environment to sync secrets from.","description_kind":"plain","required":true},"id":{"type":"string","description":"The ID of the Supabase secret sync","description_kind":"plain","computed":true},"name":{"type":"string","description":"The name of the Supabase sync to create. Must be slug-friendly.","description_kind":"plain","required":true},"project_id":{"type":"string","description":"The ID of the Infisical project to create the sync in.","description_kind":"plain","required":true},"secret_path":{"type":"string","description":"The folder path to sync secrets from.","description_kind":"plain","required":true},"sync_options":{"nested_type":{"attributes":{"disable_secret_deletion":{"type":"bool","description":"When set to true, Infisical will not remove secrets from Supabase. Enable this option if you intend to manage some secrets manually outside of Infisical.","description_kind":"plain","optional":true,"computed":true},"initial_sync_behavior":{"type":"string","description":"Specify how Infisical should resolve the initial sync to the destination. Supported options: overwrite-destination","description_kind":"plain","required":true},"key_schema":{"type":"string","description":"The format to use for structuring secret keys in the Supabase destination.","description_kind":"plain","optional":true}},"nesting_mode":"single"},"description":"Parameters to modify how secrets are synced.","description_kind":"plain","required":true}},"description":"Create and manage Supabase secret syncs","description_kind":"plain"}},"infisical_secret_tag":{"version":0,"block":{"attributes":{"color":{"type":"string","description":"Color code for the tag.","description_kind":"plain","required":true},"id":{"type":"string","description":"The ID of the role","description_kind":"plain","computed":true},"name":{"type":"string","description":"The name for the new tag","description_kind":"plain","required":true},"project_id":{"type":"string","description":"The project id associated with the secret tag","description_kind":"plain","required":true},"slug":{"type":"string","description":"The slug for the new tag","description_kind":"plain","required":true}},"description":"Create secret tag \u0026 save to Infisical.","description_kind":"plain"}}},"data_source_schemas":{"infisical_groups":{"version":0,"block":{"attributes":{"groups":{"nested_type":{"attributes":{"id":{"type":"string","description":"The ID of the group","description_kind":"plain","computed":true},"name":{"type":"string","description":"The name of the group","description_kind":"plain","computed":true},"org_id":{"type":"string","description":"The organization ID of the group","description_kind":"plain","computed":true},"role":{"type":"string","description":"The role of the group in the organization","description_kind":"plain","computed":true},"role_id":{"type":"string","description":"The role ID of the group in the organization","description_kind":"plain","computed":true}},"nesting_mode":"list"},"description":"The groups list","description_kind":"plain","computed":true}},"description":"Interact with Infisical groups in your organization.","description_kind":"plain"}},"infisical_identity_details":{"version":0,"block":{"attributes":{"organization":{"nested_type":{"attributes":{"id":{"type":"string","description":"The ID of the organization","description_kind":"plain","computed":true},"name":{"type":"string","description":"The name of the organization","description_kind":"plain","computed":true},"slug":{"type":"string","description":"The slug of the organization","description_kind":"plain","computed":true}},"nesting_mode":"single"},"description":"Organization details","description_kind":"plain","computed":true}},"description":"Interact with Infisical identity details.","description_kind":"plain"}},"infisical_projects":{"version":0,"block":{"attributes":{"auto_capitalization":{"type":"bool","description":"The auto capitalization status of the project","description_kind":"plain","computed":true},"created_at":{"type":"string","description":"The creation date of the project","description_kind":"plain","computed":true},"environments":{"nested_type":{"attributes":{"id":{"type":"string","description":"The ID of the environment","description_kind":"plain","computed":true},"name":{"type":"string","description":"The name of the environment","description_kind":"plain","computed":true},"slug":{"type":"string","description":"The slug of the environment","description_kind":"plain","computed":true}},"nesting_mode":"map"},"description_kind":"plain","computed":true},"id":{"type":"string","description":"The ID of the project","description_kind":"plain","computed":true},"name":{"type":"string","description":"The name of the project","description_kind":"plain","computed":true},"org_id":{"type":"string","description":"The ID of the organization to which the project belongs","description_kind":"plain","computed":true},"slug":{"type":"string","description":"The slug of the project to fetch","description_kind":"plain","required":true},"updated_at":{"type":"string","description":"The last update date of the project","description_kind":"plain","computed":true},"upgrade_status":{"type":"string","description":"The upgrade status of the project","description_kind":"plain","computed":true},"version":{"type":"number","description":"The version of the project","description_kind":"plain","computed":true}},"description":"Interact with Infisical projects. Only Machine Identity authentication is supported for this data source.","description_kind":"plain"}},"infisical_secret_folders":{"version":0,"block":{"attributes":{"environment_slug":{"type":"string","description":"The environment from where folder should be fetched from","description_kind":"plain","required":true},"folder_path":{"type":"string","description":"The secret path from where folders should be fetched from","description_kind":"plain","required":true},"folders":{"nested_type":{"attributes":{"id":{"type":"string","description":"The ID of the folder","description_kind":"plain","computed":true},"name":{"type":"string","description":"The name of the folder","description_kind":"plain","computed":true}},"nesting_mode":"list"},"description":"The folder list","description_kind":"plain","computed":true},"project_id":{"type":"string","description":"The ID of the project where the folder resides","description_kind":"plain","required":true}},"description":"Interact with Infisical secret folders.","description_kind":"plain"}},"infisical_secret_tag":{"version":0,"block":{"attributes":{"color":{"type":"string","description":"The color of the secret tag","description_kind":"plain","computed":true},"id":{"type":"string","description":"The ID of the secret tag","description_kind":"plain","computed":true},"name":{"type":"string","description":"The name of the secret tag","description_kind":"plain","computed":true},"project_id":{"type":"string","description":"The project id associated with the secret tag","description_kind":"plain","required":true},"slug":{"type":"string","description":"The slug of the tag to fetch","description_kind":"plain","required":true}},"description":"Interact with Infisical secretTag secret tag.","description_kind":"plain"}},"infisical_secrets":{"version":0,"block":{"attributes":{"env_slug":{"type":"string","description":"The environment from where secrets should be fetched from","description_kind":"plain","required":true},"folder_path":{"type":"string","description":"The path to the folder from where secrets should be fetched from","description_kind":"plain","required":true},"secrets":{"nested_type":{"attributes":{"comment":{"type":"string","description":"The secret comment","description_kind":"plain","computed":true},"secret_type":{"type":"string","description":"The secret type (shared or personal)","description_kind":"plain","computed":true},"value":{"type":"string","description":"The secret value","description_kind":"plain","computed":true,"sensitive":true}},"nesting_mode":"map"},"description_kind":"plain","computed":true},"workspace_id":{"type":"string","description":"The Infisical project ID (Required for Machine Identity auth, and service tokens with multiple scopes)","description_kind":"plain","optional":true,"computed":true}},"description":"Interact with Infisical secrets","description_kind":"plain"}}}}}}
